{
  "version": 4,
  "terraform_version": "1.6.5",
  "serial": 126,
  "lineage": "4904a7d0-4d2f-3ed8-4fdd-59022abeeea9",
  "outputs": {},
  "resources": [
    {
      "mode": "data",
      "type": "aws_availability_zones",
      "name": "available",
      "provider": "provider[\"registry.terraform.io/hashicorp/aws\"]",
      "instances": [
        {
          "schema_version": 0,
          "attributes": {
            "all_availability_zones": null,
            "exclude_names": null,
            "exclude_zone_ids": null,
            "filter": null,
            "group_names": [
              "eu-north-1"
            ],
            "id": "eu-north-1",
            "names": [
              "eu-north-1a",
              "eu-north-1b",
              "eu-north-1c"
            ],
            "state": "available",
            "timeouts": null,
            "zone_ids": [
              "eun1-az1",
              "eun1-az2",
              "eun1-az3"
            ]
          },
          "sensitive_attributes": []
        }
      ]
    },
    {
      "mode": "managed",
      "type": "aws_eip",
      "name": "nat_eip",
      "provider": "provider[\"registry.terraform.io/hashicorp/aws\"]",
      "instances": [
        {
          "schema_version": 0,
          "attributes": {
            "address": null,
            "allocation_id": "eipalloc-03eda1c20583df1f5",
            "associate_with_private_ip": null,
            "association_id": "eipassoc-0a5771c2c7c943481",
            "carrier_ip": "",
            "customer_owned_ip": "",
            "customer_owned_ipv4_pool": "",
            "domain": "vpc",
            "id": "eipalloc-03eda1c20583df1f5",
            "instance": "",
            "network_border_group": "eu-north-1",
            "network_interface": "eni-0fa71c9a5e11fdfe0",
            "private_dns": "ip-10-0-1-14.eu-north-1.compute.internal",
            "private_ip": "10.0.1.14",
            "public_dns": "ec2-51-20-238-50.eu-north-1.compute.amazonaws.com",
            "public_ip": "51.20.238.50",
            "public_ipv4_pool": "amazon",
            "tags": {},
            "tags_all": {},
            "timeouts": null,
            "vpc": true
          },
          "sensitive_attributes": [],
          "private": "eyJlMmJmYjczMC1lY2FhLTExZTYtOGY4OC0zNDM2M2JjN2M0YzAiOnsiZGVsZXRlIjoxODAwMDAwMDAwMDAsInJlYWQiOjkwMDAwMDAwMDAwMCwidXBkYXRlIjozMDAwMDAwMDAwMDB9fQ=="
        }
      ]
    },
    {
      "mode": "managed",
      "type": "aws_instance",
      "name": "application1",
      "provider": "provider[\"registry.terraform.io/hashicorp/aws\"]",
      "instances": [
        {
          "schema_version": 1,
          "attributes": {
            "ami": "ami-0416c18e75bd69567",
            "arn": "arn:aws:ec2:eu-north-1:065671177899:instance/i-0ddc0df3075276c65",
            "associate_public_ip_address": false,
            "availability_zone": "eu-north-1a",
            "capacity_reservation_specification": [
              {
                "capacity_reservation_preference": "open",
                "capacity_reservation_target": []
              }
            ],
            "cpu_core_count": 1,
            "cpu_options": [
              {
                "amd_sev_snp": "",
                "core_count": 1,
                "threads_per_core": 2
              }
            ],
            "cpu_threads_per_core": 2,
            "credit_specification": [
              {
                "cpu_credits": "unlimited"
              }
            ],
            "disable_api_stop": false,
            "disable_api_termination": false,
            "ebs_block_device": [],
            "ebs_optimized": false,
            "enclave_options": [
              {
                "enabled": false
              }
            ],
            "ephemeral_block_device": [],
            "get_password_data": false,
            "hibernation": false,
            "host_id": "",
            "host_resource_group_arn": null,
            "iam_instance_profile": "",
            "id": "i-0ddc0df3075276c65",
            "instance_initiated_shutdown_behavior": "stop",
            "instance_lifecycle": "",
            "instance_market_options": [],
            "instance_state": "running",
            "instance_type": "t3.micro",
            "ipv6_address_count": 0,
            "ipv6_addresses": [],
            "key_name": "tf_key",
            "launch_template": [],
            "maintenance_options": [
              {
                "auto_recovery": "default"
              }
            ],
            "metadata_options": [
              {
                "http_endpoint": "enabled",
                "http_protocol_ipv6": "disabled",
                "http_put_response_hop_limit": 2,
                "http_tokens": "required",
                "instance_metadata_tags": "disabled"
              }
            ],
            "monitoring": false,
            "network_interface": [],
            "outpost_arn": "",
            "password_data": "",
            "placement_group": "",
            "placement_partition_number": 0,
            "primary_network_interface_id": "eni-0bc555e51e6436ecc",
            "private_dns": "ip-10-0-3-73.eu-north-1.compute.internal",
            "private_dns_name_options": [
              {
                "enable_resource_name_dns_a_record": false,
                "enable_resource_name_dns_aaaa_record": false,
                "hostname_type": "ip-name"
              }
            ],
            "private_ip": "10.0.3.73",
            "public_dns": "",
            "public_ip": "",
            "root_block_device": [
              {
                "delete_on_termination": true,
                "device_name": "/dev/xvda",
                "encrypted": false,
                "iops": 3000,
                "kms_key_id": "",
                "tags": {},
                "throughput": 125,
                "volume_id": "vol-091d5fae52b84151d",
                "volume_size": 8,
                "volume_type": "gp3"
              }
            ],
            "secondary_private_ips": [],
            "security_groups": [],
            "source_dest_check": true,
            "spot_instance_request_id": "",
            "subnet_id": "subnet-0150f21c67cb99e86",
            "tags": {
              "Name": "application Host 1"
            },
            "tags_all": {
              "Name": "application Host 1"
            },
            "tenancy": "default",
            "timeouts": null,
            "user_data": null,
            "user_data_base64": null,
            "user_data_replace_on_change": false,
            "volume_tags": null,
            "vpc_security_group_ids": [
              "sg-08a8c31e1dff69dbe"
            ]
          },
          "sensitive_attributes": [],
          "private": "eyJlMmJmYjczMC1lY2FhLTExZTYtOGY4OC0zNDM2M2JjN2M0YzAiOnsiY3JlYXRlIjo2MDAwMDAwMDAwMDAsImRlbGV0ZSI6MTIwMDAwMDAwMDAwMCwidXBkYXRlIjo2MDAwMDAwMDAwMDB9LCJzY2hlbWFfdmVyc2lvbiI6IjEifQ==",
          "dependencies": [
            "aws_key_pair.tf-public-key",
            "aws_security_group.allow_ssh_3000",
            "aws_subnet.pri-sub-1",
            "aws_vpc.main",
            "data.aws_availability_zones.available",
            "tls_private_key.key_genrator"
          ]
        }
      ]
    },
    {
      "mode": "managed",
      "type": "aws_instance",
      "name": "application2",
      "provider": "provider[\"registry.terraform.io/hashicorp/aws\"]",
      "instances": [
        {
          "schema_version": 1,
          "attributes": {
            "ami": "ami-0416c18e75bd69567",
            "arn": "arn:aws:ec2:eu-north-1:065671177899:instance/i-03662e82fe729693d",
            "associate_public_ip_address": false,
            "availability_zone": "eu-north-1b",
            "capacity_reservation_specification": [
              {
                "capacity_reservation_preference": "open",
                "capacity_reservation_target": []
              }
            ],
            "cpu_core_count": 1,
            "cpu_options": [
              {
                "amd_sev_snp": "",
                "core_count": 1,
                "threads_per_core": 2
              }
            ],
            "cpu_threads_per_core": 2,
            "credit_specification": [
              {
                "cpu_credits": "unlimited"
              }
            ],
            "disable_api_stop": false,
            "disable_api_termination": false,
            "ebs_block_device": [],
            "ebs_optimized": false,
            "enclave_options": [
              {
                "enabled": false
              }
            ],
            "ephemeral_block_device": [],
            "get_password_data": false,
            "hibernation": false,
            "host_id": "",
            "host_resource_group_arn": null,
            "iam_instance_profile": "",
            "id": "i-03662e82fe729693d",
            "instance_initiated_shutdown_behavior": "stop",
            "instance_lifecycle": "",
            "instance_market_options": [],
            "instance_state": "running",
            "instance_type": "t3.micro",
            "ipv6_address_count": 0,
            "ipv6_addresses": [],
            "key_name": "tf_key",
            "launch_template": [],
            "maintenance_options": [
              {
                "auto_recovery": "default"
              }
            ],
            "metadata_options": [
              {
                "http_endpoint": "enabled",
                "http_protocol_ipv6": "disabled",
                "http_put_response_hop_limit": 2,
                "http_tokens": "required",
                "instance_metadata_tags": "disabled"
              }
            ],
            "monitoring": false,
            "network_interface": [],
            "outpost_arn": "",
            "password_data": "",
            "placement_group": "",
            "placement_partition_number": 0,
            "primary_network_interface_id": "eni-0deb8125296b5df75",
            "private_dns": "ip-10-0-4-61.eu-north-1.compute.internal",
            "private_dns_name_options": [
              {
                "enable_resource_name_dns_a_record": false,
                "enable_resource_name_dns_aaaa_record": false,
                "hostname_type": "ip-name"
              }
            ],
            "private_ip": "10.0.4.61",
            "public_dns": "",
            "public_ip": "",
            "root_block_device": [
              {
                "delete_on_termination": true,
                "device_name": "/dev/xvda",
                "encrypted": false,
                "iops": 3000,
                "kms_key_id": "",
                "tags": {},
                "throughput": 125,
                "volume_id": "vol-0f57e723c64e4821e",
                "volume_size": 8,
                "volume_type": "gp3"
              }
            ],
            "secondary_private_ips": [],
            "security_groups": [],
            "source_dest_check": true,
            "spot_instance_request_id": "",
            "subnet_id": "subnet-0a9555fa8ef796e53",
            "tags": {
              "Name": "application Host 2"
            },
            "tags_all": {
              "Name": "application Host 2"
            },
            "tenancy": "default",
            "timeouts": null,
            "user_data": null,
            "user_data_base64": null,
            "user_data_replace_on_change": false,
            "volume_tags": null,
            "vpc_security_group_ids": [
              "sg-08a8c31e1dff69dbe"
            ]
          },
          "sensitive_attributes": [],
          "private": "eyJlMmJmYjczMC1lY2FhLTExZTYtOGY4OC0zNDM2M2JjN2M0YzAiOnsiY3JlYXRlIjo2MDAwMDAwMDAwMDAsImRlbGV0ZSI6MTIwMDAwMDAwMDAwMCwidXBkYXRlIjo2MDAwMDAwMDAwMDB9LCJzY2hlbWFfdmVyc2lvbiI6IjEifQ==",
          "dependencies": [
            "aws_key_pair.tf-public-key",
            "aws_security_group.allow_ssh_3000",
            "aws_subnet.pri-sub-2",
            "aws_vpc.main",
            "data.aws_availability_zones.available",
            "tls_private_key.key_genrator"
          ]
        }
      ]
    },
    {
      "mode": "managed",
      "type": "aws_instance",
      "name": "bastion1",
      "provider": "provider[\"registry.terraform.io/hashicorp/aws\"]",
      "instances": [
        {
          "schema_version": 1,
          "attributes": {
            "ami": "ami-0416c18e75bd69567",
            "arn": "arn:aws:ec2:eu-north-1:065671177899:instance/i-0a5a291d23463b316",
            "associate_public_ip_address": true,
            "availability_zone": "eu-north-1a",
            "capacity_reservation_specification": [
              {
                "capacity_reservation_preference": "open",
                "capacity_reservation_target": []
              }
            ],
            "cpu_core_count": 1,
            "cpu_options": [
              {
                "amd_sev_snp": "",
                "core_count": 1,
                "threads_per_core": 2
              }
            ],
            "cpu_threads_per_core": 2,
            "credit_specification": [
              {
                "cpu_credits": "unlimited"
              }
            ],
            "disable_api_stop": false,
            "disable_api_termination": false,
            "ebs_block_device": [],
            "ebs_optimized": false,
            "enclave_options": [
              {
                "enabled": false
              }
            ],
            "ephemeral_block_device": [],
            "get_password_data": false,
            "hibernation": false,
            "host_id": "",
            "host_resource_group_arn": null,
            "iam_instance_profile": "",
            "id": "i-0a5a291d23463b316",
            "instance_initiated_shutdown_behavior": "stop",
            "instance_lifecycle": "",
            "instance_market_options": [],
            "instance_state": "running",
            "instance_type": "t3.micro",
            "ipv6_address_count": 0,
            "ipv6_addresses": [],
            "key_name": "tf_key",
            "launch_template": [],
            "maintenance_options": [
              {
                "auto_recovery": "default"
              }
            ],
            "metadata_options": [
              {
                "http_endpoint": "enabled",
                "http_protocol_ipv6": "disabled",
                "http_put_response_hop_limit": 2,
                "http_tokens": "required",
                "instance_metadata_tags": "disabled"
              }
            ],
            "monitoring": false,
            "network_interface": [],
            "outpost_arn": "",
            "password_data": "",
            "placement_group": "",
            "placement_partition_number": 0,
            "primary_network_interface_id": "eni-0385587f007de9d5b",
            "private_dns": "ip-10-0-1-138.eu-north-1.compute.internal",
            "private_dns_name_options": [
              {
                "enable_resource_name_dns_a_record": false,
                "enable_resource_name_dns_aaaa_record": false,
                "hostname_type": "ip-name"
              }
            ],
            "private_ip": "10.0.1.138",
            "public_dns": "ec2-51-20-94-7.eu-north-1.compute.amazonaws.com",
            "public_ip": "51.20.94.7",
            "root_block_device": [
              {
                "delete_on_termination": true,
                "device_name": "/dev/xvda",
                "encrypted": false,
                "iops": 3000,
                "kms_key_id": "",
                "tags": {},
                "throughput": 125,
                "volume_id": "vol-0bcfcaa2ce15626d6",
                "volume_size": 8,
                "volume_type": "gp3"
              }
            ],
            "secondary_private_ips": [],
            "security_groups": [],
            "source_dest_check": true,
            "spot_instance_request_id": "",
            "subnet_id": "subnet-0d3206b15ba3b659e",
            "tags": {
              "Name": "Bastion Host 1"
            },
            "tags_all": {
              "Name": "Bastion Host 1"
            },
            "tenancy": "default",
            "timeouts": null,
            "user_data": null,
            "user_data_base64": null,
            "user_data_replace_on_change": false,
            "volume_tags": null,
            "vpc_security_group_ids": [
              "sg-0d2a720f738d38924"
            ]
          },
          "sensitive_attributes": [],
          "private": "eyJlMmJmYjczMC1lY2FhLTExZTYtOGY4OC0zNDM2M2JjN2M0YzAiOnsiY3JlYXRlIjo2MDAwMDAwMDAwMDAsImRlbGV0ZSI6MTIwMDAwMDAwMDAwMCwidXBkYXRlIjo2MDAwMDAwMDAwMDB9LCJzY2hlbWFfdmVyc2lvbiI6IjEifQ==",
          "dependencies": [
            "aws_key_pair.tf-public-key",
            "aws_security_group.allow_ssh",
            "aws_subnet.pub-sub-1",
            "aws_vpc.main",
            "data.aws_availability_zones.available",
            "tls_private_key.key_genrator"
          ]
        }
      ]
    },
    {
      "mode": "managed",
      "type": "aws_instance",
      "name": "bastion2",
      "provider": "provider[\"registry.terraform.io/hashicorp/aws\"]",
      "instances": [
        {
          "schema_version": 1,
          "attributes": {
            "ami": "ami-0416c18e75bd69567",
            "arn": "arn:aws:ec2:eu-north-1:065671177899:instance/i-0c8e9d280f66e378e",
            "associate_public_ip_address": true,
            "availability_zone": "eu-north-1b",
            "capacity_reservation_specification": [
              {
                "capacity_reservation_preference": "open",
                "capacity_reservation_target": []
              }
            ],
            "cpu_core_count": 1,
            "cpu_options": [
              {
                "amd_sev_snp": "",
                "core_count": 1,
                "threads_per_core": 2
              }
            ],
            "cpu_threads_per_core": 2,
            "credit_specification": [
              {
                "cpu_credits": "unlimited"
              }
            ],
            "disable_api_stop": false,
            "disable_api_termination": false,
            "ebs_block_device": [],
            "ebs_optimized": false,
            "enclave_options": [
              {
                "enabled": false
              }
            ],
            "ephemeral_block_device": [],
            "get_password_data": false,
            "hibernation": false,
            "host_id": "",
            "host_resource_group_arn": null,
            "iam_instance_profile": "",
            "id": "i-0c8e9d280f66e378e",
            "instance_initiated_shutdown_behavior": "stop",
            "instance_lifecycle": "",
            "instance_market_options": [],
            "instance_state": "running",
            "instance_type": "t3.micro",
            "ipv6_address_count": 0,
            "ipv6_addresses": [],
            "key_name": "tf_key",
            "launch_template": [],
            "maintenance_options": [
              {
                "auto_recovery": "default"
              }
            ],
            "metadata_options": [
              {
                "http_endpoint": "enabled",
                "http_protocol_ipv6": "disabled",
                "http_put_response_hop_limit": 2,
                "http_tokens": "required",
                "instance_metadata_tags": "disabled"
              }
            ],
            "monitoring": false,
            "network_interface": [],
            "outpost_arn": "",
            "password_data": "",
            "placement_group": "",
            "placement_partition_number": 0,
            "primary_network_interface_id": "eni-0ed44efbd84c993d8",
            "private_dns": "ip-10-0-2-203.eu-north-1.compute.internal",
            "private_dns_name_options": [
              {
                "enable_resource_name_dns_a_record": false,
                "enable_resource_name_dns_aaaa_record": false,
                "hostname_type": "ip-name"
              }
            ],
            "private_ip": "10.0.2.203",
            "public_dns": "ec2-16-171-129-218.eu-north-1.compute.amazonaws.com",
            "public_ip": "16.171.129.218",
            "root_block_device": [
              {
                "delete_on_termination": true,
                "device_name": "/dev/xvda",
                "encrypted": false,
                "iops": 3000,
                "kms_key_id": "",
                "tags": {},
                "throughput": 125,
                "volume_id": "vol-0eabf3f2c12cbb9d7",
                "volume_size": 8,
                "volume_type": "gp3"
              }
            ],
            "secondary_private_ips": [],
            "security_groups": [],
            "source_dest_check": true,
            "spot_instance_request_id": "",
            "subnet_id": "subnet-0abad7c3bfc3b2766",
            "tags": {
              "Name": "Bastion Host 2"
            },
            "tags_all": {
              "Name": "Bastion Host 2"
            },
            "tenancy": "default",
            "timeouts": null,
            "user_data": null,
            "user_data_base64": null,
            "user_data_replace_on_change": false,
            "volume_tags": null,
            "vpc_security_group_ids": [
              "sg-0d2a720f738d38924"
            ]
          },
          "sensitive_attributes": [],
          "private": "eyJlMmJmYjczMC1lY2FhLTExZTYtOGY4OC0zNDM2M2JjN2M0YzAiOnsiY3JlYXRlIjo2MDAwMDAwMDAwMDAsImRlbGV0ZSI6MTIwMDAwMDAwMDAwMCwidXBkYXRlIjo2MDAwMDAwMDAwMDB9LCJzY2hlbWFfdmVyc2lvbiI6IjEifQ==",
          "dependencies": [
            "aws_key_pair.tf-public-key",
            "aws_security_group.allow_ssh",
            "aws_subnet.pub-sub-2",
            "aws_vpc.main",
            "data.aws_availability_zones.available",
            "tls_private_key.key_genrator"
          ]
        }
      ]
    },
    {
      "mode": "managed",
      "type": "aws_internet_gateway",
      "name": "gw",
      "provider": "provider[\"registry.terraform.io/hashicorp/aws\"]",
      "instances": [
        {
          "schema_version": 0,
          "attributes": {
            "arn": "arn:aws:ec2:eu-north-1:065671177899:internet-gateway/igw-0c2231c98ca214ae4",
            "id": "igw-0c2231c98ca214ae4",
            "owner_id": "065671177899",
            "tags": {
              "Name": "main-gw"
            },
            "tags_all": {
              "Name": "main-gw"
            },
            "timeouts": null,
            "vpc_id": "vpc-0f8940d5c00229daa"
          },
          "sensitive_attributes": [],
          "private": "eyJlMmJmYjczMC1lY2FhLTExZTYtOGY4OC0zNDM2M2JjN2M0YzAiOnsiY3JlYXRlIjoxMjAwMDAwMDAwMDAwLCJkZWxldGUiOjEyMDAwMDAwMDAwMDAsInVwZGF0ZSI6MTIwMDAwMDAwMDAwMH19",
          "dependencies": [
            "aws_vpc.main"
          ]
        }
      ]
    },
    {
      "mode": "managed",
      "type": "aws_key_pair",
      "name": "tf-public-key",
      "provider": "provider[\"registry.terraform.io/hashicorp/aws\"]",
      "instances": [
        {
          "schema_version": 1,
          "attributes": {
            "arn": "arn:aws:ec2:eu-north-1:065671177899:key-pair/tf_key",
            "fingerprint": "54:48:27:c3:22:e4:79:f9:97:b3:26:89:2d:33:ae:de",
            "id": "tf_key",
            "key_name": "tf_key",
            "key_name_prefix": "",
            "key_pair_id": "key-0f30296049edc9ccc",
            "key_type": "rsa",
            "public_key": "ssh-rsa AAAAB3NzaC1yc2EAAAADAQABAAABAQDgaZO/8Nw8Y00ABvNgW7KWLTNZDyRt1nN7cs4R/tlrzkezZqJ1HRIWVatWNW+Y1ACZ/uXQs1Cr+bQ/IH13lbK1W9aRuOk+pvGHBcC0OK8mYBtC0hemUVVt9JWDLwGTdf3YB8X2lejtCg/wFjFHPYeNQx7EholOXh5Rzd0UhJ1SKlxA0BisK6iQjEb+rSYuSvlNJOu6GPEV3F7kbqNPxuHby4kapVgtkBIMbVB1ewMOb6EbSbKFPQbEiREnr+yOoZJ0ryP8TfqZj71KOVsGxr6IrXUTOHiz2phsG/ty6zFFHnhs1FJGNk3UZZfhTyHCgZHMxS2pOv1epg/zCZ+ZFtLZ",
            "tags": {},
            "tags_all": {}
          },
          "sensitive_attributes": [],
          "private": "eyJzY2hlbWFfdmVyc2lvbiI6IjEifQ==",
          "dependencies": [
            "tls_private_key.key_genrator"
          ]
        }
      ]
    },
    {
      "mode": "managed",
      "type": "aws_nat_gateway",
      "name": "nat",
      "provider": "provider[\"registry.terraform.io/hashicorp/aws\"]",
      "instances": [
        {
          "schema_version": 0,
          "attributes": {
            "allocation_id": "eipalloc-03eda1c20583df1f5",
            "association_id": "eipassoc-0a5771c2c7c943481",
            "connectivity_type": "public",
            "id": "nat-0d24079cc8be8f9f5",
            "network_interface_id": "eni-0fa71c9a5e11fdfe0",
            "private_ip": "10.0.1.14",
            "public_ip": "51.20.238.50",
            "secondary_allocation_ids": [],
            "secondary_private_ip_address_count": 0,
            "secondary_private_ip_addresses": [],
            "subnet_id": "subnet-0d3206b15ba3b659e",
            "tags": {
              "Name": "gw NAT"
            },
            "tags_all": {
              "Name": "gw NAT"
            },
            "timeouts": null
          },
          "sensitive_attributes": [],
          "private": "eyJlMmJmYjczMC1lY2FhLTExZTYtOGY4OC0zNDM2M2JjN2M0YzAiOnsiY3JlYXRlIjo2MDAwMDAwMDAwMDAsImRlbGV0ZSI6MTgwMDAwMDAwMDAwMCwidXBkYXRlIjo2MDAwMDAwMDAwMDB9fQ==",
          "dependencies": [
            "aws_eip.nat_eip",
            "aws_internet_gateway.gw",
            "aws_subnet.pub-sub-1",
            "aws_vpc.main",
            "data.aws_availability_zones.available"
          ]
        }
      ]
    },
    {
      "mode": "managed",
      "type": "aws_route_table",
      "name": "rt",
      "provider": "provider[\"registry.terraform.io/hashicorp/aws\"]",
      "instances": [
        {
          "schema_version": 0,
          "attributes": {
            "arn": "arn:aws:ec2:eu-north-1:065671177899:route-table/rtb-0bc1541b2e68cb69f",
            "id": "rtb-0bc1541b2e68cb69f",
            "owner_id": "065671177899",
            "propagating_vgws": [],
            "route": [
              {
                "carrier_gateway_id": "",
                "cidr_block": "0.0.0.0/0",
                "core_network_arn": "",
                "destination_prefix_list_id": "",
                "egress_only_gateway_id": "",
                "gateway_id": "igw-0c2231c98ca214ae4",
                "ipv6_cidr_block": "",
                "local_gateway_id": "",
                "nat_gateway_id": "",
                "network_interface_id": "",
                "transit_gateway_id": "",
                "vpc_endpoint_id": "",
                "vpc_peering_connection_id": ""
              }
            ],
            "tags": {
              "Name": "rt-route"
            },
            "tags_all": {
              "Name": "rt-route"
            },
            "timeouts": null,
            "vpc_id": "vpc-0f8940d5c00229daa"
          },
          "sensitive_attributes": [],
          "private": "eyJlMmJmYjczMC1lY2FhLTExZTYtOGY4OC0zNDM2M2JjN2M0YzAiOnsiY3JlYXRlIjozMDAwMDAwMDAwMDAsImRlbGV0ZSI6MzAwMDAwMDAwMDAwLCJ1cGRhdGUiOjEyMDAwMDAwMDAwMH19",
          "dependencies": [
            "aws_internet_gateway.gw",
            "aws_vpc.main"
          ]
        }
      ]
    },
    {
      "mode": "managed",
      "type": "aws_route_table_association",
      "name": "a",
      "provider": "provider[\"registry.terraform.io/hashicorp/aws\"]",
      "instances": [
        {
          "schema_version": 0,
          "attributes": {
            "gateway_id": "",
            "id": "rtbassoc-01896882b28c5c46f",
            "route_table_id": "rtb-0bc1541b2e68cb69f",
            "subnet_id": "subnet-0d3206b15ba3b659e",
            "timeouts": null
          },
          "sensitive_attributes": [],
          "private": "eyJlMmJmYjczMC1lY2FhLTExZTYtOGY4OC0zNDM2M2JjN2M0YzAiOnsiY3JlYXRlIjozMDAwMDAwMDAwMDAsImRlbGV0ZSI6MzAwMDAwMDAwMDAwLCJ1cGRhdGUiOjEyMDAwMDAwMDAwMH19",
          "dependencies": [
            "aws_internet_gateway.gw",
            "aws_route_table.rt",
            "aws_subnet.pub-sub-1",
            "aws_vpc.main",
            "data.aws_availability_zones.available"
          ]
        }
      ]
    },
    {
      "mode": "managed",
      "type": "aws_route_table_association",
      "name": "b",
      "provider": "provider[\"registry.terraform.io/hashicorp/aws\"]",
      "instances": [
        {
          "schema_version": 0,
          "attributes": {
            "gateway_id": "",
            "id": "rtbassoc-0f3c16bb76ccb27cd",
            "route_table_id": "rtb-0bc1541b2e68cb69f",
            "subnet_id": "subnet-0abad7c3bfc3b2766",
            "timeouts": null
          },
          "sensitive_attributes": [],
          "private": "eyJlMmJmYjczMC1lY2FhLTExZTYtOGY4OC0zNDM2M2JjN2M0YzAiOnsiY3JlYXRlIjozMDAwMDAwMDAwMDAsImRlbGV0ZSI6MzAwMDAwMDAwMDAwLCJ1cGRhdGUiOjEyMDAwMDAwMDAwMH19",
          "dependencies": [
            "aws_internet_gateway.gw",
            "aws_route_table.rt",
            "aws_subnet.pub-sub-2",
            "aws_vpc.main",
            "data.aws_availability_zones.available"
          ]
        }
      ]
    },
    {
      "mode": "managed",
      "type": "aws_secretsmanager_secret",
      "name": "secret-key",
      "provider": "provider[\"registry.terraform.io/hashicorp/aws\"]",
      "instances": [
        {
          "schema_version": 0,
          "attributes": {
            "arn": "arn:aws:secretsmanager:eu-north-1:065671177899:secret:secret-key-3ZzbuQ",
            "description": "",
            "force_overwrite_replica_secret": false,
            "id": "arn:aws:secretsmanager:eu-north-1:065671177899:secret:secret-key-3ZzbuQ",
            "kms_key_id": "",
            "name": "secret-key",
            "name_prefix": "",
            "policy": "",
            "recovery_window_in_days": 0,
            "replica": [],
            "tags": {},
            "tags_all": {}
          },
          "sensitive_attributes": [],
          "private": "bnVsbA=="
        }
      ]
    },
    {
      "mode": "managed",
      "type": "aws_secretsmanager_secret_version",
      "name": "smv",
      "provider": "provider[\"registry.terraform.io/hashicorp/aws\"]",
      "instances": [
        {
          "schema_version": 0,
          "attributes": {
            "arn": "arn:aws:secretsmanager:eu-north-1:065671177899:secret:secret-key-3ZzbuQ",
            "id": "arn:aws:secretsmanager:eu-north-1:065671177899:secret:secret-key-3ZzbuQ|6C01D55B-A0F0-420A-A1A2-37072AC97CD5",
            "secret_binary": "",
            "secret_id": "arn:aws:secretsmanager:eu-north-1:065671177899:secret:secret-key-3ZzbuQ",
            "secret_string": "-----BEGIN RSA PRIVATE KEY-----\nMIIEowIBAAKCAQEA4GmTv/DcPGNNAAbzYFuyli0zWQ8kbdZze3LOEf7Za85Hs2ai\ndR0SFlWrVjVvmNQAmf7l0LNQq/m0PyB9d5WytVvWkbjpPqbxhwXAtDivJmAbQtIX\nplFVbfSVgy8Bk3X92AfF9pXo7QoP8BYxRz2HjUMexIaJTl4eUc3dFISdUipcQNAY\nrCuokIxG/q0mLkr5TSTruhjxFdxe5G6jT8bh28uJGqVYLZASDG1QdXsDDm+hG0my\nhT0GxIkRJ6/sjqGSdK8j/E36mY+9SjlbBsa+iK11Ezh4s9qYbBv7cusxRR54bNRS\nRjZN1GWX4U8hwoGRzMUtqTr9XqYP8wmfmRbS2QIDAQABAoIBADWV4Drn557f00Yb\nYsfyfW1Qs78jV36Gw6KJol03rnEIm6Rh8I7odyYwJK58Kf6jONWMwRGZj7zQ7lJY\njr0cWMTnfg/jyIY2VNv56q7eDiyqrDfDdPQ43Z5Y1c6yTb0JYqjQClw8JZdcXLvm\ngLPTJGf9y/3/Zg/5d2HvN0gr9mjk1AdJlJKWlHRKGRr5m3DHlXJVD/QlEX75BKlR\nI6sgvKpxedEbSeeMnXNna2F4T5Yzl0RTuiZfvfcSiQW8IP++PbQv1pgJC3padJyB\nu4ATFfp9O6FZqPOLbvpumAVEO19dCaPCUtPBcJ5so1WhQg036ydGbU8ObGDTrNnk\nnxdIyGUCgYEA9x+8yqvwjSYocdK1jgwWkqdW8l0YZIXkUuc2qEPpNluRn7Pq0DMS\nWtjsg5gO7kqYyfhwE020V4ZZxIp6jPc9m9142ju4+7mTrb95kZJqVOEDio8Eq+Ca\nd3xvIWXiKxXozupkVJ8Wz/LfKxZRenx+aal4w1KnFJeA6pD//amob6MCgYEA6HkC\nwHYPtNCbhzh0JNinoRELhyA6g7H4emfyfQeSv+nvV/58+PjMMGuM/bsOp5gG+hR8\nshwaE5+9q0MZ8aU+Fcvg9rup9ZObKu1nZlsLUid43scOakan8yqS+yF+/m/aaYy2\nIMpW3EHseb6ptHNxACMkSzto+fu87c11Z7MA61MCgYAqV4DEhRNRS/FwFzdOYFnZ\nxNxL6JGOX7aQUdd2mzQxQR1BbNVV2PpTIIndvkcIozVsnamuVQkKWhW1bDi1QIOI\n2jijw8ndL53TDlSpEZowcuFlcz3MqU4uHN75rPhEg5uBIH4SVbPV63o7araJMx2B\nwyzS4q2IBLFs/20tLE2U2wKBgQDBkSkaafOQAfbOc9I5b/C76z5nCA3Q5FpaSb0e\nIDUv+TCiWzNh93/FfXgLOTrtj2eXyYE+qKmJ14ONW7T5gTad3YH2z7Gn2nzkFIL5\nNivJ/zXkgWheU3C6x6NU2cItR6NcKZ7o1LHYekfV40zZBRp9G8W3osM5C0R32ZC9\nhM3qIwKBgGCzd1GmM0lVebLx/mrC+qunf1D12RK92USksALUErOPswY5T5I8qRzV\n1057IoSb4BLi0H+D6S89IYrSZwzHOkB16MOrZNga6QMz/mkmKLiZMCnUrWZcnU50\nCMp9EttP53+valCSjxDNVmeWsSg7fJD0LFuOODoTHUCtv56JxpQz\n-----END RSA PRIVATE KEY-----\n",
            "version_id": "6C01D55B-A0F0-420A-A1A2-37072AC97CD5",
            "version_stages": [
              "AWSCURRENT"
            ]
          },
          "sensitive_attributes": [
            [
              {
                "type": "get_attr",
                "value": "secret_string"
              }
            ]
          ],
          "private": "bnVsbA==",
          "dependencies": [
            "aws_secretsmanager_secret.secret-key",
            "tls_private_key.key_genrator"
          ]
        }
      ]
    },
    {
      "mode": "managed",
      "type": "aws_security_group",
      "name": "allow_ssh",
      "provider": "provider[\"registry.terraform.io/hashicorp/aws\"]",
      "instances": [
        {
          "schema_version": 1,
          "attributes": {
            "arn": "arn:aws:ec2:eu-north-1:065671177899:security-group/sg-0d2a720f738d38924",
            "description": "Allow ssh inbound traffic",
            "egress": [
              {
                "cidr_blocks": [
                  "0.0.0.0/0"
                ],
                "description": "",
                "from_port": 0,
                "ipv6_cidr_blocks": [],
                "prefix_list_ids": [],
                "protocol": "-1",
                "security_groups": [],
                "self": false,
                "to_port": 0
              }
            ],
            "id": "sg-0d2a720f738d38924",
            "ingress": [
              {
                "cidr_blocks": [
                  "0.0.0.0/0"
                ],
                "description": "ssh from VPC",
                "from_port": 22,
                "ipv6_cidr_blocks": [],
                "prefix_list_ids": [],
                "protocol": "tcp",
                "security_groups": [],
                "self": false,
                "to_port": 22
              }
            ],
            "name": "allow_ssh",
            "name_prefix": "",
            "owner_id": "065671177899",
            "revoke_rules_on_delete": false,
            "tags": {
              "Name": "allow_ssh"
            },
            "tags_all": {
              "Name": "allow_ssh"
            },
            "timeouts": null,
            "vpc_id": "vpc-0f8940d5c00229daa"
          },
          "sensitive_attributes": [],
          "private": "eyJlMmJmYjczMC1lY2FhLTExZTYtOGY4OC0zNDM2M2JjN2M0YzAiOnsiY3JlYXRlIjo2MDAwMDAwMDAwMDAsImRlbGV0ZSI6OTAwMDAwMDAwMDAwfSwic2NoZW1hX3ZlcnNpb24iOiIxIn0=",
          "dependencies": [
            "aws_vpc.main"
          ]
        }
      ]
    },
    {
      "mode": "managed",
      "type": "aws_security_group",
      "name": "allow_ssh_3000",
      "provider": "provider[\"registry.terraform.io/hashicorp/aws\"]",
      "instances": [
        {
          "schema_version": 1,
          "attributes": {
            "arn": "arn:aws:ec2:eu-north-1:065671177899:security-group/sg-08a8c31e1dff69dbe",
            "description": "allow ssh 3000 inbound traffic",
            "egress": [],
            "id": "sg-08a8c31e1dff69dbe",
            "ingress": [
              {
                "cidr_blocks": [
                  "10.0.0.0/16"
                ],
                "description": "allow 3000 from VPC",
                "from_port": 3000,
                "ipv6_cidr_blocks": [],
                "prefix_list_ids": [],
                "protocol": "tcp",
                "security_groups": [],
                "self": false,
                "to_port": 3000
              },
              {
                "cidr_blocks": [
                  "10.0.0.0/16"
                ],
                "description": "allow ssh from VPC",
                "from_port": 22,
                "ipv6_cidr_blocks": [],
                "prefix_list_ids": [],
                "protocol": "tcp",
                "security_groups": [],
                "self": false,
                "to_port": 22
              }
            ],
            "name": "allow_ssh_3000",
            "name_prefix": "",
            "owner_id": "065671177899",
            "revoke_rules_on_delete": false,
            "tags": {
              "Name": "allow_ssh_3000"
            },
            "tags_all": {
              "Name": "allow_ssh_3000"
            },
            "timeouts": null,
            "vpc_id": "vpc-0f8940d5c00229daa"
          },
          "sensitive_attributes": [],
          "private": "eyJlMmJmYjczMC1lY2FhLTExZTYtOGY4OC0zNDM2M2JjN2M0YzAiOnsiY3JlYXRlIjo2MDAwMDAwMDAwMDAsImRlbGV0ZSI6OTAwMDAwMDAwMDAwfSwic2NoZW1hX3ZlcnNpb24iOiIxIn0=",
          "dependencies": [
            "aws_vpc.main"
          ]
        }
      ]
    },
    {
      "mode": "managed",
      "type": "aws_subnet",
      "name": "pri-sub-1",
      "provider": "provider[\"registry.terraform.io/hashicorp/aws\"]",
      "instances": [
        {
          "schema_version": 1,
          "attributes": {
            "arn": "arn:aws:ec2:eu-north-1:065671177899:subnet/subnet-0150f21c67cb99e86",
            "assign_ipv6_address_on_creation": false,
            "availability_zone": "eu-north-1a",
            "availability_zone_id": "eun1-az1",
            "cidr_block": "10.0.3.0/24",
            "customer_owned_ipv4_pool": "",
            "enable_dns64": false,
            "enable_lni_at_device_index": 0,
            "enable_resource_name_dns_a_record_on_launch": false,
            "enable_resource_name_dns_aaaa_record_on_launch": false,
            "id": "subnet-0150f21c67cb99e86",
            "ipv6_cidr_block": "",
            "ipv6_cidr_block_association_id": "",
            "ipv6_native": false,
            "map_customer_owned_ip_on_launch": false,
            "map_public_ip_on_launch": false,
            "outpost_arn": "",
            "owner_id": "065671177899",
            "private_dns_hostname_type_on_launch": "ip-name",
            "tags": {
              "Name": "pri-sub-1"
            },
            "tags_all": {
              "Name": "pri-sub-1"
            },
            "timeouts": null,
            "vpc_id": "vpc-0f8940d5c00229daa"
          },
          "sensitive_attributes": [],
          "private": "eyJlMmJmYjczMC1lY2FhLTExZTYtOGY4OC0zNDM2M2JjN2M0YzAiOnsiY3JlYXRlIjo2MDAwMDAwMDAwMDAsImRlbGV0ZSI6MTIwMDAwMDAwMDAwMH0sInNjaGVtYV92ZXJzaW9uIjoiMSJ9",
          "dependencies": [
            "aws_vpc.main",
            "data.aws_availability_zones.available"
          ]
        }
      ]
    },
    {
      "mode": "managed",
      "type": "aws_subnet",
      "name": "pri-sub-2",
      "provider": "provider[\"registry.terraform.io/hashicorp/aws\"]",
      "instances": [
        {
          "schema_version": 1,
          "attributes": {
            "arn": "arn:aws:ec2:eu-north-1:065671177899:subnet/subnet-0a9555fa8ef796e53",
            "assign_ipv6_address_on_creation": false,
            "availability_zone": "eu-north-1b",
            "availability_zone_id": "eun1-az2",
            "cidr_block": "10.0.4.0/24",
            "customer_owned_ipv4_pool": "",
            "enable_dns64": false,
            "enable_lni_at_device_index": 0,
            "enable_resource_name_dns_a_record_on_launch": false,
            "enable_resource_name_dns_aaaa_record_on_launch": false,
            "id": "subnet-0a9555fa8ef796e53",
            "ipv6_cidr_block": "",
            "ipv6_cidr_block_association_id": "",
            "ipv6_native": false,
            "map_customer_owned_ip_on_launch": false,
            "map_public_ip_on_launch": false,
            "outpost_arn": "",
            "owner_id": "065671177899",
            "private_dns_hostname_type_on_launch": "ip-name",
            "tags": {
              "Name": "pri-sub-1"
            },
            "tags_all": {
              "Name": "pri-sub-1"
            },
            "timeouts": null,
            "vpc_id": "vpc-0f8940d5c00229daa"
          },
          "sensitive_attributes": [],
          "private": "eyJlMmJmYjczMC1lY2FhLTExZTYtOGY4OC0zNDM2M2JjN2M0YzAiOnsiY3JlYXRlIjo2MDAwMDAwMDAwMDAsImRlbGV0ZSI6MTIwMDAwMDAwMDAwMH0sInNjaGVtYV92ZXJzaW9uIjoiMSJ9",
          "dependencies": [
            "aws_vpc.main",
            "data.aws_availability_zones.available"
          ]
        }
      ]
    },
    {
      "mode": "managed",
      "type": "aws_subnet",
      "name": "pub-sub-1",
      "provider": "provider[\"registry.terraform.io/hashicorp/aws\"]",
      "instances": [
        {
          "schema_version": 1,
          "attributes": {
            "arn": "arn:aws:ec2:eu-north-1:065671177899:subnet/subnet-0d3206b15ba3b659e",
            "assign_ipv6_address_on_creation": false,
            "availability_zone": "eu-north-1a",
            "availability_zone_id": "eun1-az1",
            "cidr_block": "10.0.1.0/24",
            "customer_owned_ipv4_pool": "",
            "enable_dns64": false,
            "enable_lni_at_device_index": 0,
            "enable_resource_name_dns_a_record_on_launch": false,
            "enable_resource_name_dns_aaaa_record_on_launch": false,
            "id": "subnet-0d3206b15ba3b659e",
            "ipv6_cidr_block": "",
            "ipv6_cidr_block_association_id": "",
            "ipv6_native": false,
            "map_customer_owned_ip_on_launch": false,
            "map_public_ip_on_launch": false,
            "outpost_arn": "",
            "owner_id": "065671177899",
            "private_dns_hostname_type_on_launch": "ip-name",
            "tags": {
              "Name": "pub-sub-1"
            },
            "tags_all": {
              "Name": "pub-sub-1"
            },
            "timeouts": null,
            "vpc_id": "vpc-0f8940d5c00229daa"
          },
          "sensitive_attributes": [],
          "private": "eyJlMmJmYjczMC1lY2FhLTExZTYtOGY4OC0zNDM2M2JjN2M0YzAiOnsiY3JlYXRlIjo2MDAwMDAwMDAwMDAsImRlbGV0ZSI6MTIwMDAwMDAwMDAwMH0sInNjaGVtYV92ZXJzaW9uIjoiMSJ9",
          "dependencies": [
            "aws_vpc.main",
            "data.aws_availability_zones.available"
          ]
        }
      ]
    },
    {
      "mode": "managed",
      "type": "aws_subnet",
      "name": "pub-sub-2",
      "provider": "provider[\"registry.terraform.io/hashicorp/aws\"]",
      "instances": [
        {
          "schema_version": 1,
          "attributes": {
            "arn": "arn:aws:ec2:eu-north-1:065671177899:subnet/subnet-0abad7c3bfc3b2766",
            "assign_ipv6_address_on_creation": false,
            "availability_zone": "eu-north-1b",
            "availability_zone_id": "eun1-az2",
            "cidr_block": "10.0.2.0/24",
            "customer_owned_ipv4_pool": "",
            "enable_dns64": false,
            "enable_lni_at_device_index": 0,
            "enable_resource_name_dns_a_record_on_launch": false,
            "enable_resource_name_dns_aaaa_record_on_launch": false,
            "id": "subnet-0abad7c3bfc3b2766",
            "ipv6_cidr_block": "",
            "ipv6_cidr_block_association_id": "",
            "ipv6_native": false,
            "map_customer_owned_ip_on_launch": false,
            "map_public_ip_on_launch": false,
            "outpost_arn": "",
            "owner_id": "065671177899",
            "private_dns_hostname_type_on_launch": "ip-name",
            "tags": {
              "Name": "pub-sub-2"
            },
            "tags_all": {
              "Name": "pub-sub-2"
            },
            "timeouts": null,
            "vpc_id": "vpc-0f8940d5c00229daa"
          },
          "sensitive_attributes": [],
          "private": "eyJlMmJmYjczMC1lY2FhLTExZTYtOGY4OC0zNDM2M2JjN2M0YzAiOnsiY3JlYXRlIjo2MDAwMDAwMDAwMDAsImRlbGV0ZSI6MTIwMDAwMDAwMDAwMH0sInNjaGVtYV92ZXJzaW9uIjoiMSJ9",
          "dependencies": [
            "aws_vpc.main",
            "data.aws_availability_zones.available"
          ]
        }
      ]
    },
    {
      "mode": "managed",
      "type": "aws_vpc",
      "name": "main",
      "provider": "provider[\"registry.terraform.io/hashicorp/aws\"]",
      "instances": [
        {
          "schema_version": 1,
          "attributes": {
            "arn": "arn:aws:ec2:eu-north-1:065671177899:vpc/vpc-0f8940d5c00229daa",
            "assign_generated_ipv6_cidr_block": false,
            "cidr_block": "10.0.0.0/16",
            "default_network_acl_id": "acl-0dddd52dd00d37f82",
            "default_route_table_id": "rtb-05f23cb770d4cb0bf",
            "default_security_group_id": "sg-0945b1bfb2d45e5a4",
            "dhcp_options_id": "dopt-0b09f9514759b5af9",
            "enable_dns_hostnames": true,
            "enable_dns_support": true,
            "enable_network_address_usage_metrics": false,
            "id": "vpc-0f8940d5c00229daa",
            "instance_tenancy": "default",
            "ipv4_ipam_pool_id": null,
            "ipv4_netmask_length": null,
            "ipv6_association_id": "",
            "ipv6_cidr_block": "",
            "ipv6_cidr_block_network_border_group": "",
            "ipv6_ipam_pool_id": "",
            "ipv6_netmask_length": 0,
            "main_route_table_id": "rtb-05f23cb770d4cb0bf",
            "owner_id": "065671177899",
            "tags": {
              "Name": "main"
            },
            "tags_all": {
              "Name": "main"
            }
          },
          "sensitive_attributes": [],
          "private": "eyJzY2hlbWFfdmVyc2lvbiI6IjEifQ=="
        }
      ]
    },
    {
      "mode": "managed",
      "type": "tls_private_key",
      "name": "key_genrator",
      "provider": "provider[\"registry.terraform.io/hashicorp/tls\"]",
      "instances": [
        {
          "schema_version": 1,
          "attributes": {
            "algorithm": "RSA",
            "ecdsa_curve": "P224",
            "id": "42b5af33e34093a2de3008bb1167d4f98c8ef95e",
            "private_key_openssh": "-----BEGIN OPENSSH PRIVATE KEY-----\nb3BlbnNzaC1rZXktdjEAAAAABG5vbmUAAAAEbm9uZQAAAAAAAAABAAABFwAAAAdz\nc2gtcnNhAAAAAwEAAQAAAQEA4GmTv/DcPGNNAAbzYFuyli0zWQ8kbdZze3LOEf7Z\na85Hs2aidR0SFlWrVjVvmNQAmf7l0LNQq/m0PyB9d5WytVvWkbjpPqbxhwXAtDiv\nJmAbQtIXplFVbfSVgy8Bk3X92AfF9pXo7QoP8BYxRz2HjUMexIaJTl4eUc3dFISd\nUipcQNAYrCuokIxG/q0mLkr5TSTruhjxFdxe5G6jT8bh28uJGqVYLZASDG1QdXsD\nDm+hG0myhT0GxIkRJ6/sjqGSdK8j/E36mY+9SjlbBsa+iK11Ezh4s9qYbBv7cusx\nRR54bNRSRjZN1GWX4U8hwoGRzMUtqTr9XqYP8wmfmRbS2QAAA7hPOkT7TzpE+wAA\nAAdzc2gtcnNhAAABAQDgaZO/8Nw8Y00ABvNgW7KWLTNZDyRt1nN7cs4R/tlrzkez\nZqJ1HRIWVatWNW+Y1ACZ/uXQs1Cr+bQ/IH13lbK1W9aRuOk+pvGHBcC0OK8mYBtC\n0hemUVVt9JWDLwGTdf3YB8X2lejtCg/wFjFHPYeNQx7EholOXh5Rzd0UhJ1SKlxA\n0BisK6iQjEb+rSYuSvlNJOu6GPEV3F7kbqNPxuHby4kapVgtkBIMbVB1ewMOb6Eb\nSbKFPQbEiREnr+yOoZJ0ryP8TfqZj71KOVsGxr6IrXUTOHiz2phsG/ty6zFFHnhs\n1FJGNk3UZZfhTyHCgZHMxS2pOv1epg/zCZ+ZFtLZAAAAAwEAAQAAAQA1leA65+ee\n39NGG2LH8n1tULO/I1d+hsOiiaJdN65xCJukYfCO6HcmMCSufCn+ozjVjMERmY+8\n0O5SWI69HFjE534P48iGNlTb+equ3g4sqqw3w3T0ON2eWNXOsk29CWKo0ApcPCWX\nXFy75oCz0yRn/cv9/2YP+Xdh7zdIK/Zo5NQHSZSSlpR0Shka+Ztwx5VyVQ/0JRF+\n+QSpUSOrILyqcXnRG0nnjJ1zZ2theE+WM5dEU7omX733EokFvCD/vj20L9aYCQt6\nWnScgbuAExX6fTuhWajzi276bpgFRDtfXQmjwlLTwXCebKNVoUINN+snRm1PDmxg\n06zZ5J8XSMhlAAAAgGCzd1GmM0lVebLx/mrC+qunf1D12RK92USksALUErOPswY5\nT5I8qRzV1057IoSb4BLi0H+D6S89IYrSZwzHOkB16MOrZNga6QMz/mkmKLiZMCnU\nrWZcnU50CMp9EttP53+valCSjxDNVmeWsSg7fJD0LFuOODoTHUCtv56JxpQzAAAA\ngQD3H7zKq/CNJihx0rWODBaSp1byXRhkheRS5zaoQ+k2W5Gfs+rQMxJa2OyDmA7u\nSpjJ+HATTbRXhlnEinqM9z2b3XjaO7j7uZOtv3mRkmpU4QOKjwSr4Jp3fG8hZeIr\nFejO6mRUnxbP8t8rFlF6fH5pqXjDUqcUl4DqkP/9qahvowAAAIEA6HkCwHYPtNCb\nhzh0JNinoRELhyA6g7H4emfyfQeSv+nvV/58+PjMMGuM/bsOp5gG+hR8shwaE5+9\nq0MZ8aU+Fcvg9rup9ZObKu1nZlsLUid43scOakan8yqS+yF+/m/aaYy2IMpW3EHs\neb6ptHNxACMkSzto+fu87c11Z7MA61MAAAAAAQID\n-----END OPENSSH PRIVATE KEY-----\n",
            "private_key_pem": "-----BEGIN RSA PRIVATE KEY-----\nMIIEowIBAAKCAQEA4GmTv/DcPGNNAAbzYFuyli0zWQ8kbdZze3LOEf7Za85Hs2ai\ndR0SFlWrVjVvmNQAmf7l0LNQq/m0PyB9d5WytVvWkbjpPqbxhwXAtDivJmAbQtIX\nplFVbfSVgy8Bk3X92AfF9pXo7QoP8BYxRz2HjUMexIaJTl4eUc3dFISdUipcQNAY\nrCuokIxG/q0mLkr5TSTruhjxFdxe5G6jT8bh28uJGqVYLZASDG1QdXsDDm+hG0my\nhT0GxIkRJ6/sjqGSdK8j/E36mY+9SjlbBsa+iK11Ezh4s9qYbBv7cusxRR54bNRS\nRjZN1GWX4U8hwoGRzMUtqTr9XqYP8wmfmRbS2QIDAQABAoIBADWV4Drn557f00Yb\nYsfyfW1Qs78jV36Gw6KJol03rnEIm6Rh8I7odyYwJK58Kf6jONWMwRGZj7zQ7lJY\njr0cWMTnfg/jyIY2VNv56q7eDiyqrDfDdPQ43Z5Y1c6yTb0JYqjQClw8JZdcXLvm\ngLPTJGf9y/3/Zg/5d2HvN0gr9mjk1AdJlJKWlHRKGRr5m3DHlXJVD/QlEX75BKlR\nI6sgvKpxedEbSeeMnXNna2F4T5Yzl0RTuiZfvfcSiQW8IP++PbQv1pgJC3padJyB\nu4ATFfp9O6FZqPOLbvpumAVEO19dCaPCUtPBcJ5so1WhQg036ydGbU8ObGDTrNnk\nnxdIyGUCgYEA9x+8yqvwjSYocdK1jgwWkqdW8l0YZIXkUuc2qEPpNluRn7Pq0DMS\nWtjsg5gO7kqYyfhwE020V4ZZxIp6jPc9m9142ju4+7mTrb95kZJqVOEDio8Eq+Ca\nd3xvIWXiKxXozupkVJ8Wz/LfKxZRenx+aal4w1KnFJeA6pD//amob6MCgYEA6HkC\nwHYPtNCbhzh0JNinoRELhyA6g7H4emfyfQeSv+nvV/58+PjMMGuM/bsOp5gG+hR8\nshwaE5+9q0MZ8aU+Fcvg9rup9ZObKu1nZlsLUid43scOakan8yqS+yF+/m/aaYy2\nIMpW3EHseb6ptHNxACMkSzto+fu87c11Z7MA61MCgYAqV4DEhRNRS/FwFzdOYFnZ\nxNxL6JGOX7aQUdd2mzQxQR1BbNVV2PpTIIndvkcIozVsnamuVQkKWhW1bDi1QIOI\n2jijw8ndL53TDlSpEZowcuFlcz3MqU4uHN75rPhEg5uBIH4SVbPV63o7araJMx2B\nwyzS4q2IBLFs/20tLE2U2wKBgQDBkSkaafOQAfbOc9I5b/C76z5nCA3Q5FpaSb0e\nIDUv+TCiWzNh93/FfXgLOTrtj2eXyYE+qKmJ14ONW7T5gTad3YH2z7Gn2nzkFIL5\nNivJ/zXkgWheU3C6x6NU2cItR6NcKZ7o1LHYekfV40zZBRp9G8W3osM5C0R32ZC9\nhM3qIwKBgGCzd1GmM0lVebLx/mrC+qunf1D12RK92USksALUErOPswY5T5I8qRzV\n1057IoSb4BLi0H+D6S89IYrSZwzHOkB16MOrZNga6QMz/mkmKLiZMCnUrWZcnU50\nCMp9EttP53+valCSjxDNVmeWsSg7fJD0LFuOODoTHUCtv56JxpQz\n-----END RSA PRIVATE KEY-----\n",
            "private_key_pem_pkcs8": "-----BEGIN PRIVATE KEY-----\nMIIEvQIBADANBgkqhkiG9w0BAQEFAASCBKcwggSjAgEAAoIBAQDgaZO/8Nw8Y00A\nBvNgW7KWLTNZDyRt1nN7cs4R/tlrzkezZqJ1HRIWVatWNW+Y1ACZ/uXQs1Cr+bQ/\nIH13lbK1W9aRuOk+pvGHBcC0OK8mYBtC0hemUVVt9JWDLwGTdf3YB8X2lejtCg/w\nFjFHPYeNQx7EholOXh5Rzd0UhJ1SKlxA0BisK6iQjEb+rSYuSvlNJOu6GPEV3F7k\nbqNPxuHby4kapVgtkBIMbVB1ewMOb6EbSbKFPQbEiREnr+yOoZJ0ryP8TfqZj71K\nOVsGxr6IrXUTOHiz2phsG/ty6zFFHnhs1FJGNk3UZZfhTyHCgZHMxS2pOv1epg/z\nCZ+ZFtLZAgMBAAECggEANZXgOufnnt/TRhtix/J9bVCzvyNXfobDoomiXTeucQib\npGHwjuh3JjAkrnwp/qM41YzBEZmPvNDuUliOvRxYxOd+D+PIhjZU2/nqrt4OLKqs\nN8N09DjdnljVzrJNvQliqNAKXDwll1xcu+aAs9MkZ/3L/f9mD/l3Ye83SCv2aOTU\nB0mUkpaUdEoZGvmbcMeVclUP9CURfvkEqVEjqyC8qnF50RtJ54ydc2drYXhPljOX\nRFO6Jl+99xKJBbwg/749tC/WmAkLelp0nIG7gBMV+n07oVmo84tu+m6YBUQ7X10J\no8JS08FwnmyjVaFCDTfrJ0ZtTw5sYNOs2eSfF0jIZQKBgQD3H7zKq/CNJihx0rWO\nDBaSp1byXRhkheRS5zaoQ+k2W5Gfs+rQMxJa2OyDmA7uSpjJ+HATTbRXhlnEinqM\n9z2b3XjaO7j7uZOtv3mRkmpU4QOKjwSr4Jp3fG8hZeIrFejO6mRUnxbP8t8rFlF6\nfH5pqXjDUqcUl4DqkP/9qahvowKBgQDoeQLAdg+00JuHOHQk2KehEQuHIDqDsfh6\nZ/J9B5K/6e9X/nz4+Mwwa4z9uw6nmAb6FHyyHBoTn72rQxnxpT4Vy+D2u6n1k5sq\n7WdmWwtSJ3jexw5qRqfzKpL7IX7+b9ppjLYgylbcQex5vqm0c3EAIyRLO2j5+7zt\nzXVnswDrUwKBgCpXgMSFE1FL8XAXN05gWdnE3EvokY5ftpBR13abNDFBHUFs1VXY\n+lMgid2+RwijNWydqa5VCQpaFbVsOLVAg4jaOKPDyd0vndMOVKkRmjBy4WVzPcyp\nTi4c3vms+ESDm4EgfhJVs9XrejtqtokzHYHDLNLirYgEsWz/bS0sTZTbAoGBAMGR\nKRpp85AB9s5z0jlv8LvrPmcIDdDkWlpJvR4gNS/5MKJbM2H3f8V9eAs5Ou2PZ5fJ\ngT6oqYnXg41btPmBNp3dgfbPsafafOQUgvk2K8n/NeSBaF5TcLrHo1TZwi1Ho1wp\nnujUsdh6R9XjTNkFGn0bxbeiwzkLRHfZkL2EzeojAoGAYLN3UaYzSVV5svH+asL6\nq6d/UPXZEr3ZRKSwAtQSs4+zBjlPkjypHNXXTnsihJvgEuLQf4PpLz0hitJnDMc6\nQHXow6tk2BrpAzP+aSYouJkwKdStZlydTnQIyn0S20/nf69qUJKPEM1WZ5axKDt8\nkPQsW444OhMdQK2/nonGlDM=\n-----END PRIVATE KEY-----\n",
            "public_key_fingerprint_md5": "a0:1a:84:cb:34:c5:df:06:7b:06:c9:78:0d:32:94:1d",
            "public_key_fingerprint_sha256": "SHA256:CoJgCZ4dNeDGTr+rLrCCxhUq54tKWWy/koVeOjDuHi4",
            "public_key_openssh": "ssh-rsa AAAAB3NzaC1yc2EAAAADAQABAAABAQDgaZO/8Nw8Y00ABvNgW7KWLTNZDyRt1nN7cs4R/tlrzkezZqJ1HRIWVatWNW+Y1ACZ/uXQs1Cr+bQ/IH13lbK1W9aRuOk+pvGHBcC0OK8mYBtC0hemUVVt9JWDLwGTdf3YB8X2lejtCg/wFjFHPYeNQx7EholOXh5Rzd0UhJ1SKlxA0BisK6iQjEb+rSYuSvlNJOu6GPEV3F7kbqNPxuHby4kapVgtkBIMbVB1ewMOb6EbSbKFPQbEiREnr+yOoZJ0ryP8TfqZj71KOVsGxr6IrXUTOHiz2phsG/ty6zFFHnhs1FJGNk3UZZfhTyHCgZHMxS2pOv1epg/zCZ+ZFtLZ\n",
            "public_key_pem": "-----BEGIN PUBLIC KEY-----\nMIIBIjANBgkqhkiG9w0BAQEFAAOCAQ8AMIIBCgKCAQEA4GmTv/DcPGNNAAbzYFuy\nli0zWQ8kbdZze3LOEf7Za85Hs2aidR0SFlWrVjVvmNQAmf7l0LNQq/m0PyB9d5Wy\ntVvWkbjpPqbxhwXAtDivJmAbQtIXplFVbfSVgy8Bk3X92AfF9pXo7QoP8BYxRz2H\njUMexIaJTl4eUc3dFISdUipcQNAYrCuokIxG/q0mLkr5TSTruhjxFdxe5G6jT8bh\n28uJGqVYLZASDG1QdXsDDm+hG0myhT0GxIkRJ6/sjqGSdK8j/E36mY+9SjlbBsa+\niK11Ezh4s9qYbBv7cusxRR54bNRSRjZN1GWX4U8hwoGRzMUtqTr9XqYP8wmfmRbS\n2QIDAQAB\n-----END PUBLIC KEY-----\n",
            "rsa_bits": 2048
          },
          "sensitive_attributes": []
        }
      ]
    }
  ],
  "check_results": null
}
