{
  "version": 4,
  "terraform_version": "1.6.5",
  "serial": 350,
  "lineage": "4904a7d0-4d2f-3ed8-4fdd-59022abeeea9",
  "outputs": {},
  "resources": [
    {
      "mode": "data",
      "type": "aws_availability_zones",
      "name": "available",
      "provider": "provider[\"registry.terraform.io/hashicorp/aws\"]",
      "instances": [
        {
          "schema_version": 0,
          "attributes": {
            "all_availability_zones": null,
            "exclude_names": null,
            "exclude_zone_ids": null,
            "filter": null,
            "group_names": [
              "eu-north-1"
            ],
            "id": "eu-north-1",
            "names": [
              "eu-north-1a",
              "eu-north-1b",
              "eu-north-1c"
            ],
            "state": "available",
            "timeouts": null,
            "zone_ids": [
              "eun1-az1",
              "eun1-az2",
              "eun1-az3"
            ]
          },
          "sensitive_attributes": []
        }
      ]
    },
    {
      "mode": "managed",
      "type": "aws_eip",
      "name": "nat_eip",
      "provider": "provider[\"registry.terraform.io/hashicorp/aws\"]",
      "instances": [
        {
          "schema_version": 0,
          "attributes": {
            "address": null,
            "allocation_id": "eipalloc-089ee6dbf2c6ef1d6",
            "associate_with_private_ip": null,
            "association_id": "eipassoc-0f0267d286862cee7",
            "carrier_ip": "",
            "customer_owned_ip": "",
            "customer_owned_ipv4_pool": "",
            "domain": "vpc",
            "id": "eipalloc-089ee6dbf2c6ef1d6",
            "instance": "",
            "network_border_group": "eu-north-1",
            "network_interface": "eni-0c7cefec91aa1a376",
            "private_dns": "ip-10-0-1-31.eu-north-1.compute.internal",
            "private_ip": "10.0.1.31",
            "public_dns": "ec2-51-21-121-179.eu-north-1.compute.amazonaws.com",
            "public_ip": "51.21.121.179",
            "public_ipv4_pool": "amazon",
            "tags": {},
            "tags_all": {},
            "timeouts": null,
            "vpc": true
          },
          "sensitive_attributes": [],
          "private": "eyJlMmJmYjczMC1lY2FhLTExZTYtOGY4OC0zNDM2M2JjN2M0YzAiOnsiZGVsZXRlIjoxODAwMDAwMDAwMDAsInJlYWQiOjkwMDAwMDAwMDAwMCwidXBkYXRlIjozMDAwMDAwMDAwMDB9fQ=="
        }
      ]
    },
    {
      "mode": "managed",
      "type": "aws_instance",
      "name": "application1",
      "provider": "provider[\"registry.terraform.io/hashicorp/aws\"]",
      "instances": [
        {
          "schema_version": 1,
          "attributes": {
            "ami": "ami-0416c18e75bd69567",
            "arn": "arn:aws:ec2:eu-north-1:065671177899:instance/i-00c32632e35e6e32f",
            "associate_public_ip_address": false,
            "availability_zone": "eu-north-1a",
            "capacity_reservation_specification": [
              {
                "capacity_reservation_preference": "open",
                "capacity_reservation_target": []
              }
            ],
            "cpu_core_count": 1,
            "cpu_options": [
              {
                "amd_sev_snp": "",
                "core_count": 1,
                "threads_per_core": 2
              }
            ],
            "cpu_threads_per_core": 2,
            "credit_specification": [
              {
                "cpu_credits": "unlimited"
              }
            ],
            "disable_api_stop": false,
            "disable_api_termination": false,
            "ebs_block_device": [],
            "ebs_optimized": false,
            "enclave_options": [
              {
                "enabled": false
              }
            ],
            "ephemeral_block_device": [],
            "get_password_data": false,
            "hibernation": false,
            "host_id": "",
            "host_resource_group_arn": null,
            "iam_instance_profile": "",
            "id": "i-00c32632e35e6e32f",
            "instance_initiated_shutdown_behavior": "stop",
            "instance_lifecycle": "",
            "instance_market_options": [],
            "instance_state": "running",
            "instance_type": "t3.micro",
            "ipv6_address_count": 0,
            "ipv6_addresses": [],
            "key_name": "tf_key",
            "launch_template": [],
            "maintenance_options": [
              {
                "auto_recovery": "default"
              }
            ],
            "metadata_options": [
              {
                "http_endpoint": "enabled",
                "http_protocol_ipv6": "disabled",
                "http_put_response_hop_limit": 2,
                "http_tokens": "required",
                "instance_metadata_tags": "disabled"
              }
            ],
            "monitoring": false,
            "network_interface": [],
            "outpost_arn": "",
            "password_data": "",
            "placement_group": "",
            "placement_partition_number": 0,
            "primary_network_interface_id": "eni-09becf3da50331f8c",
            "private_dns": "ip-10-0-3-229.eu-north-1.compute.internal",
            "private_dns_name_options": [
              {
                "enable_resource_name_dns_a_record": false,
                "enable_resource_name_dns_aaaa_record": false,
                "hostname_type": "ip-name"
              }
            ],
            "private_ip": "10.0.3.229",
            "public_dns": "",
            "public_ip": "",
            "root_block_device": [
              {
                "delete_on_termination": true,
                "device_name": "/dev/xvda",
                "encrypted": false,
                "iops": 3000,
                "kms_key_id": "",
                "tags": {},
                "throughput": 125,
                "volume_id": "vol-0935bcd219e89d141",
                "volume_size": 8,
                "volume_type": "gp3"
              }
            ],
            "secondary_private_ips": [],
            "security_groups": [],
            "source_dest_check": true,
            "spot_instance_request_id": "",
            "subnet_id": "subnet-0dde5ea158f051d03",
            "tags": {
              "Name": "application Host 1"
            },
            "tags_all": {
              "Name": "application Host 1"
            },
            "tenancy": "default",
            "timeouts": null,
            "user_data": "97270469f20387ea63f2f8f02dca655d194e5c78",
            "user_data_base64": null,
            "user_data_replace_on_change": false,
            "volume_tags": null,
            "vpc_security_group_ids": [
              "sg-06635d160e58b9958"
            ]
          },
          "sensitive_attributes": [],
          "private": "eyJlMmJmYjczMC1lY2FhLTExZTYtOGY4OC0zNDM2M2JjN2M0YzAiOnsiY3JlYXRlIjo2MDAwMDAwMDAwMDAsImRlbGV0ZSI6MTIwMDAwMDAwMDAwMCwidXBkYXRlIjo2MDAwMDAwMDAwMDB9LCJzY2hlbWFfdmVyc2lvbiI6IjEifQ==",
          "dependencies": [
            "aws_key_pair.tf-public-key",
            "aws_security_group.allow_ssh_3000",
            "aws_subnet.pri-sub-1",
            "aws_vpc.main",
            "data.aws_availability_zones.available",
            "tls_private_key.key_genrator"
          ]
        }
      ]
    },
    {
      "mode": "managed",
      "type": "aws_instance",
      "name": "application2",
      "provider": "provider[\"registry.terraform.io/hashicorp/aws\"]",
      "instances": [
        {
          "schema_version": 1,
          "attributes": {
            "ami": "ami-0416c18e75bd69567",
            "arn": "arn:aws:ec2:eu-north-1:065671177899:instance/i-010d15bf8262fbe30",
            "associate_public_ip_address": false,
            "availability_zone": "eu-north-1b",
            "capacity_reservation_specification": [
              {
                "capacity_reservation_preference": "open",
                "capacity_reservation_target": []
              }
            ],
            "cpu_core_count": 1,
            "cpu_options": [
              {
                "amd_sev_snp": "",
                "core_count": 1,
                "threads_per_core": 2
              }
            ],
            "cpu_threads_per_core": 2,
            "credit_specification": [
              {
                "cpu_credits": "unlimited"
              }
            ],
            "disable_api_stop": false,
            "disable_api_termination": false,
            "ebs_block_device": [],
            "ebs_optimized": false,
            "enclave_options": [
              {
                "enabled": false
              }
            ],
            "ephemeral_block_device": [],
            "get_password_data": false,
            "hibernation": false,
            "host_id": "",
            "host_resource_group_arn": null,
            "iam_instance_profile": "",
            "id": "i-010d15bf8262fbe30",
            "instance_initiated_shutdown_behavior": "stop",
            "instance_lifecycle": "",
            "instance_market_options": [],
            "instance_state": "running",
            "instance_type": "t3.micro",
            "ipv6_address_count": 0,
            "ipv6_addresses": [],
            "key_name": "tf_key",
            "launch_template": [],
            "maintenance_options": [
              {
                "auto_recovery": "default"
              }
            ],
            "metadata_options": [
              {
                "http_endpoint": "enabled",
                "http_protocol_ipv6": "disabled",
                "http_put_response_hop_limit": 2,
                "http_tokens": "required",
                "instance_metadata_tags": "disabled"
              }
            ],
            "monitoring": false,
            "network_interface": [],
            "outpost_arn": "",
            "password_data": "",
            "placement_group": "",
            "placement_partition_number": 0,
            "primary_network_interface_id": "eni-05f94c80f094d0451",
            "private_dns": "ip-10-0-4-94.eu-north-1.compute.internal",
            "private_dns_name_options": [
              {
                "enable_resource_name_dns_a_record": false,
                "enable_resource_name_dns_aaaa_record": false,
                "hostname_type": "ip-name"
              }
            ],
            "private_ip": "10.0.4.94",
            "public_dns": "",
            "public_ip": "",
            "root_block_device": [
              {
                "delete_on_termination": true,
                "device_name": "/dev/xvda",
                "encrypted": false,
                "iops": 3000,
                "kms_key_id": "",
                "tags": {},
                "throughput": 125,
                "volume_id": "vol-03c711e0cda92b23f",
                "volume_size": 8,
                "volume_type": "gp3"
              }
            ],
            "secondary_private_ips": [],
            "security_groups": [],
            "source_dest_check": true,
            "spot_instance_request_id": "",
            "subnet_id": "subnet-0f4287e223b5f5586",
            "tags": {
              "Name": "application Host 2"
            },
            "tags_all": {
              "Name": "application Host 2"
            },
            "tenancy": "default",
            "timeouts": null,
            "user_data": "97270469f20387ea63f2f8f02dca655d194e5c78",
            "user_data_base64": null,
            "user_data_replace_on_change": false,
            "volume_tags": null,
            "vpc_security_group_ids": [
              "sg-06635d160e58b9958"
            ]
          },
          "sensitive_attributes": [],
          "private": "eyJlMmJmYjczMC1lY2FhLTExZTYtOGY4OC0zNDM2M2JjN2M0YzAiOnsiY3JlYXRlIjo2MDAwMDAwMDAwMDAsImRlbGV0ZSI6MTIwMDAwMDAwMDAwMCwidXBkYXRlIjo2MDAwMDAwMDAwMDB9LCJzY2hlbWFfdmVyc2lvbiI6IjEifQ==",
          "dependencies": [
            "aws_key_pair.tf-public-key",
            "aws_security_group.allow_ssh_3000",
            "aws_subnet.pri-sub-2",
            "aws_vpc.main",
            "data.aws_availability_zones.available",
            "tls_private_key.key_genrator"
          ]
        }
      ]
    },
    {
      "mode": "managed",
      "type": "aws_instance",
      "name": "bastion1",
      "provider": "provider[\"registry.terraform.io/hashicorp/aws\"]",
      "instances": [
        {
          "schema_version": 1,
          "attributes": {
            "ami": "ami-0416c18e75bd69567",
            "arn": "arn:aws:ec2:eu-north-1:065671177899:instance/i-0be11b2b759ddeb90",
            "associate_public_ip_address": true,
            "availability_zone": "eu-north-1a",
            "capacity_reservation_specification": [
              {
                "capacity_reservation_preference": "open",
                "capacity_reservation_target": []
              }
            ],
            "cpu_core_count": 1,
            "cpu_options": [
              {
                "amd_sev_snp": "",
                "core_count": 1,
                "threads_per_core": 2
              }
            ],
            "cpu_threads_per_core": 2,
            "credit_specification": [
              {
                "cpu_credits": "unlimited"
              }
            ],
            "disable_api_stop": false,
            "disable_api_termination": false,
            "ebs_block_device": [],
            "ebs_optimized": false,
            "enclave_options": [
              {
                "enabled": false
              }
            ],
            "ephemeral_block_device": [],
            "get_password_data": false,
            "hibernation": false,
            "host_id": "",
            "host_resource_group_arn": null,
            "iam_instance_profile": "",
            "id": "i-0be11b2b759ddeb90",
            "instance_initiated_shutdown_behavior": "stop",
            "instance_lifecycle": "",
            "instance_market_options": [],
            "instance_state": "shutting-down",
            "instance_type": "t3.micro",
            "ipv6_address_count": 0,
            "ipv6_addresses": [],
            "key_name": "tf_key",
            "launch_template": [],
            "maintenance_options": [
              {
                "auto_recovery": "default"
              }
            ],
            "metadata_options": [
              {
                "http_endpoint": "enabled",
                "http_protocol_ipv6": "disabled",
                "http_put_response_hop_limit": 2,
                "http_tokens": "required",
                "instance_metadata_tags": "disabled"
              }
            ],
            "monitoring": false,
            "network_interface": [],
            "outpost_arn": "",
            "password_data": "",
            "placement_group": "",
            "placement_partition_number": 0,
            "primary_network_interface_id": "eni-0b5a3e990f31cc30e",
            "private_dns": "ip-10-0-1-248.eu-north-1.compute.internal",
            "private_dns_name_options": [
              {
                "enable_resource_name_dns_a_record": false,
                "enable_resource_name_dns_aaaa_record": false,
                "hostname_type": "ip-name"
              }
            ],
            "private_ip": "10.0.1.248",
            "public_dns": "ec2-51-20-252-109.eu-north-1.compute.amazonaws.com",
            "public_ip": "51.20.252.109",
            "root_block_device": [
              {
                "delete_on_termination": true,
                "device_name": "/dev/xvda",
                "encrypted": false,
                "iops": 3000,
                "kms_key_id": "",
                "tags": {},
                "throughput": 125,
                "volume_id": "vol-052522fcbe24d5244",
                "volume_size": 8,
                "volume_type": "gp3"
              }
            ],
            "secondary_private_ips": [],
            "security_groups": [],
            "source_dest_check": true,
            "spot_instance_request_id": "",
            "subnet_id": "subnet-0c1fa3d191bd1a1ca",
            "tags": {
              "Name": "Bastion Host 1"
            },
            "tags_all": {
              "Name": "Bastion Host 1"
            },
            "tenancy": "default",
            "timeouts": null,
            "user_data": "97270469f20387ea63f2f8f02dca655d194e5c78",
            "user_data_base64": null,
            "user_data_replace_on_change": false,
            "volume_tags": null,
            "vpc_security_group_ids": [
              "sg-044a5b8cac80e17d4"
            ]
          },
          "sensitive_attributes": [],
          "private": "eyJlMmJmYjczMC1lY2FhLTExZTYtOGY4OC0zNDM2M2JjN2M0YzAiOnsiY3JlYXRlIjo2MDAwMDAwMDAwMDAsImRlbGV0ZSI6MTIwMDAwMDAwMDAwMCwidXBkYXRlIjo2MDAwMDAwMDAwMDB9LCJzY2hlbWFfdmVyc2lvbiI6IjEifQ==",
          "dependencies": [
            "aws_key_pair.tf-public-key",
            "aws_security_group.allow_ssh",
            "aws_subnet.pub-sub-1",
            "aws_vpc.main",
            "data.aws_availability_zones.available",
            "tls_private_key.key_genrator"
          ]
        }
      ]
    },
    {
      "mode": "managed",
      "type": "aws_instance",
      "name": "bastion2",
      "provider": "provider[\"registry.terraform.io/hashicorp/aws\"]",
      "instances": [
        {
          "schema_version": 1,
          "attributes": {
            "ami": "ami-0416c18e75bd69567",
            "arn": "arn:aws:ec2:eu-north-1:065671177899:instance/i-04b55f4d6f7beda19",
            "associate_public_ip_address": true,
            "availability_zone": "eu-north-1b",
            "capacity_reservation_specification": [
              {
                "capacity_reservation_preference": "open",
                "capacity_reservation_target": []
              }
            ],
            "cpu_core_count": 1,
            "cpu_options": [
              {
                "amd_sev_snp": "",
                "core_count": 1,
                "threads_per_core": 2
              }
            ],
            "cpu_threads_per_core": 2,
            "credit_specification": [
              {
                "cpu_credits": "unlimited"
              }
            ],
            "disable_api_stop": false,
            "disable_api_termination": false,
            "ebs_block_device": [],
            "ebs_optimized": false,
            "enclave_options": [
              {
                "enabled": false
              }
            ],
            "ephemeral_block_device": [],
            "get_password_data": false,
            "hibernation": false,
            "host_id": "",
            "host_resource_group_arn": null,
            "iam_instance_profile": "",
            "id": "i-04b55f4d6f7beda19",
            "instance_initiated_shutdown_behavior": "stop",
            "instance_lifecycle": "",
            "instance_market_options": [],
            "instance_state": "running",
            "instance_type": "t3.micro",
            "ipv6_address_count": 0,
            "ipv6_addresses": [],
            "key_name": "tf_key",
            "launch_template": [],
            "maintenance_options": [
              {
                "auto_recovery": "default"
              }
            ],
            "metadata_options": [
              {
                "http_endpoint": "enabled",
                "http_protocol_ipv6": "disabled",
                "http_put_response_hop_limit": 2,
                "http_tokens": "required",
                "instance_metadata_tags": "disabled"
              }
            ],
            "monitoring": false,
            "network_interface": [],
            "outpost_arn": "",
            "password_data": "",
            "placement_group": "",
            "placement_partition_number": 0,
            "primary_network_interface_id": "eni-0ae57a9029ef32e8c",
            "private_dns": "ip-10-0-2-223.eu-north-1.compute.internal",
            "private_dns_name_options": [
              {
                "enable_resource_name_dns_a_record": false,
                "enable_resource_name_dns_aaaa_record": false,
                "hostname_type": "ip-name"
              }
            ],
            "private_ip": "10.0.2.223",
            "public_dns": "ec2-13-53-39-182.eu-north-1.compute.amazonaws.com",
            "public_ip": "13.53.39.182",
            "root_block_device": [
              {
                "delete_on_termination": true,
                "device_name": "/dev/xvda",
                "encrypted": false,
                "iops": 3000,
                "kms_key_id": "",
                "tags": {},
                "throughput": 125,
                "volume_id": "vol-0999b40fc28d7820b",
                "volume_size": 8,
                "volume_type": "gp3"
              }
            ],
            "secondary_private_ips": [],
            "security_groups": [],
            "source_dest_check": true,
            "spot_instance_request_id": "",
            "subnet_id": "subnet-0f9c5819965d0c6d7",
            "tags": {
              "Name": "Bastion Host 2"
            },
            "tags_all": {
              "Name": "Bastion Host 2"
            },
            "tenancy": "default",
            "timeouts": null,
            "user_data": "97270469f20387ea63f2f8f02dca655d194e5c78",
            "user_data_base64": null,
            "user_data_replace_on_change": false,
            "volume_tags": null,
            "vpc_security_group_ids": [
              "sg-044a5b8cac80e17d4"
            ]
          },
          "sensitive_attributes": [],
          "private": "eyJlMmJmYjczMC1lY2FhLTExZTYtOGY4OC0zNDM2M2JjN2M0YzAiOnsiY3JlYXRlIjo2MDAwMDAwMDAwMDAsImRlbGV0ZSI6MTIwMDAwMDAwMDAwMCwidXBkYXRlIjo2MDAwMDAwMDAwMDB9LCJzY2hlbWFfdmVyc2lvbiI6IjEifQ==",
          "dependencies": [
            "aws_key_pair.tf-public-key",
            "aws_security_group.allow_ssh",
            "aws_subnet.pub-sub-2",
            "aws_vpc.main",
            "data.aws_availability_zones.available",
            "tls_private_key.key_genrator"
          ]
        }
      ]
    },
    {
      "mode": "managed",
      "type": "aws_internet_gateway",
      "name": "gw",
      "provider": "provider[\"registry.terraform.io/hashicorp/aws\"]",
      "instances": [
        {
          "schema_version": 0,
          "attributes": {
            "arn": "arn:aws:ec2:eu-north-1:065671177899:internet-gateway/igw-09ef62371859f859c",
            "id": "igw-09ef62371859f859c",
            "owner_id": "065671177899",
            "tags": {
              "Name": "main-gw"
            },
            "tags_all": {
              "Name": "main-gw"
            },
            "timeouts": null,
            "vpc_id": "vpc-03e12005ebe0197eb"
          },
          "sensitive_attributes": [],
          "private": "eyJlMmJmYjczMC1lY2FhLTExZTYtOGY4OC0zNDM2M2JjN2M0YzAiOnsiY3JlYXRlIjoxMjAwMDAwMDAwMDAwLCJkZWxldGUiOjEyMDAwMDAwMDAwMDAsInVwZGF0ZSI6MTIwMDAwMDAwMDAwMH19",
          "dependencies": [
            "aws_vpc.main"
          ]
        }
      ]
    },
    {
      "mode": "managed",
      "type": "aws_key_pair",
      "name": "tf-public-key",
      "provider": "provider[\"registry.terraform.io/hashicorp/aws\"]",
      "instances": [
        {
          "schema_version": 1,
          "attributes": {
            "arn": "arn:aws:ec2:eu-north-1:065671177899:key-pair/tf_key",
            "fingerprint": "61:6e:4b:bb:c1:2b:87:f2:b7:5f:a0:87:4d:72:5d:5e",
            "id": "tf_key",
            "key_name": "tf_key",
            "key_name_prefix": "",
            "key_pair_id": "key-073ec397e156e6b10",
            "key_type": "rsa",
            "public_key": "ssh-rsa AAAAB3NzaC1yc2EAAAADAQABAAACAQCwaxMRvDNSkjiAKSjj+Pz/bOmY3kiX4xt5OQS38g2kHsDgjPYBlldOxm3Cf6WQfgwOgOdhOlUNvNSj9PvlIH4uwAWsmKgl4SuId4gYEpfQoGVXB3895u9/KxW4RxvzbaDf/D2loywl82PmKNChwQyl+o2n9C4zvISxMSBdq9CSZDV2Cg4OoXRtR4zbzrn6VoU2lTZIH9MCBSdq0HYYkaaT33XR20lch7/ZWyx4u5BEyiPQcihD13SC3bbb5K+fT+j108UUkJgZZq7WrRyYwJIgVHmDnDcDNaGNDyKycyKI/Y+MQk2LCMqb/XTFXUvLVriAvtIaa/aWAGzGEk4Ybw0/wcyuu1MnJ4UlRBpiwb/Jshb5km2Ox9wypER806LFG7vDgyCngwLgMBCizpVTNS5p7LF3vzfc2BlZXDb92/6BECsRfZYCg3k2CUcP+1iavo/akOlizg6rBmcHwDZPxoGUdExsCPdf24DRXsIz5B7IEZqAY5ZMEkG5ycTx9/GJr4n1H+kbnKgbux3mfmux3WViuFLWQU4agDHu27AgFfGUfoKzQASwP+Jql5kDZ7hN4t64TsZAPf8Jfxnp9xwdy1uFtET7qWWdv8QJjkdNMxgveKS66DSXSsYoO4uZJcH3gRsPPrsfSoGLdIFlICjkdwwrPV/nlUyqXI1l85fR8RH+SQ==",
            "tags": {},
            "tags_all": {}
          },
          "sensitive_attributes": [],
          "private": "eyJzY2hlbWFfdmVyc2lvbiI6IjEifQ==",
          "dependencies": [
            "tls_private_key.key_genrator"
          ]
        }
      ]
    },
    {
      "mode": "managed",
      "type": "aws_nat_gateway",
      "name": "nat",
      "provider": "provider[\"registry.terraform.io/hashicorp/aws\"]",
      "instances": [
        {
          "schema_version": 0,
          "attributes": {
            "allocation_id": "eipalloc-089ee6dbf2c6ef1d6",
            "association_id": "eipassoc-0f0267d286862cee7",
            "connectivity_type": "public",
            "id": "nat-09f94afd96ac53a2f",
            "network_interface_id": "eni-0c7cefec91aa1a376",
            "private_ip": "10.0.1.31",
            "public_ip": "51.21.121.179",
            "secondary_allocation_ids": [],
            "secondary_private_ip_address_count": 0,
            "secondary_private_ip_addresses": [],
            "subnet_id": "subnet-0c1fa3d191bd1a1ca",
            "tags": {
              "Name": "gw NAT"
            },
            "tags_all": {
              "Name": "gw NAT"
            },
            "timeouts": null
          },
          "sensitive_attributes": [],
          "private": "eyJlMmJmYjczMC1lY2FhLTExZTYtOGY4OC0zNDM2M2JjN2M0YzAiOnsiY3JlYXRlIjo2MDAwMDAwMDAwMDAsImRlbGV0ZSI6MTgwMDAwMDAwMDAwMCwidXBkYXRlIjo2MDAwMDAwMDAwMDB9fQ==",
          "dependencies": [
            "aws_eip.nat_eip",
            "aws_internet_gateway.gw",
            "aws_subnet.pub-sub-1",
            "aws_vpc.main",
            "data.aws_availability_zones.available"
          ]
        }
      ]
    },
    {
      "mode": "managed",
      "type": "aws_route_table",
      "name": "rt",
      "provider": "provider[\"registry.terraform.io/hashicorp/aws\"]",
      "instances": [
        {
          "schema_version": 0,
          "attributes": {
            "arn": "arn:aws:ec2:eu-north-1:065671177899:route-table/rtb-069d5c16a2ce2c8d0",
            "id": "rtb-069d5c16a2ce2c8d0",
            "owner_id": "065671177899",
            "propagating_vgws": [],
            "route": [
              {
                "carrier_gateway_id": "",
                "cidr_block": "0.0.0.0/0",
                "core_network_arn": "",
                "destination_prefix_list_id": "",
                "egress_only_gateway_id": "",
                "gateway_id": "igw-09ef62371859f859c",
                "ipv6_cidr_block": "",
                "local_gateway_id": "",
                "nat_gateway_id": "",
                "network_interface_id": "",
                "transit_gateway_id": "",
                "vpc_endpoint_id": "",
                "vpc_peering_connection_id": ""
              }
            ],
            "tags": {
              "Name": "rt-route"
            },
            "tags_all": {
              "Name": "rt-route"
            },
            "timeouts": null,
            "vpc_id": "vpc-03e12005ebe0197eb"
          },
          "sensitive_attributes": [],
          "private": "eyJlMmJmYjczMC1lY2FhLTExZTYtOGY4OC0zNDM2M2JjN2M0YzAiOnsiY3JlYXRlIjozMDAwMDAwMDAwMDAsImRlbGV0ZSI6MzAwMDAwMDAwMDAwLCJ1cGRhdGUiOjEyMDAwMDAwMDAwMH19",
          "dependencies": [
            "aws_internet_gateway.gw",
            "aws_vpc.main"
          ]
        }
      ]
    },
    {
      "mode": "managed",
      "type": "aws_route_table_association",
      "name": "a",
      "provider": "provider[\"registry.terraform.io/hashicorp/aws\"]",
      "instances": [
        {
          "schema_version": 0,
          "attributes": {
            "gateway_id": "",
            "id": "rtbassoc-09a70bca6a8b74436",
            "route_table_id": "rtb-069d5c16a2ce2c8d0",
            "subnet_id": "subnet-0c1fa3d191bd1a1ca",
            "timeouts": null
          },
          "sensitive_attributes": [],
          "private": "eyJlMmJmYjczMC1lY2FhLTExZTYtOGY4OC0zNDM2M2JjN2M0YzAiOnsiY3JlYXRlIjozMDAwMDAwMDAwMDAsImRlbGV0ZSI6MzAwMDAwMDAwMDAwLCJ1cGRhdGUiOjEyMDAwMDAwMDAwMH19",
          "dependencies": [
            "aws_internet_gateway.gw",
            "aws_route_table.rt",
            "aws_subnet.pub-sub-1",
            "aws_vpc.main",
            "data.aws_availability_zones.available"
          ]
        }
      ]
    },
    {
      "mode": "managed",
      "type": "aws_route_table_association",
      "name": "b",
      "provider": "provider[\"registry.terraform.io/hashicorp/aws\"]",
      "instances": [
        {
          "schema_version": 0,
          "attributes": {
            "gateway_id": "",
            "id": "rtbassoc-0a7ff3be568d1da7a",
            "route_table_id": "rtb-069d5c16a2ce2c8d0",
            "subnet_id": "subnet-0f9c5819965d0c6d7",
            "timeouts": null
          },
          "sensitive_attributes": [],
          "private": "eyJlMmJmYjczMC1lY2FhLTExZTYtOGY4OC0zNDM2M2JjN2M0YzAiOnsiY3JlYXRlIjozMDAwMDAwMDAwMDAsImRlbGV0ZSI6MzAwMDAwMDAwMDAwLCJ1cGRhdGUiOjEyMDAwMDAwMDAwMH19",
          "dependencies": [
            "aws_internet_gateway.gw",
            "aws_route_table.rt",
            "aws_subnet.pub-sub-2",
            "aws_vpc.main",
            "data.aws_availability_zones.available"
          ]
        }
      ]
    },
    {
      "mode": "managed",
      "type": "aws_secretsmanager_secret",
      "name": "secretsmanager",
      "provider": "provider[\"registry.terraform.io/hashicorp/aws\"]",
      "instances": [
        {
          "schema_version": 0,
          "attributes": {
            "arn": "arn:aws:secretsmanager:eu-north-1:065671177899:secret:secret-key-sFi6eX",
            "description": "",
            "force_overwrite_replica_secret": false,
            "id": "arn:aws:secretsmanager:eu-north-1:065671177899:secret:secret-key-sFi6eX",
            "kms_key_id": "",
            "name": "secret-key",
            "name_prefix": "",
            "policy": "",
            "recovery_window_in_days": 0,
            "replica": [],
            "tags": {},
            "tags_all": {}
          },
          "sensitive_attributes": [],
          "private": "bnVsbA=="
        }
      ]
    },
    {
      "mode": "managed",
      "type": "aws_secretsmanager_secret_version",
      "name": "smv",
      "provider": "provider[\"registry.terraform.io/hashicorp/aws\"]",
      "instances": [
        {
          "schema_version": 0,
          "attributes": {
            "arn": "arn:aws:secretsmanager:eu-north-1:065671177899:secret:secret-key-sFi6eX",
            "id": "arn:aws:secretsmanager:eu-north-1:065671177899:secret:secret-key-sFi6eX|96C9F756-2407-4A27-A61F-AD126B16E882",
            "secret_binary": "",
            "secret_id": "arn:aws:secretsmanager:eu-north-1:065671177899:secret:secret-key-sFi6eX",
            "secret_string": "-----BEGIN RSA PRIVATE KEY-----\nMIIJKQIBAAKCAgEAsGsTEbwzUpI4gCko4/j8/2zpmN5Il+MbeTkEt/INpB7A4Iz2\nAZZXTsZtwn+lkH4MDoDnYTpVDbzUo/T75SB+LsAFrJioJeEriHeIGBKX0KBlVwd/\nPebvfysVuEcb822g3/w9paMsJfNj5ijQocEMpfqNp/QuM7yEsTEgXavQkmQ1dgoO\nDqF0bUeM2865+laFNpU2SB/TAgUnatB2GJGmk9910dtJXIe/2VsseLuQRMoj0HIo\nQ9d0gt222+Svn0/o9dPFFJCYGWau1q0cmMCSIFR5g5w3AzWhjQ8isnMiiP2PjEJN\niwjKm/10xV1Ly1a4gL7SGmv2lgBsxhJOGG8NP8HMrrtTJyeFJUQaYsG/ybIW+ZJt\njsfcMqREfNOixRu7w4Mgp4MC4DAQos6VUzUuaeyxd7833NgZWVw2/dv+gRArEX2W\nAoN5NglHD/tYmr6P2pDpYs4OqwZnB8A2T8aBlHRMbAj3X9uA0V7CM+QeyBGagGOW\nTBJBucnE8ffxia+J9R/pG5yoG7sd5n5rsd1lYrhS1kFOGoAx7tuwIBXxlH6Cs0AE\nsD/iapeZA2e4TeLeuE7GQD3/CX8Z6fccHctbhbRE+6llnb/ECY5HTTMYL3ikuug0\nl0rGKDuLmSXB94EbDz67H0qBi3SBZSAo5HcMKz1f55VMqlyNZfOX0fER/kkCAwEA\nAQKCAgAWwzoKp8XXeZZgsu7bu1ypeFwLpWKodl0tHvZE5a5s5qrsTkPPoJ5TQ7cV\nyXKLWjgkBu3T1brzstGc9hcqUS72yT/yLSBFAvCjAwlEUeHUwV1SBV2dlxZ/ygdb\nZ5Frr1F6lQk/PfaMTwMsx0dkF4ySPenZKeBsPH7Cfhw2+dxHhzZ+rH1z1dE36Gt8\nUQgeDNvTVx1R4QlQ0WlslskmEmTz33lMQocMsVdHrEPosArFVW+ZjaE0X7Bg0kqt\nxKwEWkMstM5RAPcfD+ivOlbePrqcAUpMePOALoNRuAo6DDEAi/bhmgx3TAMYbXOL\no6YL7nyP4A8r6ZI/eH6Qb/wzmuCSim5gf5QNCKSjFJxAZUYzJGM7n6Cv9e9DjGhp\nRZeQqYxJG9JYhGp7Nr0dOvUrqwQhqWtXfDm8Dr8mbx6VTJ/XtQ6KlZZ8xHb0q3qg\njv4tgBEw+8uTa9KUELo3rys8XIVIHaptkBEKf60kFpTEeBUAxsseC0eELd713/QO\nmyEBRjo2ucTgGTwckXCkZAjJjWELtMCd3jj4bIKXiWs9mWzyt+0KHzL57HxoFWDN\nAjZjbMhMm4fCuNHThZLVfJTweG4gUVdfD4WGOoclDUaDLZYOr9+QBr9SOWWLDZT9\nab9LDtk/xaXHeiq9vV7oTRzOVmecYXRR8ShGeAzMJVZ75p/YIQKCAQEAxmYPoYfW\ndHb0xoxRKsvMB9QmTywNUyyzk4I0+eeKLK+VGWXw1pVwnAt4UkHAsbpNNujl1pUF\nzmvLlQoF1WYyIH1kJvarPxrYnkzcPPICIJPx2X0ImUgm4XXV6G54D6fN+maNeIQs\nZTU+gKU6n5RFDvoEuYsLFhz/Or5FxjngELS4kzwyyF+E5hDVxU+VZLLYwmrxfb8B\nTh5WBDYE2gHapBlg6BPmdACbBFnpR5QWUWg+n4CsSKjCLiGKcA9DMQAFlMb0M6J5\nbUoXjd1+8/37y3bvvjF06GPZX2+ZNbYxaXi1l7E78e5VOhN/w3AY3O96TlbATCy3\nXD2m84vfCHq6cwKCAQEA46NS3wuZdT7CAwZJu5Epqo1rwkcWsIf5Q0H81J60PV5y\nd24McrG++y9uDkwbGxLZsj3D0GEyVKlHmAm3gTtqo+yonJWU7/jZ1RR6qGY3ytRm\nQ8Ic8vWBYUz5XphD+5WUAqk5EdMIVGYZ5lJoC9Ko64Af68CsmTuftTv/xq3XayPM\nxu904AYNVvOzViM1OxnsW70wHyTQ2wmLZkmydvRxxhMJzIYwQtmuGSdLcSyF8YBc\n/V5VslqBtBPkBp0MkyJR4UHz4DBwnKrhpAd19qYPpu9PdCTFHheTym2HXOQmisne\npqDczvDxrwbKmVuwIwOpJrgoVK7bA5p1EOuzDoCJUwKCAQB/GzYac8+GUAvkBFOg\nCm8N+PIOORfUWMg30eykyp1woZDxc6kHoThDEOomMPAGLWh4rF9Lya+tnswQERrJ\nrC6jOBJpEBGIXWe4i19yQE3ylzYT85IFuf8G5RqFTfjndsd1DCzIsE1NDf6cJr9X\nK4PO44kRYi5ZHXy7ItnK9JtDuLSjx6Z1TxTy3IhIYANDP321mRRcTnnElZTgH8ed\n8CAmkAfQx6cWXKjz8bKN5CckQpgUUjiOWGgHa/+oaW7PvsbUmV4skoQe66AJiIVk\nRi0CHpHcFQ1kMUw7Y2ER00b23pngtHDGP74kdgedq3ySV27RL60FYIScuPb0A4GB\nijdXAoIBAQDXMHDJuwxhYmdDNrGC53IM8U15xXv0e0WuR/X7BN/714m7zsNjtRWG\nHEscpuNEz6gNsAeouAk9MR0l46GeQA3KUpD+HQVDaOp7XLWq9Z4uVmUqDpkRL/YT\nhhGCU8yIStk1PsVdTTJlnnNDYIlNC+J1ZZRHZ8eBv3R1ffeH2JR4isotEPZaRD5e\nAVh5yCSs7w+ZlZmlB0eMmFQ36NkVTHU1OpAb0IpU17SVwKi3ntAsAR1mwsOeK6LL\nGbaIbfQSLvJaT998Ai6iW4OcbRUdidPoCfgBIjVZAg7K4ImCzYaF0tlwiUbTNcAy\npefl22ABaZeAq7wseXM+z8d0rGuC/Q1TAoIBAQCwP8XVcHgMsZPJ9rY39cR+jf9l\nQnwix9Q3y0cLEzQ4r9gx1lX1gsukYYPNhRb5L7+YCUYLkKuIxVpVV4M+lK+QuM/H\nQ0vYhuU82Z4rF0arHPZUOlOJD7242nGGoFawtL9BKnAMRrG/YBXjPu0yNxrIvTJX\nTZC7hivPlG4PkFJ196oo2k6k0RKJlBlmi8HY1AwamQzDAJAxRp7/Oi+O8SHIj/uL\n7fu+np+3UVP7zv9a9sDZT4nMbaxmhx0SOoE1y6kIxTtiDLOlMwqfOTvokCORUDht\nfMWnyFjIEm7D/ApX9veT2ocQZA0AvQiK7BxlvD8O85P+RcQjCIKwl3CFAHiG\n-----END RSA PRIVATE KEY-----\n",
            "version_id": "96C9F756-2407-4A27-A61F-AD126B16E882",
            "version_stages": [
              "AWSCURRENT"
            ]
          },
          "sensitive_attributes": [
            [
              {
                "type": "get_attr",
                "value": "secret_string"
              }
            ]
          ],
          "private": "bnVsbA==",
          "dependencies": [
            "aws_secretsmanager_secret.secretsmanager",
            "tls_private_key.key_genrator"
          ]
        }
      ]
    },
    {
      "mode": "managed",
      "type": "aws_security_group",
      "name": "allow_ssh",
      "provider": "provider[\"registry.terraform.io/hashicorp/aws\"]",
      "instances": [
        {
          "schema_version": 1,
          "attributes": {
            "arn": "arn:aws:ec2:eu-north-1:065671177899:security-group/sg-044a5b8cac80e17d4",
            "description": "Allow ssh inbound traffic",
            "egress": [
              {
                "cidr_blocks": [
                  "0.0.0.0/0"
                ],
                "description": "",
                "from_port": 0,
                "ipv6_cidr_blocks": [],
                "prefix_list_ids": [],
                "protocol": "-1",
                "security_groups": [],
                "self": false,
                "to_port": 0
              }
            ],
            "id": "sg-044a5b8cac80e17d4",
            "ingress": [
              {
                "cidr_blocks": [
                  "0.0.0.0/0"
                ],
                "description": "ssh from VPC",
                "from_port": 22,
                "ipv6_cidr_blocks": [],
                "prefix_list_ids": [],
                "protocol": "tcp",
                "security_groups": [],
                "self": false,
                "to_port": 22
              }
            ],
            "name": "allow_ssh",
            "name_prefix": "",
            "owner_id": "065671177899",
            "revoke_rules_on_delete": false,
            "tags": {
              "Name": "allow_ssh"
            },
            "tags_all": {
              "Name": "allow_ssh"
            },
            "timeouts": null,
            "vpc_id": "vpc-03e12005ebe0197eb"
          },
          "sensitive_attributes": [],
          "private": "eyJlMmJmYjczMC1lY2FhLTExZTYtOGY4OC0zNDM2M2JjN2M0YzAiOnsiY3JlYXRlIjo2MDAwMDAwMDAwMDAsImRlbGV0ZSI6OTAwMDAwMDAwMDAwfSwic2NoZW1hX3ZlcnNpb24iOiIxIn0=",
          "dependencies": [
            "aws_vpc.main"
          ]
        }
      ]
    },
    {
      "mode": "managed",
      "type": "aws_security_group",
      "name": "allow_ssh_3000",
      "provider": "provider[\"registry.terraform.io/hashicorp/aws\"]",
      "instances": [
        {
          "schema_version": 1,
          "attributes": {
            "arn": "arn:aws:ec2:eu-north-1:065671177899:security-group/sg-06635d160e58b9958",
            "description": "allow ssh 3000 inbound traffic",
            "egress": [],
            "id": "sg-06635d160e58b9958",
            "ingress": [
              {
                "cidr_blocks": [
                  "10.0.0.0/16"
                ],
                "description": "allow 3000 from VPC",
                "from_port": 3000,
                "ipv6_cidr_blocks": [],
                "prefix_list_ids": [],
                "protocol": "tcp",
                "security_groups": [],
                "self": false,
                "to_port": 3000
              },
              {
                "cidr_blocks": [
                  "10.0.0.0/16"
                ],
                "description": "allow ssh from VPC",
                "from_port": 22,
                "ipv6_cidr_blocks": [],
                "prefix_list_ids": [],
                "protocol": "tcp",
                "security_groups": [],
                "self": false,
                "to_port": 22
              }
            ],
            "name": "allow_ssh_3000",
            "name_prefix": "",
            "owner_id": "065671177899",
            "revoke_rules_on_delete": false,
            "tags": {
              "Name": "allow_ssh_3000"
            },
            "tags_all": {
              "Name": "allow_ssh_3000"
            },
            "timeouts": null,
            "vpc_id": "vpc-03e12005ebe0197eb"
          },
          "sensitive_attributes": [],
          "private": "eyJlMmJmYjczMC1lY2FhLTExZTYtOGY4OC0zNDM2M2JjN2M0YzAiOnsiY3JlYXRlIjo2MDAwMDAwMDAwMDAsImRlbGV0ZSI6OTAwMDAwMDAwMDAwfSwic2NoZW1hX3ZlcnNpb24iOiIxIn0=",
          "dependencies": [
            "aws_vpc.main"
          ]
        }
      ]
    },
    {
      "mode": "managed",
      "type": "aws_subnet",
      "name": "pri-sub-1",
      "provider": "provider[\"registry.terraform.io/hashicorp/aws\"]",
      "instances": [
        {
          "schema_version": 1,
          "attributes": {
            "arn": "arn:aws:ec2:eu-north-1:065671177899:subnet/subnet-0dde5ea158f051d03",
            "assign_ipv6_address_on_creation": false,
            "availability_zone": "eu-north-1a",
            "availability_zone_id": "eun1-az1",
            "cidr_block": "10.0.3.0/24",
            "customer_owned_ipv4_pool": "",
            "enable_dns64": false,
            "enable_lni_at_device_index": 0,
            "enable_resource_name_dns_a_record_on_launch": false,
            "enable_resource_name_dns_aaaa_record_on_launch": false,
            "id": "subnet-0dde5ea158f051d03",
            "ipv6_cidr_block": "",
            "ipv6_cidr_block_association_id": "",
            "ipv6_native": false,
            "map_customer_owned_ip_on_launch": false,
            "map_public_ip_on_launch": false,
            "outpost_arn": "",
            "owner_id": "065671177899",
            "private_dns_hostname_type_on_launch": "ip-name",
            "tags": {
              "Name": "pri-sub-1"
            },
            "tags_all": {
              "Name": "pri-sub-1"
            },
            "timeouts": null,
            "vpc_id": "vpc-03e12005ebe0197eb"
          },
          "sensitive_attributes": [],
          "private": "eyJlMmJmYjczMC1lY2FhLTExZTYtOGY4OC0zNDM2M2JjN2M0YzAiOnsiY3JlYXRlIjo2MDAwMDAwMDAwMDAsImRlbGV0ZSI6MTIwMDAwMDAwMDAwMH0sInNjaGVtYV92ZXJzaW9uIjoiMSJ9",
          "dependencies": [
            "aws_vpc.main",
            "data.aws_availability_zones.available"
          ]
        }
      ]
    },
    {
      "mode": "managed",
      "type": "aws_subnet",
      "name": "pri-sub-2",
      "provider": "provider[\"registry.terraform.io/hashicorp/aws\"]",
      "instances": [
        {
          "schema_version": 1,
          "attributes": {
            "arn": "arn:aws:ec2:eu-north-1:065671177899:subnet/subnet-0f4287e223b5f5586",
            "assign_ipv6_address_on_creation": false,
            "availability_zone": "eu-north-1b",
            "availability_zone_id": "eun1-az2",
            "cidr_block": "10.0.4.0/24",
            "customer_owned_ipv4_pool": "",
            "enable_dns64": false,
            "enable_lni_at_device_index": 0,
            "enable_resource_name_dns_a_record_on_launch": false,
            "enable_resource_name_dns_aaaa_record_on_launch": false,
            "id": "subnet-0f4287e223b5f5586",
            "ipv6_cidr_block": "",
            "ipv6_cidr_block_association_id": "",
            "ipv6_native": false,
            "map_customer_owned_ip_on_launch": false,
            "map_public_ip_on_launch": false,
            "outpost_arn": "",
            "owner_id": "065671177899",
            "private_dns_hostname_type_on_launch": "ip-name",
            "tags": {
              "Name": "pri-sub-1"
            },
            "tags_all": {
              "Name": "pri-sub-1"
            },
            "timeouts": null,
            "vpc_id": "vpc-03e12005ebe0197eb"
          },
          "sensitive_attributes": [],
          "private": "eyJlMmJmYjczMC1lY2FhLTExZTYtOGY4OC0zNDM2M2JjN2M0YzAiOnsiY3JlYXRlIjo2MDAwMDAwMDAwMDAsImRlbGV0ZSI6MTIwMDAwMDAwMDAwMH0sInNjaGVtYV92ZXJzaW9uIjoiMSJ9",
          "dependencies": [
            "aws_vpc.main",
            "data.aws_availability_zones.available"
          ]
        }
      ]
    },
    {
      "mode": "managed",
      "type": "aws_subnet",
      "name": "pub-sub-1",
      "provider": "provider[\"registry.terraform.io/hashicorp/aws\"]",
      "instances": [
        {
          "schema_version": 1,
          "attributes": {
            "arn": "arn:aws:ec2:eu-north-1:065671177899:subnet/subnet-0c1fa3d191bd1a1ca",
            "assign_ipv6_address_on_creation": false,
            "availability_zone": "eu-north-1a",
            "availability_zone_id": "eun1-az1",
            "cidr_block": "10.0.1.0/24",
            "customer_owned_ipv4_pool": "",
            "enable_dns64": false,
            "enable_lni_at_device_index": 0,
            "enable_resource_name_dns_a_record_on_launch": false,
            "enable_resource_name_dns_aaaa_record_on_launch": false,
            "id": "subnet-0c1fa3d191bd1a1ca",
            "ipv6_cidr_block": "",
            "ipv6_cidr_block_association_id": "",
            "ipv6_native": false,
            "map_customer_owned_ip_on_launch": false,
            "map_public_ip_on_launch": false,
            "outpost_arn": "",
            "owner_id": "065671177899",
            "private_dns_hostname_type_on_launch": "ip-name",
            "tags": {
              "Name": "pub-sub-1"
            },
            "tags_all": {
              "Name": "pub-sub-1"
            },
            "timeouts": null,
            "vpc_id": "vpc-03e12005ebe0197eb"
          },
          "sensitive_attributes": [],
          "private": "eyJlMmJmYjczMC1lY2FhLTExZTYtOGY4OC0zNDM2M2JjN2M0YzAiOnsiY3JlYXRlIjo2MDAwMDAwMDAwMDAsImRlbGV0ZSI6MTIwMDAwMDAwMDAwMH0sInNjaGVtYV92ZXJzaW9uIjoiMSJ9",
          "dependencies": [
            "aws_vpc.main",
            "data.aws_availability_zones.available"
          ]
        }
      ]
    },
    {
      "mode": "managed",
      "type": "aws_subnet",
      "name": "pub-sub-2",
      "provider": "provider[\"registry.terraform.io/hashicorp/aws\"]",
      "instances": [
        {
          "schema_version": 1,
          "attributes": {
            "arn": "arn:aws:ec2:eu-north-1:065671177899:subnet/subnet-0f9c5819965d0c6d7",
            "assign_ipv6_address_on_creation": false,
            "availability_zone": "eu-north-1b",
            "availability_zone_id": "eun1-az2",
            "cidr_block": "10.0.2.0/24",
            "customer_owned_ipv4_pool": "",
            "enable_dns64": false,
            "enable_lni_at_device_index": 0,
            "enable_resource_name_dns_a_record_on_launch": false,
            "enable_resource_name_dns_aaaa_record_on_launch": false,
            "id": "subnet-0f9c5819965d0c6d7",
            "ipv6_cidr_block": "",
            "ipv6_cidr_block_association_id": "",
            "ipv6_native": false,
            "map_customer_owned_ip_on_launch": false,
            "map_public_ip_on_launch": false,
            "outpost_arn": "",
            "owner_id": "065671177899",
            "private_dns_hostname_type_on_launch": "ip-name",
            "tags": {
              "Name": "pub-sub-2"
            },
            "tags_all": {
              "Name": "pub-sub-2"
            },
            "timeouts": null,
            "vpc_id": "vpc-03e12005ebe0197eb"
          },
          "sensitive_attributes": [],
          "private": "eyJlMmJmYjczMC1lY2FhLTExZTYtOGY4OC0zNDM2M2JjN2M0YzAiOnsiY3JlYXRlIjo2MDAwMDAwMDAwMDAsImRlbGV0ZSI6MTIwMDAwMDAwMDAwMH0sInNjaGVtYV92ZXJzaW9uIjoiMSJ9",
          "dependencies": [
            "aws_vpc.main",
            "data.aws_availability_zones.available"
          ]
        }
      ]
    },
    {
      "mode": "managed",
      "type": "aws_vpc",
      "name": "main",
      "provider": "provider[\"registry.terraform.io/hashicorp/aws\"]",
      "instances": [
        {
          "schema_version": 1,
          "attributes": {
            "arn": "arn:aws:ec2:eu-north-1:065671177899:vpc/vpc-03e12005ebe0197eb",
            "assign_generated_ipv6_cidr_block": false,
            "cidr_block": "10.0.0.0/16",
            "default_network_acl_id": "acl-03601df872d0d9c25",
            "default_route_table_id": "rtb-02c6ca6338b3ad4dd",
            "default_security_group_id": "sg-04dea0d2be430ade2",
            "dhcp_options_id": "dopt-0b09f9514759b5af9",
            "enable_dns_hostnames": true,
            "enable_dns_support": true,
            "enable_network_address_usage_metrics": false,
            "id": "vpc-03e12005ebe0197eb",
            "instance_tenancy": "default",
            "ipv4_ipam_pool_id": null,
            "ipv4_netmask_length": null,
            "ipv6_association_id": "",
            "ipv6_cidr_block": "",
            "ipv6_cidr_block_network_border_group": "",
            "ipv6_ipam_pool_id": "",
            "ipv6_netmask_length": 0,
            "main_route_table_id": "rtb-02c6ca6338b3ad4dd",
            "owner_id": "065671177899",
            "tags": {
              "Name": "main"
            },
            "tags_all": {
              "Name": "main"
            }
          },
          "sensitive_attributes": [],
          "private": "eyJzY2hlbWFfdmVyc2lvbiI6IjEifQ=="
        }
      ]
    },
    {
      "mode": "managed",
      "type": "local_file",
      "name": "tf-private-key",
      "provider": "provider[\"registry.terraform.io/hashicorp/local\"]",
      "instances": [
        {
          "schema_version": 0,
          "attributes": {
            "content": "-----BEGIN RSA PRIVATE KEY-----\nMIIJKQIBAAKCAgEAsGsTEbwzUpI4gCko4/j8/2zpmN5Il+MbeTkEt/INpB7A4Iz2\nAZZXTsZtwn+lkH4MDoDnYTpVDbzUo/T75SB+LsAFrJioJeEriHeIGBKX0KBlVwd/\nPebvfysVuEcb822g3/w9paMsJfNj5ijQocEMpfqNp/QuM7yEsTEgXavQkmQ1dgoO\nDqF0bUeM2865+laFNpU2SB/TAgUnatB2GJGmk9910dtJXIe/2VsseLuQRMoj0HIo\nQ9d0gt222+Svn0/o9dPFFJCYGWau1q0cmMCSIFR5g5w3AzWhjQ8isnMiiP2PjEJN\niwjKm/10xV1Ly1a4gL7SGmv2lgBsxhJOGG8NP8HMrrtTJyeFJUQaYsG/ybIW+ZJt\njsfcMqREfNOixRu7w4Mgp4MC4DAQos6VUzUuaeyxd7833NgZWVw2/dv+gRArEX2W\nAoN5NglHD/tYmr6P2pDpYs4OqwZnB8A2T8aBlHRMbAj3X9uA0V7CM+QeyBGagGOW\nTBJBucnE8ffxia+J9R/pG5yoG7sd5n5rsd1lYrhS1kFOGoAx7tuwIBXxlH6Cs0AE\nsD/iapeZA2e4TeLeuE7GQD3/CX8Z6fccHctbhbRE+6llnb/ECY5HTTMYL3ikuug0\nl0rGKDuLmSXB94EbDz67H0qBi3SBZSAo5HcMKz1f55VMqlyNZfOX0fER/kkCAwEA\nAQKCAgAWwzoKp8XXeZZgsu7bu1ypeFwLpWKodl0tHvZE5a5s5qrsTkPPoJ5TQ7cV\nyXKLWjgkBu3T1brzstGc9hcqUS72yT/yLSBFAvCjAwlEUeHUwV1SBV2dlxZ/ygdb\nZ5Frr1F6lQk/PfaMTwMsx0dkF4ySPenZKeBsPH7Cfhw2+dxHhzZ+rH1z1dE36Gt8\nUQgeDNvTVx1R4QlQ0WlslskmEmTz33lMQocMsVdHrEPosArFVW+ZjaE0X7Bg0kqt\nxKwEWkMstM5RAPcfD+ivOlbePrqcAUpMePOALoNRuAo6DDEAi/bhmgx3TAMYbXOL\no6YL7nyP4A8r6ZI/eH6Qb/wzmuCSim5gf5QNCKSjFJxAZUYzJGM7n6Cv9e9DjGhp\nRZeQqYxJG9JYhGp7Nr0dOvUrqwQhqWtXfDm8Dr8mbx6VTJ/XtQ6KlZZ8xHb0q3qg\njv4tgBEw+8uTa9KUELo3rys8XIVIHaptkBEKf60kFpTEeBUAxsseC0eELd713/QO\nmyEBRjo2ucTgGTwckXCkZAjJjWELtMCd3jj4bIKXiWs9mWzyt+0KHzL57HxoFWDN\nAjZjbMhMm4fCuNHThZLVfJTweG4gUVdfD4WGOoclDUaDLZYOr9+QBr9SOWWLDZT9\nab9LDtk/xaXHeiq9vV7oTRzOVmecYXRR8ShGeAzMJVZ75p/YIQKCAQEAxmYPoYfW\ndHb0xoxRKsvMB9QmTywNUyyzk4I0+eeKLK+VGWXw1pVwnAt4UkHAsbpNNujl1pUF\nzmvLlQoF1WYyIH1kJvarPxrYnkzcPPICIJPx2X0ImUgm4XXV6G54D6fN+maNeIQs\nZTU+gKU6n5RFDvoEuYsLFhz/Or5FxjngELS4kzwyyF+E5hDVxU+VZLLYwmrxfb8B\nTh5WBDYE2gHapBlg6BPmdACbBFnpR5QWUWg+n4CsSKjCLiGKcA9DMQAFlMb0M6J5\nbUoXjd1+8/37y3bvvjF06GPZX2+ZNbYxaXi1l7E78e5VOhN/w3AY3O96TlbATCy3\nXD2m84vfCHq6cwKCAQEA46NS3wuZdT7CAwZJu5Epqo1rwkcWsIf5Q0H81J60PV5y\nd24McrG++y9uDkwbGxLZsj3D0GEyVKlHmAm3gTtqo+yonJWU7/jZ1RR6qGY3ytRm\nQ8Ic8vWBYUz5XphD+5WUAqk5EdMIVGYZ5lJoC9Ko64Af68CsmTuftTv/xq3XayPM\nxu904AYNVvOzViM1OxnsW70wHyTQ2wmLZkmydvRxxhMJzIYwQtmuGSdLcSyF8YBc\n/V5VslqBtBPkBp0MkyJR4UHz4DBwnKrhpAd19qYPpu9PdCTFHheTym2HXOQmisne\npqDczvDxrwbKmVuwIwOpJrgoVK7bA5p1EOuzDoCJUwKCAQB/GzYac8+GUAvkBFOg\nCm8N+PIOORfUWMg30eykyp1woZDxc6kHoThDEOomMPAGLWh4rF9Lya+tnswQERrJ\nrC6jOBJpEBGIXWe4i19yQE3ylzYT85IFuf8G5RqFTfjndsd1DCzIsE1NDf6cJr9X\nK4PO44kRYi5ZHXy7ItnK9JtDuLSjx6Z1TxTy3IhIYANDP321mRRcTnnElZTgH8ed\n8CAmkAfQx6cWXKjz8bKN5CckQpgUUjiOWGgHa/+oaW7PvsbUmV4skoQe66AJiIVk\nRi0CHpHcFQ1kMUw7Y2ER00b23pngtHDGP74kdgedq3ySV27RL60FYIScuPb0A4GB\nijdXAoIBAQDXMHDJuwxhYmdDNrGC53IM8U15xXv0e0WuR/X7BN/714m7zsNjtRWG\nHEscpuNEz6gNsAeouAk9MR0l46GeQA3KUpD+HQVDaOp7XLWq9Z4uVmUqDpkRL/YT\nhhGCU8yIStk1PsVdTTJlnnNDYIlNC+J1ZZRHZ8eBv3R1ffeH2JR4isotEPZaRD5e\nAVh5yCSs7w+ZlZmlB0eMmFQ36NkVTHU1OpAb0IpU17SVwKi3ntAsAR1mwsOeK6LL\nGbaIbfQSLvJaT998Ai6iW4OcbRUdidPoCfgBIjVZAg7K4ImCzYaF0tlwiUbTNcAy\npefl22ABaZeAq7wseXM+z8d0rGuC/Q1TAoIBAQCwP8XVcHgMsZPJ9rY39cR+jf9l\nQnwix9Q3y0cLEzQ4r9gx1lX1gsukYYPNhRb5L7+YCUYLkKuIxVpVV4M+lK+QuM/H\nQ0vYhuU82Z4rF0arHPZUOlOJD7242nGGoFawtL9BKnAMRrG/YBXjPu0yNxrIvTJX\nTZC7hivPlG4PkFJ196oo2k6k0RKJlBlmi8HY1AwamQzDAJAxRp7/Oi+O8SHIj/uL\n7fu+np+3UVP7zv9a9sDZT4nMbaxmhx0SOoE1y6kIxTtiDLOlMwqfOTvokCORUDht\nfMWnyFjIEm7D/ApX9veT2ocQZA0AvQiK7BxlvD8O85P+RcQjCIKwl3CFAHiG\n-----END RSA PRIVATE KEY-----\n",
            "content_base64": null,
            "content_base64sha256": "H6KrfMQ2R2oozVTGRp48jhZLquP6t/GHHtmjIJZGN5A=",
            "content_base64sha512": "DuwR3ff42Z/dFgQhKcYI9US3FW3pqhnBzNYtugBuJhVSpooXKNQIsaD4ID3G4i1o0sCVC4xuVt7t7zOmo2UE0w==",
            "content_md5": "f7a5a8df96dcfee45f1619bb73a85218",
            "content_sha1": "d0f02d628999d29ffd29fcd5eb8b64e58a8a4f65",
            "content_sha256": "1fa2ab7cc436476a28cd54c6469e3c8e164baae3fab7f1871ed9a32096463790",
            "content_sha512": "0eec11ddf7f8d99fdd16042129c608f544b7156de9aa19c1ccd62dba006e261552a68a1728d408b1a0f8203dc6e22d68d2c0950b8c6e56deedef33a6a36504d3",
            "directory_permission": "0777",
            "file_permission": "0777",
            "filename": "tf_key.pem",
            "id": "d0f02d628999d29ffd29fcd5eb8b64e58a8a4f65",
            "sensitive_content": null,
            "source": null
          },
          "sensitive_attributes": [
            [
              {
                "type": "get_attr",
                "value": "content"
              }
            ]
          ],
          "dependencies": [
            "tls_private_key.key_genrator"
          ]
        }
      ]
    },
    {
      "mode": "managed",
      "type": "tls_private_key",
      "name": "key_genrator",
      "provider": "provider[\"registry.terraform.io/hashicorp/tls\"]",
      "instances": [
        {
          "schema_version": 1,
          "attributes": {
            "algorithm": "RSA",
            "ecdsa_curve": "P224",
            "id": "63a8543ffb90a6bc01f9dd8ed2d6f652f6c8c8c4",
            "private_key_openssh": "-----BEGIN OPENSSH PRIVATE KEY-----\nb3BlbnNzaC1rZXktdjEAAAAABG5vbmUAAAAEbm9uZQAAAAAAAAABAAACFwAAAAdz\nc2gtcnNhAAAAAwEAAQAAAgEAsGsTEbwzUpI4gCko4/j8/2zpmN5Il+MbeTkEt/IN\npB7A4Iz2AZZXTsZtwn+lkH4MDoDnYTpVDbzUo/T75SB+LsAFrJioJeEriHeIGBKX\n0KBlVwd/PebvfysVuEcb822g3/w9paMsJfNj5ijQocEMpfqNp/QuM7yEsTEgXavQ\nkmQ1dgoODqF0bUeM2865+laFNpU2SB/TAgUnatB2GJGmk9910dtJXIe/2VsseLuQ\nRMoj0HIoQ9d0gt222+Svn0/o9dPFFJCYGWau1q0cmMCSIFR5g5w3AzWhjQ8isnMi\niP2PjEJNiwjKm/10xV1Ly1a4gL7SGmv2lgBsxhJOGG8NP8HMrrtTJyeFJUQaYsG/\nybIW+ZJtjsfcMqREfNOixRu7w4Mgp4MC4DAQos6VUzUuaeyxd7833NgZWVw2/dv+\ngRArEX2WAoN5NglHD/tYmr6P2pDpYs4OqwZnB8A2T8aBlHRMbAj3X9uA0V7CM+Qe\nyBGagGOWTBJBucnE8ffxia+J9R/pG5yoG7sd5n5rsd1lYrhS1kFOGoAx7tuwIBXx\nlH6Cs0AEsD/iapeZA2e4TeLeuE7GQD3/CX8Z6fccHctbhbRE+6llnb/ECY5HTTMY\nL3ikuug0l0rGKDuLmSXB94EbDz67H0qBi3SBZSAo5HcMKz1f55VMqlyNZfOX0fER\n/kkAAAc4YhmEGmIZhBoAAAAHc3NoLXJzYQAAAgEAsGsTEbwzUpI4gCko4/j8/2zp\nmN5Il+MbeTkEt/INpB7A4Iz2AZZXTsZtwn+lkH4MDoDnYTpVDbzUo/T75SB+LsAF\nrJioJeEriHeIGBKX0KBlVwd/PebvfysVuEcb822g3/w9paMsJfNj5ijQocEMpfqN\np/QuM7yEsTEgXavQkmQ1dgoODqF0bUeM2865+laFNpU2SB/TAgUnatB2GJGmk991\n0dtJXIe/2VsseLuQRMoj0HIoQ9d0gt222+Svn0/o9dPFFJCYGWau1q0cmMCSIFR5\ng5w3AzWhjQ8isnMiiP2PjEJNiwjKm/10xV1Ly1a4gL7SGmv2lgBsxhJOGG8NP8HM\nrrtTJyeFJUQaYsG/ybIW+ZJtjsfcMqREfNOixRu7w4Mgp4MC4DAQos6VUzUuaeyx\nd7833NgZWVw2/dv+gRArEX2WAoN5NglHD/tYmr6P2pDpYs4OqwZnB8A2T8aBlHRM\nbAj3X9uA0V7CM+QeyBGagGOWTBJBucnE8ffxia+J9R/pG5yoG7sd5n5rsd1lYrhS\n1kFOGoAx7tuwIBXxlH6Cs0AEsD/iapeZA2e4TeLeuE7GQD3/CX8Z6fccHctbhbRE\n+6llnb/ECY5HTTMYL3ikuug0l0rGKDuLmSXB94EbDz67H0qBi3SBZSAo5HcMKz1f\n55VMqlyNZfOX0fER/kkAAAADAQABAAACABbDOgqnxdd5lmCy7tu7XKl4XAulYqh2\nXS0e9kTlrmzmquxOQ8+gnlNDtxXJcotaOCQG7dPVuvOy0Zz2FypRLvbJP/ItIEUC\n8KMDCURR4dTBXVIFXZ2XFn/KB1tnkWuvUXqVCT899oxPAyzHR2QXjJI96dkp4Gw8\nfsJ+HDb53EeHNn6sfXPV0Tfoa3xRCB4M29NXHVHhCVDRaWyWySYSZPPfeUxChwyx\nV0esQ+iwCsVVb5mNoTRfsGDSSq3ErARaQyy0zlEA9x8P6K86Vt4+upwBSkx484Au\ng1G4CjoMMQCL9uGaDHdMAxhtc4ujpgvufI/gDyvpkj94fpBv/DOa4JKKbmB/lA0I\npKMUnEBlRjMkYzufoK/170OMaGlFl5CpjEkb0liEans2vR069SurBCGpa1d8ObwO\nvyZvHpVMn9e1DoqVlnzEdvSreqCO/i2AETD7y5Nr0pQQujevKzxchUgdqm2QEQp/\nrSQWlMR4FQDGyx4LR4Qt3vXf9A6bIQFGOja5xOAZPByRcKRkCMmNYQu0wJ3eOPhs\ngpeJaz2ZbPK37QofMvnsfGgVYM0CNmNsyEybh8K40dOFktV8lPB4biBRV18PhYY6\nhyUNRoMtlg6v35AGv1I5ZYsNlP1pv0sO2T/Fpcd6Kr29XuhNHM5WZ5xhdFHxKEZ4\nDMwlVnvmn9ghAAABAQCwP8XVcHgMsZPJ9rY39cR+jf9lQnwix9Q3y0cLEzQ4r9gx\n1lX1gsukYYPNhRb5L7+YCUYLkKuIxVpVV4M+lK+QuM/HQ0vYhuU82Z4rF0arHPZU\nOlOJD7242nGGoFawtL9BKnAMRrG/YBXjPu0yNxrIvTJXTZC7hivPlG4PkFJ196oo\n2k6k0RKJlBlmi8HY1AwamQzDAJAxRp7/Oi+O8SHIj/uL7fu+np+3UVP7zv9a9sDZ\nT4nMbaxmhx0SOoE1y6kIxTtiDLOlMwqfOTvokCORUDhtfMWnyFjIEm7D/ApX9veT\n2ocQZA0AvQiK7BxlvD8O85P+RcQjCIKwl3CFAHiGAAABAQDGZg+hh9Z0dvTGjFEq\ny8wH1CZPLA1TLLOTgjT554osr5UZZfDWlXCcC3hSQcCxuk026OXWlQXOa8uVCgXV\nZjIgfWQm9qs/GtieTNw88gIgk/HZfQiZSCbhddXobngPp836Zo14hCxlNT6ApTqf\nlEUO+gS5iwsWHP86vkXGOeAQtLiTPDLIX4TmENXFT5VkstjCavF9vwFOHlYENgTa\nAdqkGWDoE+Z0AJsEWelHlBZRaD6fgKxIqMIuIYpwD0MxAAWUxvQzonltSheN3X7z\n/fvLdu++MXToY9lfb5k1tjFpeLWXsTvx7lU6E3/DcBjc73pOVsBMLLdcPabzi98I\nerpzAAABAQDjo1LfC5l1PsIDBkm7kSmqjWvCRxawh/lDQfzUnrQ9XnJ3bgxysb77\nL24OTBsbEtmyPcPQYTJUqUeYCbeBO2qj7KiclZTv+NnVFHqoZjfK1GZDwhzy9YFh\nTPlemEP7lZQCqTkR0whUZhnmUmgL0qjrgB/rwKyZO5+1O//GrddrI8zG73TgBg1W\n87NWIzU7GexbvTAfJNDbCYtmSbJ29HHGEwnMhjBC2a4ZJ0txLIXxgFz9XlWyWoG0\nE+QGnQyTIlHhQfPgMHCcquGkB3X2pg+m7090JMUeF5PKbYdc5CaKyd6moNzO8PGv\nBsqZW7AjA6kmuChUrtsDmnUQ67MOgIlTAAAAAAEC\n-----END OPENSSH PRIVATE KEY-----\n",
            "private_key_pem": "-----BEGIN RSA PRIVATE KEY-----\nMIIJKQIBAAKCAgEAsGsTEbwzUpI4gCko4/j8/2zpmN5Il+MbeTkEt/INpB7A4Iz2\nAZZXTsZtwn+lkH4MDoDnYTpVDbzUo/T75SB+LsAFrJioJeEriHeIGBKX0KBlVwd/\nPebvfysVuEcb822g3/w9paMsJfNj5ijQocEMpfqNp/QuM7yEsTEgXavQkmQ1dgoO\nDqF0bUeM2865+laFNpU2SB/TAgUnatB2GJGmk9910dtJXIe/2VsseLuQRMoj0HIo\nQ9d0gt222+Svn0/o9dPFFJCYGWau1q0cmMCSIFR5g5w3AzWhjQ8isnMiiP2PjEJN\niwjKm/10xV1Ly1a4gL7SGmv2lgBsxhJOGG8NP8HMrrtTJyeFJUQaYsG/ybIW+ZJt\njsfcMqREfNOixRu7w4Mgp4MC4DAQos6VUzUuaeyxd7833NgZWVw2/dv+gRArEX2W\nAoN5NglHD/tYmr6P2pDpYs4OqwZnB8A2T8aBlHRMbAj3X9uA0V7CM+QeyBGagGOW\nTBJBucnE8ffxia+J9R/pG5yoG7sd5n5rsd1lYrhS1kFOGoAx7tuwIBXxlH6Cs0AE\nsD/iapeZA2e4TeLeuE7GQD3/CX8Z6fccHctbhbRE+6llnb/ECY5HTTMYL3ikuug0\nl0rGKDuLmSXB94EbDz67H0qBi3SBZSAo5HcMKz1f55VMqlyNZfOX0fER/kkCAwEA\nAQKCAgAWwzoKp8XXeZZgsu7bu1ypeFwLpWKodl0tHvZE5a5s5qrsTkPPoJ5TQ7cV\nyXKLWjgkBu3T1brzstGc9hcqUS72yT/yLSBFAvCjAwlEUeHUwV1SBV2dlxZ/ygdb\nZ5Frr1F6lQk/PfaMTwMsx0dkF4ySPenZKeBsPH7Cfhw2+dxHhzZ+rH1z1dE36Gt8\nUQgeDNvTVx1R4QlQ0WlslskmEmTz33lMQocMsVdHrEPosArFVW+ZjaE0X7Bg0kqt\nxKwEWkMstM5RAPcfD+ivOlbePrqcAUpMePOALoNRuAo6DDEAi/bhmgx3TAMYbXOL\no6YL7nyP4A8r6ZI/eH6Qb/wzmuCSim5gf5QNCKSjFJxAZUYzJGM7n6Cv9e9DjGhp\nRZeQqYxJG9JYhGp7Nr0dOvUrqwQhqWtXfDm8Dr8mbx6VTJ/XtQ6KlZZ8xHb0q3qg\njv4tgBEw+8uTa9KUELo3rys8XIVIHaptkBEKf60kFpTEeBUAxsseC0eELd713/QO\nmyEBRjo2ucTgGTwckXCkZAjJjWELtMCd3jj4bIKXiWs9mWzyt+0KHzL57HxoFWDN\nAjZjbMhMm4fCuNHThZLVfJTweG4gUVdfD4WGOoclDUaDLZYOr9+QBr9SOWWLDZT9\nab9LDtk/xaXHeiq9vV7oTRzOVmecYXRR8ShGeAzMJVZ75p/YIQKCAQEAxmYPoYfW\ndHb0xoxRKsvMB9QmTywNUyyzk4I0+eeKLK+VGWXw1pVwnAt4UkHAsbpNNujl1pUF\nzmvLlQoF1WYyIH1kJvarPxrYnkzcPPICIJPx2X0ImUgm4XXV6G54D6fN+maNeIQs\nZTU+gKU6n5RFDvoEuYsLFhz/Or5FxjngELS4kzwyyF+E5hDVxU+VZLLYwmrxfb8B\nTh5WBDYE2gHapBlg6BPmdACbBFnpR5QWUWg+n4CsSKjCLiGKcA9DMQAFlMb0M6J5\nbUoXjd1+8/37y3bvvjF06GPZX2+ZNbYxaXi1l7E78e5VOhN/w3AY3O96TlbATCy3\nXD2m84vfCHq6cwKCAQEA46NS3wuZdT7CAwZJu5Epqo1rwkcWsIf5Q0H81J60PV5y\nd24McrG++y9uDkwbGxLZsj3D0GEyVKlHmAm3gTtqo+yonJWU7/jZ1RR6qGY3ytRm\nQ8Ic8vWBYUz5XphD+5WUAqk5EdMIVGYZ5lJoC9Ko64Af68CsmTuftTv/xq3XayPM\nxu904AYNVvOzViM1OxnsW70wHyTQ2wmLZkmydvRxxhMJzIYwQtmuGSdLcSyF8YBc\n/V5VslqBtBPkBp0MkyJR4UHz4DBwnKrhpAd19qYPpu9PdCTFHheTym2HXOQmisne\npqDczvDxrwbKmVuwIwOpJrgoVK7bA5p1EOuzDoCJUwKCAQB/GzYac8+GUAvkBFOg\nCm8N+PIOORfUWMg30eykyp1woZDxc6kHoThDEOomMPAGLWh4rF9Lya+tnswQERrJ\nrC6jOBJpEBGIXWe4i19yQE3ylzYT85IFuf8G5RqFTfjndsd1DCzIsE1NDf6cJr9X\nK4PO44kRYi5ZHXy7ItnK9JtDuLSjx6Z1TxTy3IhIYANDP321mRRcTnnElZTgH8ed\n8CAmkAfQx6cWXKjz8bKN5CckQpgUUjiOWGgHa/+oaW7PvsbUmV4skoQe66AJiIVk\nRi0CHpHcFQ1kMUw7Y2ER00b23pngtHDGP74kdgedq3ySV27RL60FYIScuPb0A4GB\nijdXAoIBAQDXMHDJuwxhYmdDNrGC53IM8U15xXv0e0WuR/X7BN/714m7zsNjtRWG\nHEscpuNEz6gNsAeouAk9MR0l46GeQA3KUpD+HQVDaOp7XLWq9Z4uVmUqDpkRL/YT\nhhGCU8yIStk1PsVdTTJlnnNDYIlNC+J1ZZRHZ8eBv3R1ffeH2JR4isotEPZaRD5e\nAVh5yCSs7w+ZlZmlB0eMmFQ36NkVTHU1OpAb0IpU17SVwKi3ntAsAR1mwsOeK6LL\nGbaIbfQSLvJaT998Ai6iW4OcbRUdidPoCfgBIjVZAg7K4ImCzYaF0tlwiUbTNcAy\npefl22ABaZeAq7wseXM+z8d0rGuC/Q1TAoIBAQCwP8XVcHgMsZPJ9rY39cR+jf9l\nQnwix9Q3y0cLEzQ4r9gx1lX1gsukYYPNhRb5L7+YCUYLkKuIxVpVV4M+lK+QuM/H\nQ0vYhuU82Z4rF0arHPZUOlOJD7242nGGoFawtL9BKnAMRrG/YBXjPu0yNxrIvTJX\nTZC7hivPlG4PkFJ196oo2k6k0RKJlBlmi8HY1AwamQzDAJAxRp7/Oi+O8SHIj/uL\n7fu+np+3UVP7zv9a9sDZT4nMbaxmhx0SOoE1y6kIxTtiDLOlMwqfOTvokCORUDht\nfMWnyFjIEm7D/ApX9veT2ocQZA0AvQiK7BxlvD8O85P+RcQjCIKwl3CFAHiG\n-----END RSA PRIVATE KEY-----\n",
            "private_key_pem_pkcs8": "-----BEGIN PRIVATE KEY-----\nMIIJQwIBADANBgkqhkiG9w0BAQEFAASCCS0wggkpAgEAAoICAQCwaxMRvDNSkjiA\nKSjj+Pz/bOmY3kiX4xt5OQS38g2kHsDgjPYBlldOxm3Cf6WQfgwOgOdhOlUNvNSj\n9PvlIH4uwAWsmKgl4SuId4gYEpfQoGVXB3895u9/KxW4RxvzbaDf/D2loywl82Pm\nKNChwQyl+o2n9C4zvISxMSBdq9CSZDV2Cg4OoXRtR4zbzrn6VoU2lTZIH9MCBSdq\n0HYYkaaT33XR20lch7/ZWyx4u5BEyiPQcihD13SC3bbb5K+fT+j108UUkJgZZq7W\nrRyYwJIgVHmDnDcDNaGNDyKycyKI/Y+MQk2LCMqb/XTFXUvLVriAvtIaa/aWAGzG\nEk4Ybw0/wcyuu1MnJ4UlRBpiwb/Jshb5km2Ox9wypER806LFG7vDgyCngwLgMBCi\nzpVTNS5p7LF3vzfc2BlZXDb92/6BECsRfZYCg3k2CUcP+1iavo/akOlizg6rBmcH\nwDZPxoGUdExsCPdf24DRXsIz5B7IEZqAY5ZMEkG5ycTx9/GJr4n1H+kbnKgbux3m\nfmux3WViuFLWQU4agDHu27AgFfGUfoKzQASwP+Jql5kDZ7hN4t64TsZAPf8Jfxnp\n9xwdy1uFtET7qWWdv8QJjkdNMxgveKS66DSXSsYoO4uZJcH3gRsPPrsfSoGLdIFl\nICjkdwwrPV/nlUyqXI1l85fR8RH+SQIDAQABAoICABbDOgqnxdd5lmCy7tu7XKl4\nXAulYqh2XS0e9kTlrmzmquxOQ8+gnlNDtxXJcotaOCQG7dPVuvOy0Zz2FypRLvbJ\nP/ItIEUC8KMDCURR4dTBXVIFXZ2XFn/KB1tnkWuvUXqVCT899oxPAyzHR2QXjJI9\n6dkp4Gw8fsJ+HDb53EeHNn6sfXPV0Tfoa3xRCB4M29NXHVHhCVDRaWyWySYSZPPf\neUxChwyxV0esQ+iwCsVVb5mNoTRfsGDSSq3ErARaQyy0zlEA9x8P6K86Vt4+upwB\nSkx484Aug1G4CjoMMQCL9uGaDHdMAxhtc4ujpgvufI/gDyvpkj94fpBv/DOa4JKK\nbmB/lA0IpKMUnEBlRjMkYzufoK/170OMaGlFl5CpjEkb0liEans2vR069SurBCGp\na1d8ObwOvyZvHpVMn9e1DoqVlnzEdvSreqCO/i2AETD7y5Nr0pQQujevKzxchUgd\nqm2QEQp/rSQWlMR4FQDGyx4LR4Qt3vXf9A6bIQFGOja5xOAZPByRcKRkCMmNYQu0\nwJ3eOPhsgpeJaz2ZbPK37QofMvnsfGgVYM0CNmNsyEybh8K40dOFktV8lPB4biBR\nV18PhYY6hyUNRoMtlg6v35AGv1I5ZYsNlP1pv0sO2T/Fpcd6Kr29XuhNHM5WZ5xh\ndFHxKEZ4DMwlVnvmn9ghAoIBAQDGZg+hh9Z0dvTGjFEqy8wH1CZPLA1TLLOTgjT5\n54osr5UZZfDWlXCcC3hSQcCxuk026OXWlQXOa8uVCgXVZjIgfWQm9qs/GtieTNw8\n8gIgk/HZfQiZSCbhddXobngPp836Zo14hCxlNT6ApTqflEUO+gS5iwsWHP86vkXG\nOeAQtLiTPDLIX4TmENXFT5VkstjCavF9vwFOHlYENgTaAdqkGWDoE+Z0AJsEWelH\nlBZRaD6fgKxIqMIuIYpwD0MxAAWUxvQzonltSheN3X7z/fvLdu++MXToY9lfb5k1\ntjFpeLWXsTvx7lU6E3/DcBjc73pOVsBMLLdcPabzi98IerpzAoIBAQDjo1LfC5l1\nPsIDBkm7kSmqjWvCRxawh/lDQfzUnrQ9XnJ3bgxysb77L24OTBsbEtmyPcPQYTJU\nqUeYCbeBO2qj7KiclZTv+NnVFHqoZjfK1GZDwhzy9YFhTPlemEP7lZQCqTkR0whU\nZhnmUmgL0qjrgB/rwKyZO5+1O//GrddrI8zG73TgBg1W87NWIzU7GexbvTAfJNDb\nCYtmSbJ29HHGEwnMhjBC2a4ZJ0txLIXxgFz9XlWyWoG0E+QGnQyTIlHhQfPgMHCc\nquGkB3X2pg+m7090JMUeF5PKbYdc5CaKyd6moNzO8PGvBsqZW7AjA6kmuChUrtsD\nmnUQ67MOgIlTAoIBAH8bNhpzz4ZQC+QEU6AKbw348g45F9RYyDfR7KTKnXChkPFz\nqQehOEMQ6iYw8AYtaHisX0vJr62ezBARGsmsLqM4EmkQEYhdZ7iLX3JATfKXNhPz\nkgW5/wblGoVN+Od2x3UMLMiwTU0N/pwmv1crg87jiRFiLlkdfLsi2cr0m0O4tKPH\npnVPFPLciEhgA0M/fbWZFFxOecSVlOAfx53wICaQB9DHpxZcqPPxso3kJyRCmBRS\nOI5YaAdr/6hpbs++xtSZXiyShB7roAmIhWRGLQIekdwVDWQxTDtjYRHTRvbemeC0\ncMY/viR2B52rfJJXbtEvrQVghJy49vQDgYGKN1cCggEBANcwcMm7DGFiZ0M2sYLn\ncgzxTXnFe/R7Ra5H9fsE3/vXibvOw2O1FYYcSxym40TPqA2wB6i4CT0xHSXjoZ5A\nDcpSkP4dBUNo6ntctar1ni5WZSoOmREv9hOGEYJTzIhK2TU+xV1NMmWec0NgiU0L\n4nVllEdnx4G/dHV994fYlHiKyi0Q9lpEPl4BWHnIJKzvD5mVmaUHR4yYVDfo2RVM\ndTU6kBvQilTXtJXAqLee0CwBHWbCw54rossZtoht9BIu8lpP33wCLqJbg5xtFR2J\n0+gJ+AEiNVkCDsrgiYLNhoXS2XCJRtM1wDKl5+XbYAFpl4CrvCx5cz7Px3Ssa4L9\nDVMCggEBALA/xdVweAyxk8n2tjf1xH6N/2VCfCLH1DfLRwsTNDiv2DHWVfWCy6Rh\ng82FFvkvv5gJRguQq4jFWlVXgz6Ur5C4z8dDS9iG5TzZnisXRqsc9lQ6U4kPvbja\ncYagVrC0v0EqcAxGsb9gFeM+7TI3Gsi9MldNkLuGK8+Ubg+QUnX3qijaTqTREomU\nGWaLwdjUDBqZDMMAkDFGnv86L47xIciP+4vt+76en7dRU/vO/1r2wNlPicxtrGaH\nHRI6gTXLqQjFO2IMs6UzCp85O+iQI5FQOG18xafIWMgSbsP8Clf295PahxBkDQC9\nCIrsHGW8Pw7zk/5FxCMIgrCXcIUAeIY=\n-----END PRIVATE KEY-----\n",
            "public_key_fingerprint_md5": "4c:c9:fb:88:62:9d:b6:b4:b3:26:81:ca:2a:74:81:e8",
            "public_key_fingerprint_sha256": "SHA256:htaPCOQeugOerZkFP2+VMkrnzoUxuMLEwP0xzGWMMrk",
            "public_key_openssh": "ssh-rsa AAAAB3NzaC1yc2EAAAADAQABAAACAQCwaxMRvDNSkjiAKSjj+Pz/bOmY3kiX4xt5OQS38g2kHsDgjPYBlldOxm3Cf6WQfgwOgOdhOlUNvNSj9PvlIH4uwAWsmKgl4SuId4gYEpfQoGVXB3895u9/KxW4RxvzbaDf/D2loywl82PmKNChwQyl+o2n9C4zvISxMSBdq9CSZDV2Cg4OoXRtR4zbzrn6VoU2lTZIH9MCBSdq0HYYkaaT33XR20lch7/ZWyx4u5BEyiPQcihD13SC3bbb5K+fT+j108UUkJgZZq7WrRyYwJIgVHmDnDcDNaGNDyKycyKI/Y+MQk2LCMqb/XTFXUvLVriAvtIaa/aWAGzGEk4Ybw0/wcyuu1MnJ4UlRBpiwb/Jshb5km2Ox9wypER806LFG7vDgyCngwLgMBCizpVTNS5p7LF3vzfc2BlZXDb92/6BECsRfZYCg3k2CUcP+1iavo/akOlizg6rBmcHwDZPxoGUdExsCPdf24DRXsIz5B7IEZqAY5ZMEkG5ycTx9/GJr4n1H+kbnKgbux3mfmux3WViuFLWQU4agDHu27AgFfGUfoKzQASwP+Jql5kDZ7hN4t64TsZAPf8Jfxnp9xwdy1uFtET7qWWdv8QJjkdNMxgveKS66DSXSsYoO4uZJcH3gRsPPrsfSoGLdIFlICjkdwwrPV/nlUyqXI1l85fR8RH+SQ==\n",
            "public_key_pem": "-----BEGIN PUBLIC KEY-----\nMIICIjANBgkqhkiG9w0BAQEFAAOCAg8AMIICCgKCAgEAsGsTEbwzUpI4gCko4/j8\n/2zpmN5Il+MbeTkEt/INpB7A4Iz2AZZXTsZtwn+lkH4MDoDnYTpVDbzUo/T75SB+\nLsAFrJioJeEriHeIGBKX0KBlVwd/PebvfysVuEcb822g3/w9paMsJfNj5ijQocEM\npfqNp/QuM7yEsTEgXavQkmQ1dgoODqF0bUeM2865+laFNpU2SB/TAgUnatB2GJGm\nk9910dtJXIe/2VsseLuQRMoj0HIoQ9d0gt222+Svn0/o9dPFFJCYGWau1q0cmMCS\nIFR5g5w3AzWhjQ8isnMiiP2PjEJNiwjKm/10xV1Ly1a4gL7SGmv2lgBsxhJOGG8N\nP8HMrrtTJyeFJUQaYsG/ybIW+ZJtjsfcMqREfNOixRu7w4Mgp4MC4DAQos6VUzUu\naeyxd7833NgZWVw2/dv+gRArEX2WAoN5NglHD/tYmr6P2pDpYs4OqwZnB8A2T8aB\nlHRMbAj3X9uA0V7CM+QeyBGagGOWTBJBucnE8ffxia+J9R/pG5yoG7sd5n5rsd1l\nYrhS1kFOGoAx7tuwIBXxlH6Cs0AEsD/iapeZA2e4TeLeuE7GQD3/CX8Z6fccHctb\nhbRE+6llnb/ECY5HTTMYL3ikuug0l0rGKDuLmSXB94EbDz67H0qBi3SBZSAo5HcM\nKz1f55VMqlyNZfOX0fER/kkCAwEAAQ==\n-----END PUBLIC KEY-----\n",
            "rsa_bits": 4096
          },
          "sensitive_attributes": []
        }
      ]
    }
  ],
  "check_results": null
}
