{
  "version": 4,
  "terraform_version": "1.6.5",
  "serial": 72,
  "lineage": "4904a7d0-4d2f-3ed8-4fdd-59022abeeea9",
  "outputs": {},
  "resources": [
    {
      "mode": "data",
      "type": "aws_availability_zones",
      "name": "available",
      "provider": "provider[\"registry.terraform.io/hashicorp/aws\"]",
      "instances": [
        {
          "schema_version": 0,
          "attributes": {
            "all_availability_zones": null,
            "exclude_names": null,
            "exclude_zone_ids": null,
            "filter": null,
            "group_names": [
              "eu-north-1"
            ],
            "id": "eu-north-1",
            "names": [
              "eu-north-1a",
              "eu-north-1b",
              "eu-north-1c"
            ],
            "state": "available",
            "timeouts": null,
            "zone_ids": [
              "eun1-az1",
              "eun1-az2",
              "eun1-az3"
            ]
          },
          "sensitive_attributes": []
        }
      ]
    },
    {
      "mode": "managed",
      "type": "aws_eip",
      "name": "nat_eip",
      "provider": "provider[\"registry.terraform.io/hashicorp/aws\"]",
      "instances": [
        {
          "schema_version": 0,
          "attributes": {
            "address": null,
            "allocation_id": "eipalloc-02044ba40d28358ec",
            "associate_with_private_ip": null,
            "association_id": "eipassoc-060c4ff75afc88d29",
            "carrier_ip": "",
            "customer_owned_ip": "",
            "customer_owned_ipv4_pool": "",
            "domain": "vpc",
            "id": "eipalloc-02044ba40d28358ec",
            "instance": "",
            "network_border_group": "eu-north-1",
            "network_interface": "eni-030b87ffc701579cc",
            "private_dns": "ip-10-0-1-69.eu-north-1.compute.internal",
            "private_ip": "10.0.1.69",
            "public_dns": "ec2-16-170-45-75.eu-north-1.compute.amazonaws.com",
            "public_ip": "16.170.45.75",
            "public_ipv4_pool": "amazon",
            "tags": {},
            "tags_all": {},
            "timeouts": null,
            "vpc": true
          },
          "sensitive_attributes": [],
          "private": "eyJlMmJmYjczMC1lY2FhLTExZTYtOGY4OC0zNDM2M2JjN2M0YzAiOnsiZGVsZXRlIjoxODAwMDAwMDAwMDAsInJlYWQiOjkwMDAwMDAwMDAwMCwidXBkYXRlIjozMDAwMDAwMDAwMDB9fQ=="
        }
      ]
    },
    {
      "mode": "managed",
      "type": "aws_instance",
      "name": "application1",
      "provider": "provider[\"registry.terraform.io/hashicorp/aws\"]",
      "instances": [
        {
          "schema_version": 1,
          "attributes": {
            "ami": "ami-0416c18e75bd69567",
            "arn": "arn:aws:ec2:eu-north-1:065671177899:instance/i-05f19c8f0d3323a13",
            "associate_public_ip_address": false,
            "availability_zone": "eu-north-1a",
            "capacity_reservation_specification": [
              {
                "capacity_reservation_preference": "open",
                "capacity_reservation_target": []
              }
            ],
            "cpu_core_count": 1,
            "cpu_options": [
              {
                "amd_sev_snp": "",
                "core_count": 1,
                "threads_per_core": 2
              }
            ],
            "cpu_threads_per_core": 2,
            "credit_specification": [
              {
                "cpu_credits": "unlimited"
              }
            ],
            "disable_api_stop": false,
            "disable_api_termination": false,
            "ebs_block_device": [],
            "ebs_optimized": false,
            "enclave_options": [
              {
                "enabled": false
              }
            ],
            "ephemeral_block_device": [],
            "get_password_data": false,
            "hibernation": false,
            "host_id": "",
            "host_resource_group_arn": null,
            "iam_instance_profile": "",
            "id": "i-05f19c8f0d3323a13",
            "instance_initiated_shutdown_behavior": "stop",
            "instance_lifecycle": "",
            "instance_market_options": [],
            "instance_state": "running",
            "instance_type": "t3.micro",
            "ipv6_address_count": 0,
            "ipv6_addresses": [],
            "key_name": "tf_key",
            "launch_template": [],
            "maintenance_options": [
              {
                "auto_recovery": "default"
              }
            ],
            "metadata_options": [
              {
                "http_endpoint": "enabled",
                "http_protocol_ipv6": "disabled",
                "http_put_response_hop_limit": 2,
                "http_tokens": "required",
                "instance_metadata_tags": "disabled"
              }
            ],
            "monitoring": false,
            "network_interface": [],
            "outpost_arn": "",
            "password_data": "",
            "placement_group": "",
            "placement_partition_number": 0,
            "primary_network_interface_id": "eni-092c5e08f5367f586",
            "private_dns": "ip-10-0-3-16.eu-north-1.compute.internal",
            "private_dns_name_options": [
              {
                "enable_resource_name_dns_a_record": false,
                "enable_resource_name_dns_aaaa_record": false,
                "hostname_type": "ip-name"
              }
            ],
            "private_ip": "10.0.3.16",
            "public_dns": "",
            "public_ip": "",
            "root_block_device": [
              {
                "delete_on_termination": true,
                "device_name": "/dev/xvda",
                "encrypted": false,
                "iops": 3000,
                "kms_key_id": "",
                "tags": {},
                "throughput": 125,
                "volume_id": "vol-0c1b9f3fe93bbdab8",
                "volume_size": 8,
                "volume_type": "gp3"
              }
            ],
            "secondary_private_ips": [],
            "security_groups": [],
            "source_dest_check": true,
            "spot_instance_request_id": "",
            "subnet_id": "subnet-035a15b07a2fb900b",
            "tags": {
              "Name": "application Host 1"
            },
            "tags_all": {
              "Name": "application Host 1"
            },
            "tenancy": "default",
            "timeouts": null,
            "user_data": "b70f74925e8a1479bb08cdb47bc63082e33f066c",
            "user_data_base64": null,
            "user_data_replace_on_change": false,
            "volume_tags": null,
            "vpc_security_group_ids": [
              "sg-0372b1ab4cecea60a"
            ]
          },
          "sensitive_attributes": [],
          "private": "eyJlMmJmYjczMC1lY2FhLTExZTYtOGY4OC0zNDM2M2JjN2M0YzAiOnsiY3JlYXRlIjo2MDAwMDAwMDAwMDAsImRlbGV0ZSI6MTIwMDAwMDAwMDAwMCwidXBkYXRlIjo2MDAwMDAwMDAwMDB9LCJzY2hlbWFfdmVyc2lvbiI6IjEifQ==",
          "dependencies": [
            "aws_security_group.allow_ssh_3000",
            "aws_subnet.pri-sub-1",
            "aws_vpc.main",
            "data.aws_availability_zones.available"
          ]
        }
      ]
    },
    {
      "mode": "managed",
      "type": "aws_instance",
      "name": "application2",
      "provider": "provider[\"registry.terraform.io/hashicorp/aws\"]",
      "instances": [
        {
          "schema_version": 1,
          "attributes": {
            "ami": "ami-0416c18e75bd69567",
            "arn": "arn:aws:ec2:eu-north-1:065671177899:instance/i-05c0c2d0e04e0d7bf",
            "associate_public_ip_address": false,
            "availability_zone": "eu-north-1b",
            "capacity_reservation_specification": [
              {
                "capacity_reservation_preference": "open",
                "capacity_reservation_target": []
              }
            ],
            "cpu_core_count": 1,
            "cpu_options": [
              {
                "amd_sev_snp": "",
                "core_count": 1,
                "threads_per_core": 2
              }
            ],
            "cpu_threads_per_core": 2,
            "credit_specification": [
              {
                "cpu_credits": "unlimited"
              }
            ],
            "disable_api_stop": false,
            "disable_api_termination": false,
            "ebs_block_device": [],
            "ebs_optimized": false,
            "enclave_options": [
              {
                "enabled": false
              }
            ],
            "ephemeral_block_device": [],
            "get_password_data": false,
            "hibernation": false,
            "host_id": "",
            "host_resource_group_arn": null,
            "iam_instance_profile": "",
            "id": "i-05c0c2d0e04e0d7bf",
            "instance_initiated_shutdown_behavior": "stop",
            "instance_lifecycle": "",
            "instance_market_options": [],
            "instance_state": "running",
            "instance_type": "t3.micro",
            "ipv6_address_count": 0,
            "ipv6_addresses": [],
            "key_name": "tf_key",
            "launch_template": [],
            "maintenance_options": [
              {
                "auto_recovery": "default"
              }
            ],
            "metadata_options": [
              {
                "http_endpoint": "enabled",
                "http_protocol_ipv6": "disabled",
                "http_put_response_hop_limit": 2,
                "http_tokens": "required",
                "instance_metadata_tags": "disabled"
              }
            ],
            "monitoring": false,
            "network_interface": [],
            "outpost_arn": "",
            "password_data": "",
            "placement_group": "",
            "placement_partition_number": 0,
            "primary_network_interface_id": "eni-01eb8a6cab4b93d27",
            "private_dns": "ip-10-0-4-149.eu-north-1.compute.internal",
            "private_dns_name_options": [
              {
                "enable_resource_name_dns_a_record": false,
                "enable_resource_name_dns_aaaa_record": false,
                "hostname_type": "ip-name"
              }
            ],
            "private_ip": "10.0.4.149",
            "public_dns": "",
            "public_ip": "",
            "root_block_device": [
              {
                "delete_on_termination": true,
                "device_name": "/dev/xvda",
                "encrypted": false,
                "iops": 3000,
                "kms_key_id": "",
                "tags": {},
                "throughput": 125,
                "volume_id": "vol-042f07187aa7dcc34",
                "volume_size": 8,
                "volume_type": "gp3"
              }
            ],
            "secondary_private_ips": [],
            "security_groups": [],
            "source_dest_check": true,
            "spot_instance_request_id": "",
            "subnet_id": "subnet-062bdba195b432e1d",
            "tags": {
              "Name": "application Host 2"
            },
            "tags_all": {
              "Name": "application Host 2"
            },
            "tenancy": "default",
            "timeouts": null,
            "user_data": "b70f74925e8a1479bb08cdb47bc63082e33f066c",
            "user_data_base64": null,
            "user_data_replace_on_change": false,
            "volume_tags": null,
            "vpc_security_group_ids": [
              "sg-0372b1ab4cecea60a"
            ]
          },
          "sensitive_attributes": [],
          "private": "eyJlMmJmYjczMC1lY2FhLTExZTYtOGY4OC0zNDM2M2JjN2M0YzAiOnsiY3JlYXRlIjo2MDAwMDAwMDAwMDAsImRlbGV0ZSI6MTIwMDAwMDAwMDAwMCwidXBkYXRlIjo2MDAwMDAwMDAwMDB9LCJzY2hlbWFfdmVyc2lvbiI6IjEifQ==",
          "dependencies": [
            "aws_security_group.allow_ssh_3000",
            "aws_subnet.pri-sub-2",
            "aws_vpc.main",
            "data.aws_availability_zones.available"
          ]
        }
      ]
    },
    {
      "mode": "managed",
      "type": "aws_instance",
      "name": "bastion1",
      "provider": "provider[\"registry.terraform.io/hashicorp/aws\"]",
      "instances": [
        {
          "schema_version": 1,
          "attributes": {
            "ami": "ami-0416c18e75bd69567",
            "arn": "arn:aws:ec2:eu-north-1:065671177899:instance/i-0b6dbb57ca34ed8c9",
            "associate_public_ip_address": true,
            "availability_zone": "eu-north-1a",
            "capacity_reservation_specification": [
              {
                "capacity_reservation_preference": "open",
                "capacity_reservation_target": []
              }
            ],
            "cpu_core_count": 1,
            "cpu_options": [
              {
                "amd_sev_snp": "",
                "core_count": 1,
                "threads_per_core": 2
              }
            ],
            "cpu_threads_per_core": 2,
            "credit_specification": [
              {
                "cpu_credits": "unlimited"
              }
            ],
            "disable_api_stop": false,
            "disable_api_termination": false,
            "ebs_block_device": [],
            "ebs_optimized": false,
            "enclave_options": [
              {
                "enabled": false
              }
            ],
            "ephemeral_block_device": [],
            "get_password_data": false,
            "hibernation": false,
            "host_id": "",
            "host_resource_group_arn": null,
            "iam_instance_profile": "",
            "id": "i-0b6dbb57ca34ed8c9",
            "instance_initiated_shutdown_behavior": "stop",
            "instance_lifecycle": "",
            "instance_market_options": [],
            "instance_state": "running",
            "instance_type": "t3.micro",
            "ipv6_address_count": 0,
            "ipv6_addresses": [],
            "key_name": "tf_key",
            "launch_template": [],
            "maintenance_options": [
              {
                "auto_recovery": "default"
              }
            ],
            "metadata_options": [
              {
                "http_endpoint": "enabled",
                "http_protocol_ipv6": "disabled",
                "http_put_response_hop_limit": 2,
                "http_tokens": "required",
                "instance_metadata_tags": "disabled"
              }
            ],
            "monitoring": false,
            "network_interface": [],
            "outpost_arn": "",
            "password_data": "",
            "placement_group": "",
            "placement_partition_number": 0,
            "primary_network_interface_id": "eni-0fa3586f2268bbc7e",
            "private_dns": "ip-10-0-1-58.eu-north-1.compute.internal",
            "private_dns_name_options": [
              {
                "enable_resource_name_dns_a_record": false,
                "enable_resource_name_dns_aaaa_record": false,
                "hostname_type": "ip-name"
              }
            ],
            "private_ip": "10.0.1.58",
            "public_dns": "ec2-16-170-140-43.eu-north-1.compute.amazonaws.com",
            "public_ip": "16.170.140.43",
            "root_block_device": [
              {
                "delete_on_termination": true,
                "device_name": "/dev/xvda",
                "encrypted": false,
                "iops": 3000,
                "kms_key_id": "",
                "tags": {},
                "throughput": 125,
                "volume_id": "vol-0d29f7cfc379418a5",
                "volume_size": 8,
                "volume_type": "gp3"
              }
            ],
            "secondary_private_ips": [],
            "security_groups": [],
            "source_dest_check": true,
            "spot_instance_request_id": "",
            "subnet_id": "subnet-0dc1545f35b1a59f5",
            "tags": {
              "Name": "Bastion Host 1"
            },
            "tags_all": {
              "Name": "Bastion Host 1"
            },
            "tenancy": "default",
            "timeouts": null,
            "user_data": "b70f74925e8a1479bb08cdb47bc63082e33f066c",
            "user_data_base64": null,
            "user_data_replace_on_change": false,
            "volume_tags": null,
            "vpc_security_group_ids": [
              "sg-0329905a1288de6f7"
            ]
          },
          "sensitive_attributes": [],
          "private": "eyJlMmJmYjczMC1lY2FhLTExZTYtOGY4OC0zNDM2M2JjN2M0YzAiOnsiY3JlYXRlIjo2MDAwMDAwMDAwMDAsImRlbGV0ZSI6MTIwMDAwMDAwMDAwMCwidXBkYXRlIjo2MDAwMDAwMDAwMDB9LCJzY2hlbWFfdmVyc2lvbiI6IjEifQ==",
          "dependencies": [
            "aws_security_group.allow_ssh",
            "aws_subnet.pub-sub-1",
            "aws_vpc.main",
            "data.aws_availability_zones.available"
          ]
        }
      ]
    },
    {
      "mode": "managed",
      "type": "aws_instance",
      "name": "bastion2",
      "provider": "provider[\"registry.terraform.io/hashicorp/aws\"]",
      "instances": [
        {
          "schema_version": 1,
          "attributes": {
            "ami": "ami-0416c18e75bd69567",
            "arn": "arn:aws:ec2:eu-north-1:065671177899:instance/i-035bd78318213e9b5",
            "associate_public_ip_address": true,
            "availability_zone": "eu-north-1b",
            "capacity_reservation_specification": [
              {
                "capacity_reservation_preference": "open",
                "capacity_reservation_target": []
              }
            ],
            "cpu_core_count": 1,
            "cpu_options": [
              {
                "amd_sev_snp": "",
                "core_count": 1,
                "threads_per_core": 2
              }
            ],
            "cpu_threads_per_core": 2,
            "credit_specification": [
              {
                "cpu_credits": "unlimited"
              }
            ],
            "disable_api_stop": false,
            "disable_api_termination": false,
            "ebs_block_device": [],
            "ebs_optimized": false,
            "enclave_options": [
              {
                "enabled": false
              }
            ],
            "ephemeral_block_device": [],
            "get_password_data": false,
            "hibernation": false,
            "host_id": "",
            "host_resource_group_arn": null,
            "iam_instance_profile": "",
            "id": "i-035bd78318213e9b5",
            "instance_initiated_shutdown_behavior": "stop",
            "instance_lifecycle": "",
            "instance_market_options": [],
            "instance_state": "running",
            "instance_type": "t3.micro",
            "ipv6_address_count": 0,
            "ipv6_addresses": [],
            "key_name": "tf_key",
            "launch_template": [],
            "maintenance_options": [
              {
                "auto_recovery": "default"
              }
            ],
            "metadata_options": [
              {
                "http_endpoint": "enabled",
                "http_protocol_ipv6": "disabled",
                "http_put_response_hop_limit": 2,
                "http_tokens": "required",
                "instance_metadata_tags": "disabled"
              }
            ],
            "monitoring": false,
            "network_interface": [],
            "outpost_arn": "",
            "password_data": "",
            "placement_group": "",
            "placement_partition_number": 0,
            "primary_network_interface_id": "eni-062eb2aca9407b26a",
            "private_dns": "ip-10-0-2-244.eu-north-1.compute.internal",
            "private_dns_name_options": [
              {
                "enable_resource_name_dns_a_record": false,
                "enable_resource_name_dns_aaaa_record": false,
                "hostname_type": "ip-name"
              }
            ],
            "private_ip": "10.0.2.244",
            "public_dns": "ec2-13-51-166-231.eu-north-1.compute.amazonaws.com",
            "public_ip": "13.51.166.231",
            "root_block_device": [
              {
                "delete_on_termination": true,
                "device_name": "/dev/xvda",
                "encrypted": false,
                "iops": 3000,
                "kms_key_id": "",
                "tags": {},
                "throughput": 125,
                "volume_id": "vol-03eeffe774c902ee8",
                "volume_size": 8,
                "volume_type": "gp3"
              }
            ],
            "secondary_private_ips": [],
            "security_groups": [],
            "source_dest_check": true,
            "spot_instance_request_id": "",
            "subnet_id": "subnet-0e5923c94aca8ebc7",
            "tags": {
              "Name": "Bastion Host 2"
            },
            "tags_all": {
              "Name": "Bastion Host 2"
            },
            "tenancy": "default",
            "timeouts": null,
            "user_data": "b70f74925e8a1479bb08cdb47bc63082e33f066c",
            "user_data_base64": null,
            "user_data_replace_on_change": false,
            "volume_tags": null,
            "vpc_security_group_ids": [
              "sg-0329905a1288de6f7"
            ]
          },
          "sensitive_attributes": [],
          "private": "eyJlMmJmYjczMC1lY2FhLTExZTYtOGY4OC0zNDM2M2JjN2M0YzAiOnsiY3JlYXRlIjo2MDAwMDAwMDAwMDAsImRlbGV0ZSI6MTIwMDAwMDAwMDAwMCwidXBkYXRlIjo2MDAwMDAwMDAwMDB9LCJzY2hlbWFfdmVyc2lvbiI6IjEifQ==",
          "dependencies": [
            "aws_security_group.allow_ssh",
            "aws_subnet.pub-sub-2",
            "aws_vpc.main",
            "data.aws_availability_zones.available"
          ]
        }
      ]
    },
    {
      "mode": "managed",
      "type": "aws_internet_gateway",
      "name": "gw",
      "provider": "provider[\"registry.terraform.io/hashicorp/aws\"]",
      "instances": [
        {
          "schema_version": 0,
          "attributes": {
            "arn": "arn:aws:ec2:eu-north-1:065671177899:internet-gateway/igw-07ab2125084fc2957",
            "id": "igw-07ab2125084fc2957",
            "owner_id": "065671177899",
            "tags": {
              "Name": "main-gw"
            },
            "tags_all": {
              "Name": "main-gw"
            },
            "timeouts": null,
            "vpc_id": "vpc-0f0b3b9785a09806c"
          },
          "sensitive_attributes": [],
          "private": "eyJlMmJmYjczMC1lY2FhLTExZTYtOGY4OC0zNDM2M2JjN2M0YzAiOnsiY3JlYXRlIjoxMjAwMDAwMDAwMDAwLCJkZWxldGUiOjEyMDAwMDAwMDAwMDAsInVwZGF0ZSI6MTIwMDAwMDAwMDAwMH19",
          "dependencies": [
            "aws_vpc.main"
          ]
        }
      ]
    },
    {
      "mode": "managed",
      "type": "aws_key_pair",
      "name": "tf-public-key",
      "provider": "provider[\"registry.terraform.io/hashicorp/aws\"]",
      "instances": [
        {
          "schema_version": 1,
          "attributes": {
            "arn": "arn:aws:ec2:eu-north-1:065671177899:key-pair/tf_key",
            "fingerprint": "27:a3:88:0c:93:93:8e:f5:04:0c:a8:de:b4:1c:1d:2e",
            "id": "tf_key",
            "key_name": "tf_key",
            "key_name_prefix": "",
            "key_pair_id": "key-055c6651cc8eb473a",
            "key_type": "rsa",
            "public_key": "ssh-rsa AAAAB3NzaC1yc2EAAAADAQABAAACAQDPxPHn8h/JybOqYj9sK0+f5DR4bCtq7sxt9CPun9h6+GPxKJEwuHnxQNZwHw1HsxFxC7CW+e71tXvw6spto6HR2pWBfapA37IpfkfvhKcPZYvmQ7ml/5R8zNikT3mdjdIB2y1U5NbY9IIcgvZpZXgbqdnNpCMq48KwyZu7DPQUblc4HBamZuz+4QejQtguAPyUjpCZiKuQI7UwA9/GHW7J+CZnPFhXojunnH+Mbod94jIUt4fLCeT2Ho7oSN0MLoPaL07xkrWe1uDuS42xH8xLtYNU6J9QpPV2bWDDl3yx634Bv+UddhK79fXIu0nlAr+Ov9ILfneZUrh671Gt7+6E5wdG+Lr9X4R4bgNVIJCH860mHLqfMsQ8g8Dj+mO2D/rJfMSkQyMSVUSsh6HCyM/muMKyOeQDxLOrQLUFkxe3qlqmZKm4wiiKL5L+xT5TAtQX3T3Yk+RUnGKDMN38nHrnMk5Ynnn24tsh2GU6o0S/EGyzKTD7LTDRuC4L0mX/8qLlo6SYC2BGQOIOzPjJQ0UY0Vj43g6beQSGZYN3Lk1MHUKXpsKx67PvLAHjad9K7vxPoIUEUPCTXpBUfpdEvDO7GxXwk2qsn2OTBP6hwzHUdTnQIPhzMHzZrJP0bUEPbqkL9sLSPeD01tm/6EE7hSE7bZW36v4sGJKHpipjWKCR6w==",
            "tags": {},
            "tags_all": {}
          },
          "sensitive_attributes": [],
          "private": "eyJzY2hlbWFfdmVyc2lvbiI6IjEifQ==",
          "dependencies": [
            "tls_private_key.key_genrator"
          ]
        }
      ]
    },
    {
      "mode": "managed",
      "type": "aws_nat_gateway",
      "name": "nat",
      "provider": "provider[\"registry.terraform.io/hashicorp/aws\"]",
      "instances": [
        {
          "schema_version": 0,
          "attributes": {
            "allocation_id": "eipalloc-02044ba40d28358ec",
            "association_id": "eipassoc-060c4ff75afc88d29",
            "connectivity_type": "public",
            "id": "nat-0676f0728b351aa58",
            "network_interface_id": "eni-030b87ffc701579cc",
            "private_ip": "10.0.1.69",
            "public_ip": "16.170.45.75",
            "secondary_allocation_ids": [],
            "secondary_private_ip_address_count": 0,
            "secondary_private_ip_addresses": [],
            "subnet_id": "subnet-0dc1545f35b1a59f5",
            "tags": {
              "Name": "gw NAT"
            },
            "tags_all": {
              "Name": "gw NAT"
            },
            "timeouts": null
          },
          "sensitive_attributes": [],
          "private": "eyJlMmJmYjczMC1lY2FhLTExZTYtOGY4OC0zNDM2M2JjN2M0YzAiOnsiY3JlYXRlIjo2MDAwMDAwMDAwMDAsImRlbGV0ZSI6MTgwMDAwMDAwMDAwMCwidXBkYXRlIjo2MDAwMDAwMDAwMDB9fQ==",
          "dependencies": [
            "aws_eip.nat_eip",
            "aws_internet_gateway.gw",
            "aws_subnet.pub-sub-1",
            "aws_vpc.main",
            "data.aws_availability_zones.available"
          ]
        }
      ]
    },
    {
      "mode": "managed",
      "type": "aws_route_table",
      "name": "rt",
      "provider": "provider[\"registry.terraform.io/hashicorp/aws\"]",
      "instances": [
        {
          "schema_version": 0,
          "attributes": {
            "arn": "arn:aws:ec2:eu-north-1:065671177899:route-table/rtb-0014107e68c075f7b",
            "id": "rtb-0014107e68c075f7b",
            "owner_id": "065671177899",
            "propagating_vgws": [],
            "route": [
              {
                "carrier_gateway_id": "",
                "cidr_block": "0.0.0.0/0",
                "core_network_arn": "",
                "destination_prefix_list_id": "",
                "egress_only_gateway_id": "",
                "gateway_id": "igw-07ab2125084fc2957",
                "ipv6_cidr_block": "",
                "local_gateway_id": "",
                "nat_gateway_id": "",
                "network_interface_id": "",
                "transit_gateway_id": "",
                "vpc_endpoint_id": "",
                "vpc_peering_connection_id": ""
              }
            ],
            "tags": {
              "Name": "rt-route"
            },
            "tags_all": {
              "Name": "rt-route"
            },
            "timeouts": null,
            "vpc_id": "vpc-0f0b3b9785a09806c"
          },
          "sensitive_attributes": [],
          "private": "eyJlMmJmYjczMC1lY2FhLTExZTYtOGY4OC0zNDM2M2JjN2M0YzAiOnsiY3JlYXRlIjozMDAwMDAwMDAwMDAsImRlbGV0ZSI6MzAwMDAwMDAwMDAwLCJ1cGRhdGUiOjEyMDAwMDAwMDAwMH19",
          "dependencies": [
            "aws_internet_gateway.gw",
            "aws_vpc.main"
          ]
        }
      ]
    },
    {
      "mode": "managed",
      "type": "aws_route_table_association",
      "name": "a",
      "provider": "provider[\"registry.terraform.io/hashicorp/aws\"]",
      "instances": [
        {
          "schema_version": 0,
          "attributes": {
            "gateway_id": "",
            "id": "rtbassoc-0529a63220ce71eaf",
            "route_table_id": "rtb-0014107e68c075f7b",
            "subnet_id": "subnet-0dc1545f35b1a59f5",
            "timeouts": null
          },
          "sensitive_attributes": [],
          "private": "eyJlMmJmYjczMC1lY2FhLTExZTYtOGY4OC0zNDM2M2JjN2M0YzAiOnsiY3JlYXRlIjozMDAwMDAwMDAwMDAsImRlbGV0ZSI6MzAwMDAwMDAwMDAwLCJ1cGRhdGUiOjEyMDAwMDAwMDAwMH19",
          "dependencies": [
            "aws_internet_gateway.gw",
            "aws_route_table.rt",
            "aws_subnet.pub-sub-1",
            "aws_vpc.main",
            "data.aws_availability_zones.available"
          ]
        }
      ]
    },
    {
      "mode": "managed",
      "type": "aws_route_table_association",
      "name": "b",
      "provider": "provider[\"registry.terraform.io/hashicorp/aws\"]",
      "instances": [
        {
          "schema_version": 0,
          "attributes": {
            "gateway_id": "",
            "id": "rtbassoc-0b45fd60418c38fd1",
            "route_table_id": "rtb-0014107e68c075f7b",
            "subnet_id": "subnet-0e5923c94aca8ebc7",
            "timeouts": null
          },
          "sensitive_attributes": [],
          "private": "eyJlMmJmYjczMC1lY2FhLTExZTYtOGY4OC0zNDM2M2JjN2M0YzAiOnsiY3JlYXRlIjozMDAwMDAwMDAwMDAsImRlbGV0ZSI6MzAwMDAwMDAwMDAwLCJ1cGRhdGUiOjEyMDAwMDAwMDAwMH19",
          "dependencies": [
            "aws_internet_gateway.gw",
            "aws_route_table.rt",
            "aws_subnet.pub-sub-2",
            "aws_vpc.main",
            "data.aws_availability_zones.available"
          ]
        }
      ]
    },
    {
      "mode": "managed",
      "type": "aws_secretsmanager_secret",
      "name": "secret",
      "provider": "provider[\"registry.terraform.io/hashicorp/aws\"]",
      "instances": [
        {
          "schema_version": 0,
          "attributes": {
            "arn": "arn:aws:secretsmanager:eu-north-1:065671177899:secret:key-6KFE3F",
            "description": "",
            "force_overwrite_replica_secret": false,
            "id": "arn:aws:secretsmanager:eu-north-1:065671177899:secret:key-6KFE3F",
            "kms_key_id": "",
            "name": "key",
            "name_prefix": "",
            "policy": "",
            "recovery_window_in_days": 0,
            "replica": [],
            "tags": {},
            "tags_all": {}
          },
          "sensitive_attributes": [],
          "private": "bnVsbA=="
        }
      ]
    },
    {
      "mode": "managed",
      "type": "aws_secretsmanager_secret_version",
      "name": "smv",
      "provider": "provider[\"registry.terraform.io/hashicorp/aws\"]",
      "instances": [
        {
          "schema_version": 0,
          "attributes": {
            "arn": "arn:aws:secretsmanager:eu-north-1:065671177899:secret:key-6KFE3F",
            "id": "arn:aws:secretsmanager:eu-north-1:065671177899:secret:key-6KFE3F|624FBE57-9A14-429E-976C-ACD5887BB476",
            "secret_binary": "",
            "secret_id": "arn:aws:secretsmanager:eu-north-1:065671177899:secret:key-6KFE3F",
            "secret_string": "-----BEGIN RSA PRIVATE KEY-----\nMIIJKQIBAAKCAgEAz8Tx5/IfycmzqmI/bCtPn+Q0eGwrau7MbfQj7p/Yevhj8SiR\nMLh58UDWcB8NR7MRcQuwlvnu9bV78OrKbaOh0dqVgX2qQN+yKX5H74SnD2WL5kO5\npf+UfMzYpE95nY3SAdstVOTW2PSCHIL2aWV4G6nZzaQjKuPCsMmbuwz0FG5XOBwW\npmbs/uEHo0LYLgD8lI6QmYirkCO1MAPfxh1uyfgmZzxYV6I7p5x/jG6HfeIyFLeH\nywnk9h6O6EjdDC6D2i9O8ZK1ntbg7kuNsR/MS7WDVOifUKT1dm1gw5d8set+Ab/l\nHXYSu/X1yLtJ5QK/jr/SC353mVK4eu9Rre/uhOcHRvi6/V+EeG4DVSCQh/OtJhy6\nnzLEPIPA4/pjtg/6yXzEpEMjElVErIehwsjP5rjCsjnkA8Szq0C1BZMXt6papmSp\nuMIoii+S/sU+UwLUF9092JPkVJxigzDd/Jx65zJOWJ559uLbIdhlOqNEvxBssykw\n+y0w0bguC9Jl//Ki5aOkmAtgRkDiDsz4yUNFGNFY+N4Om3kEhmWDdy5NTB1Cl6bC\nseuz7ywB42nfSu78T6CFBFDwk16QVH6XRLwzuxsV8JNqrJ9jkwT+ocMx1HU50CD4\nczB82ayT9G1BD26pC/bC0j3g9NbZv+hBO4UhO22Vt+r+LBiSh6YqY1igkesCAwEA\nAQKCAgEAtZocIzNz64l8m8nCS8bTkxsBbdyGWrIdR2Ik4hcfPeTMXmap+V7VXzTf\n+iJ6FhiDfz7LfDs7TdLyYVKn2wsyjt2y3fs8C/Y6oJ/7OnTFHOUSUhMSOvDZFfhq\nx7ubvkXOsMalqdVXoUyeSVODE/6X6/4bHO6BuqRXcPTXRLh+wzjqzWVnusyuC94f\nMelkUVmVbDfsVfaqlpNPdId+WYkyZCCdWJDbWsW3xLo6lkGp9jL2uTrt219rnGB7\nYrcFVvd1UgkVxHsKeqqw8jhhwdbcV7Rw9Y9aaT+2OWxDLtLDMDR48AiNt6GToGzN\nB0YEwcIUMy6g5mEFIqO2EeYKi7Dy1e3udm012ucg19VXD/9Xb0FxFJiwe/aCbXEf\nnJxgeTNaS62X+mxyLk4OWXOGGtLsufSeVwUYJH6yXY2wvOTszc16Gi1pOINF7wdn\n1/0m8gJU0eQSTnUXyU/CYLK9roOicwPX847mIz2Qt0RsCQIkctbLspGlsl7Tu+Kt\n/I10JpDTvZ6uKn60qxhWc8aFHp7PP29p+U6pB3UvpON5ruQ20Pil3dZglXEytTNM\nl8T5dmdYu3Kcm/gmuIBjfqY8T+ZdBALeq9CWWksQxyrZIyE6ZP3Fl21ZnR9Q1qo1\n0+ZPvtz18eILBaE1KqXUHw+uqQbpj7QKGHslM7u4DHjbNl6kKBkCggEBANrudOTd\nYgzBh0J07PYkDio+VZcFiQNPs69V8pHDssCO8Zd3jXeg88yYNv11B+UA8tp/amRm\nHWdprN5a9mw8g0X0svjRgdfh29qcmp5ZcENbqY1XGyzGFd1LlJYBoQ9key7Q3SYH\ntieLoSk+7lkyKOkpEVu4gqed63KBu4dduA4He6CbQfOlmfJ2KzzlTy1Gjtq16fRH\nhyk6xvYybac2noI7ge9GRZ5nv+ojUNKhUm8UxSnn6NBDeLg4eLVzZPEtgLpGWreI\noT1ZXdqtbYf7PExQa5JQABue3gh6Bzv+dv6LJdd2bN3DOiL7nIZ6IwUvjMmhHZN9\nXs14WrOIrFRgcA0CggEBAPLyqrTySxzwAOnrgkbJa47XnilmJINdOWUDZqiRVF2x\nctDCLF/BzLtE6wybCtGKfe7lL8Qn2a+8CJUQre3onO0dk4kldAk2mHaejzYNqRiY\n5cGyEwcfQNguHq6sv2/tYTzK1u89PGuebBTPWdWO6AeRPoV3/PEJL/Sx1hplqUzf\ndSxzt270hpL/FKjoEq1X57v857LyDHMdiZiEvzCtMc+kdJbB4tpnAq24wDZyNAF4\nYiRiE+gGLHHr33p0NF7/w55QsoWtzm/Sc238bStxs28Bh3lgUlQHOlLUX9ct5gfe\nTPtStS66zH+TlzT47UJfGXKj+YEkgN5hY40J1oq3k9cCggEBAKOPtyEtDA2/oA/U\nTxxtP2/r9gHIDt68ct+xdHHWJPubT377wGL5imr15U9iWa2LEeSPgKrVZ25VEuNk\nTen7I4/mCre9viXNBXXDvfhDlY2dM4T26MSAkOEtkCqpuOxJA4asYCwDYuEUfijU\nbTmSMeJP3joKFQKpBrgbmEC/kbxZdtE8bP9cXzE3e4IZRxfqONvJQKpRrfbthKt2\nbVmZgr6FOsPKWkTH+icwjzdtcqqud8ahDdxaLBxlhDj7pxRQDHYeDbREjUHKPEYd\nf1EyL5BMHLHItuvrurHWiQUXTUtKJdFdFmRvcEWmeQA2y2caaTJR/kisR2F2Yzzy\nBN1c1xkCggEANQOpJpUcuPLScDkZE5NOajw44jXMz/Ge3aERXMVh0JQxRsaoYjjr\nEQ5n8DdA9Bqxglj2xGohwYxZnxWlrp2s6L0kfa/zkzMbr/7Hp3bxqFFtCYhvSIWU\nY9gkj99YYvc82cQ1hL0rGxzV3vCkXMqzbTtPllZplrt3gIDyBI6clA7LBek2ZPrt\nBtSs0HLb6IGfKtF0SgMxnkkaxnJpOhkBHpt3aZJji18hIYGISBlBqfR4DhJs35vB\nRRbAjHshFn3fVQOtASi9PH+C+sQzmmBUVGvUATN4o6d0HbEEPPNiF+N1jv4sVUcj\n6s7tFv0e4PXZmr+XaYvqpxw/Wf6El36ZvwKCAQBDV2RLZwmyDRjOCtimiU8KcKr7\n8E6SrKneT4RLYGbtS77ztnxDrZ++dH4ZMXpo2uu49NldtKr1iXQbG+7dF/Y7AN3c\nq8f+iGVYrkgamv25gMz392G2gVx+vZqMDXO1MCPXsJZsg5nPyDQIC3xtQdyt+xXW\nVGSBMEZYTNI9GJGb6H+uKQdMUsQsxam7lxaZxePQvwrXro2rwQEivHL3wYUNUxyH\nxgHaGtMm2D9Beyr+8vWM8ZjCiR4nj1l+Pykztuj9aYOqpfBjyuG67wPTSMULgjAL\nrnGfWF3w/t7CzHtIpXUn5lgkgHc+aI0fvmHOAGvrZr/jwb/Mt2r0vWoMmmB0\n-----END RSA PRIVATE KEY-----\n",
            "version_id": "624FBE57-9A14-429E-976C-ACD5887BB476",
            "version_stages": [
              "AWSCURRENT"
            ]
          },
          "sensitive_attributes": [
            [
              {
                "type": "get_attr",
                "value": "secret_string"
              }
            ]
          ],
          "private": "bnVsbA==",
          "dependencies": [
            "aws_secretsmanager_secret.secret",
            "tls_private_key.key_genrator"
          ]
        }
      ]
    },
    {
      "mode": "managed",
      "type": "aws_security_group",
      "name": "allow_ssh",
      "provider": "provider[\"registry.terraform.io/hashicorp/aws\"]",
      "instances": [
        {
          "schema_version": 1,
          "attributes": {
            "arn": "arn:aws:ec2:eu-north-1:065671177899:security-group/sg-0329905a1288de6f7",
            "description": "Allow ssh inbound traffic",
            "egress": [
              {
                "cidr_blocks": [
                  "0.0.0.0/0"
                ],
                "description": "",
                "from_port": 0,
                "ipv6_cidr_blocks": [],
                "prefix_list_ids": [],
                "protocol": "-1",
                "security_groups": [],
                "self": false,
                "to_port": 0
              }
            ],
            "id": "sg-0329905a1288de6f7",
            "ingress": [
              {
                "cidr_blocks": [
                  "0.0.0.0/0"
                ],
                "description": "ssh from VPC",
                "from_port": 22,
                "ipv6_cidr_blocks": [],
                "prefix_list_ids": [],
                "protocol": "tcp",
                "security_groups": [],
                "self": false,
                "to_port": 22
              }
            ],
            "name": "allow_ssh",
            "name_prefix": "",
            "owner_id": "065671177899",
            "revoke_rules_on_delete": false,
            "tags": {
              "Name": "allow_ssh"
            },
            "tags_all": {
              "Name": "allow_ssh"
            },
            "timeouts": null,
            "vpc_id": "vpc-0f0b3b9785a09806c"
          },
          "sensitive_attributes": [],
          "private": "eyJlMmJmYjczMC1lY2FhLTExZTYtOGY4OC0zNDM2M2JjN2M0YzAiOnsiY3JlYXRlIjo2MDAwMDAwMDAwMDAsImRlbGV0ZSI6OTAwMDAwMDAwMDAwfSwic2NoZW1hX3ZlcnNpb24iOiIxIn0=",
          "dependencies": [
            "aws_vpc.main"
          ]
        }
      ]
    },
    {
      "mode": "managed",
      "type": "aws_security_group",
      "name": "allow_ssh_3000",
      "provider": "provider[\"registry.terraform.io/hashicorp/aws\"]",
      "instances": [
        {
          "schema_version": 1,
          "attributes": {
            "arn": "arn:aws:ec2:eu-north-1:065671177899:security-group/sg-0372b1ab4cecea60a",
            "description": "allow ssh 3000 inbound traffic",
            "egress": [],
            "id": "sg-0372b1ab4cecea60a",
            "ingress": [
              {
                "cidr_blocks": [
                  "10.0.0.0/16"
                ],
                "description": "allow 3000 from VPC",
                "from_port": 3000,
                "ipv6_cidr_blocks": [],
                "prefix_list_ids": [],
                "protocol": "tcp",
                "security_groups": [],
                "self": false,
                "to_port": 3000
              },
              {
                "cidr_blocks": [
                  "10.0.0.0/16"
                ],
                "description": "allow ssh from VPC",
                "from_port": 22,
                "ipv6_cidr_blocks": [],
                "prefix_list_ids": [],
                "protocol": "tcp",
                "security_groups": [],
                "self": false,
                "to_port": 22
              }
            ],
            "name": "allow_ssh_3000",
            "name_prefix": "",
            "owner_id": "065671177899",
            "revoke_rules_on_delete": false,
            "tags": {
              "Name": "allow_ssh_3000"
            },
            "tags_all": {
              "Name": "allow_ssh_3000"
            },
            "timeouts": null,
            "vpc_id": "vpc-0f0b3b9785a09806c"
          },
          "sensitive_attributes": [],
          "private": "eyJlMmJmYjczMC1lY2FhLTExZTYtOGY4OC0zNDM2M2JjN2M0YzAiOnsiY3JlYXRlIjo2MDAwMDAwMDAwMDAsImRlbGV0ZSI6OTAwMDAwMDAwMDAwfSwic2NoZW1hX3ZlcnNpb24iOiIxIn0=",
          "dependencies": [
            "aws_vpc.main"
          ]
        }
      ]
    },
    {
      "mode": "managed",
      "type": "aws_subnet",
      "name": "pri-sub-1",
      "provider": "provider[\"registry.terraform.io/hashicorp/aws\"]",
      "instances": [
        {
          "schema_version": 1,
          "attributes": {
            "arn": "arn:aws:ec2:eu-north-1:065671177899:subnet/subnet-035a15b07a2fb900b",
            "assign_ipv6_address_on_creation": false,
            "availability_zone": "eu-north-1a",
            "availability_zone_id": "eun1-az1",
            "cidr_block": "10.0.3.0/24",
            "customer_owned_ipv4_pool": "",
            "enable_dns64": false,
            "enable_lni_at_device_index": 0,
            "enable_resource_name_dns_a_record_on_launch": false,
            "enable_resource_name_dns_aaaa_record_on_launch": false,
            "id": "subnet-035a15b07a2fb900b",
            "ipv6_cidr_block": "",
            "ipv6_cidr_block_association_id": "",
            "ipv6_native": false,
            "map_customer_owned_ip_on_launch": false,
            "map_public_ip_on_launch": false,
            "outpost_arn": "",
            "owner_id": "065671177899",
            "private_dns_hostname_type_on_launch": "ip-name",
            "tags": {
              "Name": "pri-sub-1"
            },
            "tags_all": {
              "Name": "pri-sub-1"
            },
            "timeouts": null,
            "vpc_id": "vpc-0f0b3b9785a09806c"
          },
          "sensitive_attributes": [],
          "private": "eyJlMmJmYjczMC1lY2FhLTExZTYtOGY4OC0zNDM2M2JjN2M0YzAiOnsiY3JlYXRlIjo2MDAwMDAwMDAwMDAsImRlbGV0ZSI6MTIwMDAwMDAwMDAwMH0sInNjaGVtYV92ZXJzaW9uIjoiMSJ9",
          "dependencies": [
            "aws_vpc.main",
            "data.aws_availability_zones.available"
          ]
        }
      ]
    },
    {
      "mode": "managed",
      "type": "aws_subnet",
      "name": "pri-sub-2",
      "provider": "provider[\"registry.terraform.io/hashicorp/aws\"]",
      "instances": [
        {
          "schema_version": 1,
          "attributes": {
            "arn": "arn:aws:ec2:eu-north-1:065671177899:subnet/subnet-062bdba195b432e1d",
            "assign_ipv6_address_on_creation": false,
            "availability_zone": "eu-north-1b",
            "availability_zone_id": "eun1-az2",
            "cidr_block": "10.0.4.0/24",
            "customer_owned_ipv4_pool": "",
            "enable_dns64": false,
            "enable_lni_at_device_index": 0,
            "enable_resource_name_dns_a_record_on_launch": false,
            "enable_resource_name_dns_aaaa_record_on_launch": false,
            "id": "subnet-062bdba195b432e1d",
            "ipv6_cidr_block": "",
            "ipv6_cidr_block_association_id": "",
            "ipv6_native": false,
            "map_customer_owned_ip_on_launch": false,
            "map_public_ip_on_launch": false,
            "outpost_arn": "",
            "owner_id": "065671177899",
            "private_dns_hostname_type_on_launch": "ip-name",
            "tags": {
              "Name": "pri-sub-1"
            },
            "tags_all": {
              "Name": "pri-sub-1"
            },
            "timeouts": null,
            "vpc_id": "vpc-0f0b3b9785a09806c"
          },
          "sensitive_attributes": [],
          "private": "eyJlMmJmYjczMC1lY2FhLTExZTYtOGY4OC0zNDM2M2JjN2M0YzAiOnsiY3JlYXRlIjo2MDAwMDAwMDAwMDAsImRlbGV0ZSI6MTIwMDAwMDAwMDAwMH0sInNjaGVtYV92ZXJzaW9uIjoiMSJ9",
          "dependencies": [
            "aws_vpc.main",
            "data.aws_availability_zones.available"
          ]
        }
      ]
    },
    {
      "mode": "managed",
      "type": "aws_subnet",
      "name": "pub-sub-1",
      "provider": "provider[\"registry.terraform.io/hashicorp/aws\"]",
      "instances": [
        {
          "schema_version": 1,
          "attributes": {
            "arn": "arn:aws:ec2:eu-north-1:065671177899:subnet/subnet-0dc1545f35b1a59f5",
            "assign_ipv6_address_on_creation": false,
            "availability_zone": "eu-north-1a",
            "availability_zone_id": "eun1-az1",
            "cidr_block": "10.0.1.0/24",
            "customer_owned_ipv4_pool": "",
            "enable_dns64": false,
            "enable_lni_at_device_index": 0,
            "enable_resource_name_dns_a_record_on_launch": false,
            "enable_resource_name_dns_aaaa_record_on_launch": false,
            "id": "subnet-0dc1545f35b1a59f5",
            "ipv6_cidr_block": "",
            "ipv6_cidr_block_association_id": "",
            "ipv6_native": false,
            "map_customer_owned_ip_on_launch": false,
            "map_public_ip_on_launch": false,
            "outpost_arn": "",
            "owner_id": "065671177899",
            "private_dns_hostname_type_on_launch": "ip-name",
            "tags": {
              "Name": "pub-sub-1"
            },
            "tags_all": {
              "Name": "pub-sub-1"
            },
            "timeouts": null,
            "vpc_id": "vpc-0f0b3b9785a09806c"
          },
          "sensitive_attributes": [],
          "private": "eyJlMmJmYjczMC1lY2FhLTExZTYtOGY4OC0zNDM2M2JjN2M0YzAiOnsiY3JlYXRlIjo2MDAwMDAwMDAwMDAsImRlbGV0ZSI6MTIwMDAwMDAwMDAwMH0sInNjaGVtYV92ZXJzaW9uIjoiMSJ9",
          "dependencies": [
            "aws_vpc.main",
            "data.aws_availability_zones.available"
          ]
        }
      ]
    },
    {
      "mode": "managed",
      "type": "aws_subnet",
      "name": "pub-sub-2",
      "provider": "provider[\"registry.terraform.io/hashicorp/aws\"]",
      "instances": [
        {
          "schema_version": 1,
          "attributes": {
            "arn": "arn:aws:ec2:eu-north-1:065671177899:subnet/subnet-0e5923c94aca8ebc7",
            "assign_ipv6_address_on_creation": false,
            "availability_zone": "eu-north-1b",
            "availability_zone_id": "eun1-az2",
            "cidr_block": "10.0.2.0/24",
            "customer_owned_ipv4_pool": "",
            "enable_dns64": false,
            "enable_lni_at_device_index": 0,
            "enable_resource_name_dns_a_record_on_launch": false,
            "enable_resource_name_dns_aaaa_record_on_launch": false,
            "id": "subnet-0e5923c94aca8ebc7",
            "ipv6_cidr_block": "",
            "ipv6_cidr_block_association_id": "",
            "ipv6_native": false,
            "map_customer_owned_ip_on_launch": false,
            "map_public_ip_on_launch": false,
            "outpost_arn": "",
            "owner_id": "065671177899",
            "private_dns_hostname_type_on_launch": "ip-name",
            "tags": {
              "Name": "pub-sub-2"
            },
            "tags_all": {
              "Name": "pub-sub-2"
            },
            "timeouts": null,
            "vpc_id": "vpc-0f0b3b9785a09806c"
          },
          "sensitive_attributes": [],
          "private": "eyJlMmJmYjczMC1lY2FhLTExZTYtOGY4OC0zNDM2M2JjN2M0YzAiOnsiY3JlYXRlIjo2MDAwMDAwMDAwMDAsImRlbGV0ZSI6MTIwMDAwMDAwMDAwMH0sInNjaGVtYV92ZXJzaW9uIjoiMSJ9",
          "dependencies": [
            "aws_vpc.main",
            "data.aws_availability_zones.available"
          ]
        }
      ]
    },
    {
      "mode": "managed",
      "type": "aws_vpc",
      "name": "main",
      "provider": "provider[\"registry.terraform.io/hashicorp/aws\"]",
      "instances": [
        {
          "schema_version": 1,
          "attributes": {
            "arn": "arn:aws:ec2:eu-north-1:065671177899:vpc/vpc-0f0b3b9785a09806c",
            "assign_generated_ipv6_cidr_block": false,
            "cidr_block": "10.0.0.0/16",
            "default_network_acl_id": "acl-0c52e972739925622",
            "default_route_table_id": "rtb-0a95b5f9b10193944",
            "default_security_group_id": "sg-0c743fc5073972749",
            "dhcp_options_id": "dopt-0b09f9514759b5af9",
            "enable_dns_hostnames": true,
            "enable_dns_support": true,
            "enable_network_address_usage_metrics": false,
            "id": "vpc-0f0b3b9785a09806c",
            "instance_tenancy": "default",
            "ipv4_ipam_pool_id": null,
            "ipv4_netmask_length": null,
            "ipv6_association_id": "",
            "ipv6_cidr_block": "",
            "ipv6_cidr_block_network_border_group": "",
            "ipv6_ipam_pool_id": "",
            "ipv6_netmask_length": 0,
            "main_route_table_id": "rtb-0a95b5f9b10193944",
            "owner_id": "065671177899",
            "tags": {
              "Name": "main"
            },
            "tags_all": {
              "Name": "main"
            }
          },
          "sensitive_attributes": [],
          "private": "eyJzY2hlbWFfdmVyc2lvbiI6IjEifQ=="
        }
      ]
    },
    {
      "mode": "managed",
      "type": "local_file",
      "name": "tf-private-key",
      "provider": "provider[\"registry.terraform.io/hashicorp/local\"]",
      "instances": [
        {
          "schema_version": 0,
          "attributes": {
            "content": "-----BEGIN RSA PRIVATE KEY-----\nMIIJKQIBAAKCAgEAz8Tx5/IfycmzqmI/bCtPn+Q0eGwrau7MbfQj7p/Yevhj8SiR\nMLh58UDWcB8NR7MRcQuwlvnu9bV78OrKbaOh0dqVgX2qQN+yKX5H74SnD2WL5kO5\npf+UfMzYpE95nY3SAdstVOTW2PSCHIL2aWV4G6nZzaQjKuPCsMmbuwz0FG5XOBwW\npmbs/uEHo0LYLgD8lI6QmYirkCO1MAPfxh1uyfgmZzxYV6I7p5x/jG6HfeIyFLeH\nywnk9h6O6EjdDC6D2i9O8ZK1ntbg7kuNsR/MS7WDVOifUKT1dm1gw5d8set+Ab/l\nHXYSu/X1yLtJ5QK/jr/SC353mVK4eu9Rre/uhOcHRvi6/V+EeG4DVSCQh/OtJhy6\nnzLEPIPA4/pjtg/6yXzEpEMjElVErIehwsjP5rjCsjnkA8Szq0C1BZMXt6papmSp\nuMIoii+S/sU+UwLUF9092JPkVJxigzDd/Jx65zJOWJ559uLbIdhlOqNEvxBssykw\n+y0w0bguC9Jl//Ki5aOkmAtgRkDiDsz4yUNFGNFY+N4Om3kEhmWDdy5NTB1Cl6bC\nseuz7ywB42nfSu78T6CFBFDwk16QVH6XRLwzuxsV8JNqrJ9jkwT+ocMx1HU50CD4\nczB82ayT9G1BD26pC/bC0j3g9NbZv+hBO4UhO22Vt+r+LBiSh6YqY1igkesCAwEA\nAQKCAgEAtZocIzNz64l8m8nCS8bTkxsBbdyGWrIdR2Ik4hcfPeTMXmap+V7VXzTf\n+iJ6FhiDfz7LfDs7TdLyYVKn2wsyjt2y3fs8C/Y6oJ/7OnTFHOUSUhMSOvDZFfhq\nx7ubvkXOsMalqdVXoUyeSVODE/6X6/4bHO6BuqRXcPTXRLh+wzjqzWVnusyuC94f\nMelkUVmVbDfsVfaqlpNPdId+WYkyZCCdWJDbWsW3xLo6lkGp9jL2uTrt219rnGB7\nYrcFVvd1UgkVxHsKeqqw8jhhwdbcV7Rw9Y9aaT+2OWxDLtLDMDR48AiNt6GToGzN\nB0YEwcIUMy6g5mEFIqO2EeYKi7Dy1e3udm012ucg19VXD/9Xb0FxFJiwe/aCbXEf\nnJxgeTNaS62X+mxyLk4OWXOGGtLsufSeVwUYJH6yXY2wvOTszc16Gi1pOINF7wdn\n1/0m8gJU0eQSTnUXyU/CYLK9roOicwPX847mIz2Qt0RsCQIkctbLspGlsl7Tu+Kt\n/I10JpDTvZ6uKn60qxhWc8aFHp7PP29p+U6pB3UvpON5ruQ20Pil3dZglXEytTNM\nl8T5dmdYu3Kcm/gmuIBjfqY8T+ZdBALeq9CWWksQxyrZIyE6ZP3Fl21ZnR9Q1qo1\n0+ZPvtz18eILBaE1KqXUHw+uqQbpj7QKGHslM7u4DHjbNl6kKBkCggEBANrudOTd\nYgzBh0J07PYkDio+VZcFiQNPs69V8pHDssCO8Zd3jXeg88yYNv11B+UA8tp/amRm\nHWdprN5a9mw8g0X0svjRgdfh29qcmp5ZcENbqY1XGyzGFd1LlJYBoQ9key7Q3SYH\ntieLoSk+7lkyKOkpEVu4gqed63KBu4dduA4He6CbQfOlmfJ2KzzlTy1Gjtq16fRH\nhyk6xvYybac2noI7ge9GRZ5nv+ojUNKhUm8UxSnn6NBDeLg4eLVzZPEtgLpGWreI\noT1ZXdqtbYf7PExQa5JQABue3gh6Bzv+dv6LJdd2bN3DOiL7nIZ6IwUvjMmhHZN9\nXs14WrOIrFRgcA0CggEBAPLyqrTySxzwAOnrgkbJa47XnilmJINdOWUDZqiRVF2x\nctDCLF/BzLtE6wybCtGKfe7lL8Qn2a+8CJUQre3onO0dk4kldAk2mHaejzYNqRiY\n5cGyEwcfQNguHq6sv2/tYTzK1u89PGuebBTPWdWO6AeRPoV3/PEJL/Sx1hplqUzf\ndSxzt270hpL/FKjoEq1X57v857LyDHMdiZiEvzCtMc+kdJbB4tpnAq24wDZyNAF4\nYiRiE+gGLHHr33p0NF7/w55QsoWtzm/Sc238bStxs28Bh3lgUlQHOlLUX9ct5gfe\nTPtStS66zH+TlzT47UJfGXKj+YEkgN5hY40J1oq3k9cCggEBAKOPtyEtDA2/oA/U\nTxxtP2/r9gHIDt68ct+xdHHWJPubT377wGL5imr15U9iWa2LEeSPgKrVZ25VEuNk\nTen7I4/mCre9viXNBXXDvfhDlY2dM4T26MSAkOEtkCqpuOxJA4asYCwDYuEUfijU\nbTmSMeJP3joKFQKpBrgbmEC/kbxZdtE8bP9cXzE3e4IZRxfqONvJQKpRrfbthKt2\nbVmZgr6FOsPKWkTH+icwjzdtcqqud8ahDdxaLBxlhDj7pxRQDHYeDbREjUHKPEYd\nf1EyL5BMHLHItuvrurHWiQUXTUtKJdFdFmRvcEWmeQA2y2caaTJR/kisR2F2Yzzy\nBN1c1xkCggEANQOpJpUcuPLScDkZE5NOajw44jXMz/Ge3aERXMVh0JQxRsaoYjjr\nEQ5n8DdA9Bqxglj2xGohwYxZnxWlrp2s6L0kfa/zkzMbr/7Hp3bxqFFtCYhvSIWU\nY9gkj99YYvc82cQ1hL0rGxzV3vCkXMqzbTtPllZplrt3gIDyBI6clA7LBek2ZPrt\nBtSs0HLb6IGfKtF0SgMxnkkaxnJpOhkBHpt3aZJji18hIYGISBlBqfR4DhJs35vB\nRRbAjHshFn3fVQOtASi9PH+C+sQzmmBUVGvUATN4o6d0HbEEPPNiF+N1jv4sVUcj\n6s7tFv0e4PXZmr+XaYvqpxw/Wf6El36ZvwKCAQBDV2RLZwmyDRjOCtimiU8KcKr7\n8E6SrKneT4RLYGbtS77ztnxDrZ++dH4ZMXpo2uu49NldtKr1iXQbG+7dF/Y7AN3c\nq8f+iGVYrkgamv25gMz392G2gVx+vZqMDXO1MCPXsJZsg5nPyDQIC3xtQdyt+xXW\nVGSBMEZYTNI9GJGb6H+uKQdMUsQsxam7lxaZxePQvwrXro2rwQEivHL3wYUNUxyH\nxgHaGtMm2D9Beyr+8vWM8ZjCiR4nj1l+Pykztuj9aYOqpfBjyuG67wPTSMULgjAL\nrnGfWF3w/t7CzHtIpXUn5lgkgHc+aI0fvmHOAGvrZr/jwb/Mt2r0vWoMmmB0\n-----END RSA PRIVATE KEY-----\n",
            "content_base64": null,
            "content_base64sha256": "k80q1rjulwqXoi7yd0xtDCpm718CYEVTAlMxRJbJ+kY=",
            "content_base64sha512": "swVz2nvua9YmPczcpc1uKMjsGm2ddGTWlHm0RW0Uf1VUel+D2GMkuwFRh8q0p6NdNWRdysUtoobBky31v6MVpQ==",
            "content_md5": "22d56087a40734736e706b4714e2fc36",
            "content_sha1": "52e4bf233983de6945f13a64f3348378be0cf484",
            "content_sha256": "93cd2ad6b8ee970a97a22ef2774c6d0c2a66ef5f026045530253314496c9fa46",
            "content_sha512": "b30573da7bee6bd6263dccdca5cd6e28c8ec1a6d9d7464d69479b4456d147f55547a5f83d86324bb015187cab4a7a35d35645dcac52da286c1932df5bfa315a5",
            "directory_permission": "0777",
            "file_permission": "0777",
            "filename": "tf_key.pem",
            "id": "52e4bf233983de6945f13a64f3348378be0cf484",
            "sensitive_content": null,
            "source": null
          },
          "sensitive_attributes": [
            [
              {
                "type": "get_attr",
                "value": "content"
              }
            ]
          ],
          "dependencies": [
            "tls_private_key.key_genrator"
          ]
        }
      ]
    },
    {
      "mode": "managed",
      "type": "tls_private_key",
      "name": "key_genrator",
      "provider": "provider[\"registry.terraform.io/hashicorp/tls\"]",
      "instances": [
        {
          "schema_version": 1,
          "attributes": {
            "algorithm": "RSA",
            "ecdsa_curve": "P224",
            "id": "1bcfbbfae96ac8a7bbe5ecd74ed42015d0bf8eb0",
            "private_key_openssh": "-----BEGIN OPENSSH PRIVATE KEY-----\nb3BlbnNzaC1rZXktdjEAAAAABG5vbmUAAAAEbm9uZQAAAAAAAAABAAACFwAAAAdz\nc2gtcnNhAAAAAwEAAQAAAgEAz8Tx5/IfycmzqmI/bCtPn+Q0eGwrau7MbfQj7p/Y\nevhj8SiRMLh58UDWcB8NR7MRcQuwlvnu9bV78OrKbaOh0dqVgX2qQN+yKX5H74Sn\nD2WL5kO5pf+UfMzYpE95nY3SAdstVOTW2PSCHIL2aWV4G6nZzaQjKuPCsMmbuwz0\nFG5XOBwWpmbs/uEHo0LYLgD8lI6QmYirkCO1MAPfxh1uyfgmZzxYV6I7p5x/jG6H\nfeIyFLeHywnk9h6O6EjdDC6D2i9O8ZK1ntbg7kuNsR/MS7WDVOifUKT1dm1gw5d8\nset+Ab/lHXYSu/X1yLtJ5QK/jr/SC353mVK4eu9Rre/uhOcHRvi6/V+EeG4DVSCQ\nh/OtJhy6nzLEPIPA4/pjtg/6yXzEpEMjElVErIehwsjP5rjCsjnkA8Szq0C1BZMX\nt6papmSpuMIoii+S/sU+UwLUF9092JPkVJxigzDd/Jx65zJOWJ559uLbIdhlOqNE\nvxBssykw+y0w0bguC9Jl//Ki5aOkmAtgRkDiDsz4yUNFGNFY+N4Om3kEhmWDdy5N\nTB1Cl6bCseuz7ywB42nfSu78T6CFBFDwk16QVH6XRLwzuxsV8JNqrJ9jkwT+ocMx\n1HU50CD4czB82ayT9G1BD26pC/bC0j3g9NbZv+hBO4UhO22Vt+r+LBiSh6YqY1ig\nkesAAAc4itrUY4ra1GMAAAAHc3NoLXJzYQAAAgEAz8Tx5/IfycmzqmI/bCtPn+Q0\neGwrau7MbfQj7p/Yevhj8SiRMLh58UDWcB8NR7MRcQuwlvnu9bV78OrKbaOh0dqV\ngX2qQN+yKX5H74SnD2WL5kO5pf+UfMzYpE95nY3SAdstVOTW2PSCHIL2aWV4G6nZ\nzaQjKuPCsMmbuwz0FG5XOBwWpmbs/uEHo0LYLgD8lI6QmYirkCO1MAPfxh1uyfgm\nZzxYV6I7p5x/jG6HfeIyFLeHywnk9h6O6EjdDC6D2i9O8ZK1ntbg7kuNsR/MS7WD\nVOifUKT1dm1gw5d8set+Ab/lHXYSu/X1yLtJ5QK/jr/SC353mVK4eu9Rre/uhOcH\nRvi6/V+EeG4DVSCQh/OtJhy6nzLEPIPA4/pjtg/6yXzEpEMjElVErIehwsjP5rjC\nsjnkA8Szq0C1BZMXt6papmSpuMIoii+S/sU+UwLUF9092JPkVJxigzDd/Jx65zJO\nWJ559uLbIdhlOqNEvxBssykw+y0w0bguC9Jl//Ki5aOkmAtgRkDiDsz4yUNFGNFY\n+N4Om3kEhmWDdy5NTB1Cl6bCseuz7ywB42nfSu78T6CFBFDwk16QVH6XRLwzuxsV\n8JNqrJ9jkwT+ocMx1HU50CD4czB82ayT9G1BD26pC/bC0j3g9NbZv+hBO4UhO22V\nt+r+LBiSh6YqY1igkesAAAADAQABAAACAQC1mhwjM3PriXybycJLxtOTGwFt3IZa\nsh1HYiTiFx895MxeZqn5XtVfNN/6InoWGIN/Pst8OztN0vJhUqfbCzKO3bLd+zwL\n9jqgn/s6dMUc5RJSExI68NkV+GrHu5u+Rc6wxqWp1VehTJ5JU4MT/pfr/hsc7oG6\npFdw9NdEuH7DOOrNZWe6zK4L3h8x6WRRWZVsN+xV9qqWk090h35ZiTJkIJ1YkNta\nxbfEujqWQan2Mva5Ou3bX2ucYHtitwVW93VSCRXEewp6qrDyOGHB1txXtHD1j1pp\nP7Y5bEMu0sMwNHjwCI23oZOgbM0HRgTBwhQzLqDmYQUio7YR5gqLsPLV7e52bTXa\n5yDX1VcP/1dvQXEUmLB79oJtcR+cnGB5M1pLrZf6bHIuTg5Zc4Ya0uy59J5XBRgk\nfrJdjbC85OzNzXoaLWk4g0XvB2fX/SbyAlTR5BJOdRfJT8Jgsr2ug6JzA9fzjuYj\nPZC3RGwJAiRy1suykaWyXtO74q38jXQmkNO9nq4qfrSrGFZzxoUens8/b2n5TqkH\ndS+k43mu5DbQ+KXd1mCVcTK1M0yXxPl2Z1i7cpyb+Ca4gGN+pjxP5l0EAt6r0JZa\nSxDHKtkjITpk/cWXbVmdH1DWqjXT5k++3PXx4gsFoTUqpdQfD66pBumPtAoYeyUz\nu7gMeNs2XqQoGQAAAQBDV2RLZwmyDRjOCtimiU8KcKr78E6SrKneT4RLYGbtS77z\ntnxDrZ++dH4ZMXpo2uu49NldtKr1iXQbG+7dF/Y7AN3cq8f+iGVYrkgamv25gMz3\n92G2gVx+vZqMDXO1MCPXsJZsg5nPyDQIC3xtQdyt+xXWVGSBMEZYTNI9GJGb6H+u\nKQdMUsQsxam7lxaZxePQvwrXro2rwQEivHL3wYUNUxyHxgHaGtMm2D9Beyr+8vWM\n8ZjCiR4nj1l+Pykztuj9aYOqpfBjyuG67wPTSMULgjALrnGfWF3w/t7CzHtIpXUn\n5lgkgHc+aI0fvmHOAGvrZr/jwb/Mt2r0vWoMmmB0AAABAQDa7nTk3WIMwYdCdOz2\nJA4qPlWXBYkDT7OvVfKRw7LAjvGXd413oPPMmDb9dQflAPLaf2pkZh1naazeWvZs\nPINF9LL40YHX4dvanJqeWXBDW6mNVxssxhXdS5SWAaEPZHsu0N0mB7Yni6EpPu5Z\nMijpKRFbuIKnnetygbuHXbgOB3ugm0HzpZnydis85U8tRo7aten0R4cpOsb2Mm2n\nNp6CO4HvRkWeZ7/qI1DSoVJvFMUp5+jQQ3i4OHi1c2TxLYC6Rlq3iKE9WV3arW2H\n+zxMUGuSUAAbnt4Iegc7/nb+iyXXdmzdwzoi+5yGeiMFL4zJoR2TfV7NeFqziKxU\nYHANAAABAQDy8qq08ksc8ADp64JGyWuO154pZiSDXTllA2aokVRdsXLQwixfwcy7\nROsMmwrRin3u5S/EJ9mvvAiVEK3t6JztHZOJJXQJNph2no82DakYmOXBshMHH0DY\nLh6urL9v7WE8ytbvPTxrnmwUz1nVjugHkT6Fd/zxCS/0sdYaZalM33Usc7du9IaS\n/xSo6BKtV+e7/Oey8gxzHYmYhL8wrTHPpHSWweLaZwKtuMA2cjQBeGIkYhPoBixx\n6996dDRe/8OeULKFrc5v0nNt/G0rcbNvAYd5YFJUBzpS1F/XLeYH3kz7UrUuusx/\nk5c0+O1CXxlyo/mBJIDeYWONCdaKt5PXAAAAAAEC\n-----END OPENSSH PRIVATE KEY-----\n",
            "private_key_pem": "-----BEGIN RSA PRIVATE KEY-----\nMIIJKQIBAAKCAgEAz8Tx5/IfycmzqmI/bCtPn+Q0eGwrau7MbfQj7p/Yevhj8SiR\nMLh58UDWcB8NR7MRcQuwlvnu9bV78OrKbaOh0dqVgX2qQN+yKX5H74SnD2WL5kO5\npf+UfMzYpE95nY3SAdstVOTW2PSCHIL2aWV4G6nZzaQjKuPCsMmbuwz0FG5XOBwW\npmbs/uEHo0LYLgD8lI6QmYirkCO1MAPfxh1uyfgmZzxYV6I7p5x/jG6HfeIyFLeH\nywnk9h6O6EjdDC6D2i9O8ZK1ntbg7kuNsR/MS7WDVOifUKT1dm1gw5d8set+Ab/l\nHXYSu/X1yLtJ5QK/jr/SC353mVK4eu9Rre/uhOcHRvi6/V+EeG4DVSCQh/OtJhy6\nnzLEPIPA4/pjtg/6yXzEpEMjElVErIehwsjP5rjCsjnkA8Szq0C1BZMXt6papmSp\nuMIoii+S/sU+UwLUF9092JPkVJxigzDd/Jx65zJOWJ559uLbIdhlOqNEvxBssykw\n+y0w0bguC9Jl//Ki5aOkmAtgRkDiDsz4yUNFGNFY+N4Om3kEhmWDdy5NTB1Cl6bC\nseuz7ywB42nfSu78T6CFBFDwk16QVH6XRLwzuxsV8JNqrJ9jkwT+ocMx1HU50CD4\nczB82ayT9G1BD26pC/bC0j3g9NbZv+hBO4UhO22Vt+r+LBiSh6YqY1igkesCAwEA\nAQKCAgEAtZocIzNz64l8m8nCS8bTkxsBbdyGWrIdR2Ik4hcfPeTMXmap+V7VXzTf\n+iJ6FhiDfz7LfDs7TdLyYVKn2wsyjt2y3fs8C/Y6oJ/7OnTFHOUSUhMSOvDZFfhq\nx7ubvkXOsMalqdVXoUyeSVODE/6X6/4bHO6BuqRXcPTXRLh+wzjqzWVnusyuC94f\nMelkUVmVbDfsVfaqlpNPdId+WYkyZCCdWJDbWsW3xLo6lkGp9jL2uTrt219rnGB7\nYrcFVvd1UgkVxHsKeqqw8jhhwdbcV7Rw9Y9aaT+2OWxDLtLDMDR48AiNt6GToGzN\nB0YEwcIUMy6g5mEFIqO2EeYKi7Dy1e3udm012ucg19VXD/9Xb0FxFJiwe/aCbXEf\nnJxgeTNaS62X+mxyLk4OWXOGGtLsufSeVwUYJH6yXY2wvOTszc16Gi1pOINF7wdn\n1/0m8gJU0eQSTnUXyU/CYLK9roOicwPX847mIz2Qt0RsCQIkctbLspGlsl7Tu+Kt\n/I10JpDTvZ6uKn60qxhWc8aFHp7PP29p+U6pB3UvpON5ruQ20Pil3dZglXEytTNM\nl8T5dmdYu3Kcm/gmuIBjfqY8T+ZdBALeq9CWWksQxyrZIyE6ZP3Fl21ZnR9Q1qo1\n0+ZPvtz18eILBaE1KqXUHw+uqQbpj7QKGHslM7u4DHjbNl6kKBkCggEBANrudOTd\nYgzBh0J07PYkDio+VZcFiQNPs69V8pHDssCO8Zd3jXeg88yYNv11B+UA8tp/amRm\nHWdprN5a9mw8g0X0svjRgdfh29qcmp5ZcENbqY1XGyzGFd1LlJYBoQ9key7Q3SYH\ntieLoSk+7lkyKOkpEVu4gqed63KBu4dduA4He6CbQfOlmfJ2KzzlTy1Gjtq16fRH\nhyk6xvYybac2noI7ge9GRZ5nv+ojUNKhUm8UxSnn6NBDeLg4eLVzZPEtgLpGWreI\noT1ZXdqtbYf7PExQa5JQABue3gh6Bzv+dv6LJdd2bN3DOiL7nIZ6IwUvjMmhHZN9\nXs14WrOIrFRgcA0CggEBAPLyqrTySxzwAOnrgkbJa47XnilmJINdOWUDZqiRVF2x\nctDCLF/BzLtE6wybCtGKfe7lL8Qn2a+8CJUQre3onO0dk4kldAk2mHaejzYNqRiY\n5cGyEwcfQNguHq6sv2/tYTzK1u89PGuebBTPWdWO6AeRPoV3/PEJL/Sx1hplqUzf\ndSxzt270hpL/FKjoEq1X57v857LyDHMdiZiEvzCtMc+kdJbB4tpnAq24wDZyNAF4\nYiRiE+gGLHHr33p0NF7/w55QsoWtzm/Sc238bStxs28Bh3lgUlQHOlLUX9ct5gfe\nTPtStS66zH+TlzT47UJfGXKj+YEkgN5hY40J1oq3k9cCggEBAKOPtyEtDA2/oA/U\nTxxtP2/r9gHIDt68ct+xdHHWJPubT377wGL5imr15U9iWa2LEeSPgKrVZ25VEuNk\nTen7I4/mCre9viXNBXXDvfhDlY2dM4T26MSAkOEtkCqpuOxJA4asYCwDYuEUfijU\nbTmSMeJP3joKFQKpBrgbmEC/kbxZdtE8bP9cXzE3e4IZRxfqONvJQKpRrfbthKt2\nbVmZgr6FOsPKWkTH+icwjzdtcqqud8ahDdxaLBxlhDj7pxRQDHYeDbREjUHKPEYd\nf1EyL5BMHLHItuvrurHWiQUXTUtKJdFdFmRvcEWmeQA2y2caaTJR/kisR2F2Yzzy\nBN1c1xkCggEANQOpJpUcuPLScDkZE5NOajw44jXMz/Ge3aERXMVh0JQxRsaoYjjr\nEQ5n8DdA9Bqxglj2xGohwYxZnxWlrp2s6L0kfa/zkzMbr/7Hp3bxqFFtCYhvSIWU\nY9gkj99YYvc82cQ1hL0rGxzV3vCkXMqzbTtPllZplrt3gIDyBI6clA7LBek2ZPrt\nBtSs0HLb6IGfKtF0SgMxnkkaxnJpOhkBHpt3aZJji18hIYGISBlBqfR4DhJs35vB\nRRbAjHshFn3fVQOtASi9PH+C+sQzmmBUVGvUATN4o6d0HbEEPPNiF+N1jv4sVUcj\n6s7tFv0e4PXZmr+XaYvqpxw/Wf6El36ZvwKCAQBDV2RLZwmyDRjOCtimiU8KcKr7\n8E6SrKneT4RLYGbtS77ztnxDrZ++dH4ZMXpo2uu49NldtKr1iXQbG+7dF/Y7AN3c\nq8f+iGVYrkgamv25gMz392G2gVx+vZqMDXO1MCPXsJZsg5nPyDQIC3xtQdyt+xXW\nVGSBMEZYTNI9GJGb6H+uKQdMUsQsxam7lxaZxePQvwrXro2rwQEivHL3wYUNUxyH\nxgHaGtMm2D9Beyr+8vWM8ZjCiR4nj1l+Pykztuj9aYOqpfBjyuG67wPTSMULgjAL\nrnGfWF3w/t7CzHtIpXUn5lgkgHc+aI0fvmHOAGvrZr/jwb/Mt2r0vWoMmmB0\n-----END RSA PRIVATE KEY-----\n",
            "private_key_pem_pkcs8": "-----BEGIN PRIVATE KEY-----\nMIIJQwIBADANBgkqhkiG9w0BAQEFAASCCS0wggkpAgEAAoICAQDPxPHn8h/JybOq\nYj9sK0+f5DR4bCtq7sxt9CPun9h6+GPxKJEwuHnxQNZwHw1HsxFxC7CW+e71tXvw\n6spto6HR2pWBfapA37IpfkfvhKcPZYvmQ7ml/5R8zNikT3mdjdIB2y1U5NbY9IIc\ngvZpZXgbqdnNpCMq48KwyZu7DPQUblc4HBamZuz+4QejQtguAPyUjpCZiKuQI7Uw\nA9/GHW7J+CZnPFhXojunnH+Mbod94jIUt4fLCeT2Ho7oSN0MLoPaL07xkrWe1uDu\nS42xH8xLtYNU6J9QpPV2bWDDl3yx634Bv+UddhK79fXIu0nlAr+Ov9ILfneZUrh6\n71Gt7+6E5wdG+Lr9X4R4bgNVIJCH860mHLqfMsQ8g8Dj+mO2D/rJfMSkQyMSVUSs\nh6HCyM/muMKyOeQDxLOrQLUFkxe3qlqmZKm4wiiKL5L+xT5TAtQX3T3Yk+RUnGKD\nMN38nHrnMk5Ynnn24tsh2GU6o0S/EGyzKTD7LTDRuC4L0mX/8qLlo6SYC2BGQOIO\nzPjJQ0UY0Vj43g6beQSGZYN3Lk1MHUKXpsKx67PvLAHjad9K7vxPoIUEUPCTXpBU\nfpdEvDO7GxXwk2qsn2OTBP6hwzHUdTnQIPhzMHzZrJP0bUEPbqkL9sLSPeD01tm/\n6EE7hSE7bZW36v4sGJKHpipjWKCR6wIDAQABAoICAQC1mhwjM3PriXybycJLxtOT\nGwFt3IZash1HYiTiFx895MxeZqn5XtVfNN/6InoWGIN/Pst8OztN0vJhUqfbCzKO\n3bLd+zwL9jqgn/s6dMUc5RJSExI68NkV+GrHu5u+Rc6wxqWp1VehTJ5JU4MT/pfr\n/hsc7oG6pFdw9NdEuH7DOOrNZWe6zK4L3h8x6WRRWZVsN+xV9qqWk090h35ZiTJk\nIJ1YkNtaxbfEujqWQan2Mva5Ou3bX2ucYHtitwVW93VSCRXEewp6qrDyOGHB1txX\ntHD1j1ppP7Y5bEMu0sMwNHjwCI23oZOgbM0HRgTBwhQzLqDmYQUio7YR5gqLsPLV\n7e52bTXa5yDX1VcP/1dvQXEUmLB79oJtcR+cnGB5M1pLrZf6bHIuTg5Zc4Ya0uy5\n9J5XBRgkfrJdjbC85OzNzXoaLWk4g0XvB2fX/SbyAlTR5BJOdRfJT8Jgsr2ug6Jz\nA9fzjuYjPZC3RGwJAiRy1suykaWyXtO74q38jXQmkNO9nq4qfrSrGFZzxoUens8/\nb2n5TqkHdS+k43mu5DbQ+KXd1mCVcTK1M0yXxPl2Z1i7cpyb+Ca4gGN+pjxP5l0E\nAt6r0JZaSxDHKtkjITpk/cWXbVmdH1DWqjXT5k++3PXx4gsFoTUqpdQfD66pBumP\ntAoYeyUzu7gMeNs2XqQoGQKCAQEA2u505N1iDMGHQnTs9iQOKj5VlwWJA0+zr1Xy\nkcOywI7xl3eNd6DzzJg2/XUH5QDy2n9qZGYdZ2ms3lr2bDyDRfSy+NGB1+Hb2pya\nnllwQ1upjVcbLMYV3UuUlgGhD2R7LtDdJge2J4uhKT7uWTIo6SkRW7iCp53rcoG7\nh124Dgd7oJtB86WZ8nYrPOVPLUaO2rXp9EeHKTrG9jJtpzaegjuB70ZFnme/6iNQ\n0qFSbxTFKefo0EN4uDh4tXNk8S2AukZat4ihPVld2q1th/s8TFBrklAAG57eCHoH\nO/52/osl13Zs3cM6IvuchnojBS+MyaEdk31ezXhas4isVGBwDQKCAQEA8vKqtPJL\nHPAA6euCRslrjteeKWYkg105ZQNmqJFUXbFy0MIsX8HMu0TrDJsK0Yp97uUvxCfZ\nr7wIlRCt7eic7R2TiSV0CTaYdp6PNg2pGJjlwbITBx9A2C4erqy/b+1hPMrW7z08\na55sFM9Z1Y7oB5E+hXf88Qkv9LHWGmWpTN91LHO3bvSGkv8UqOgSrVfnu/znsvIM\ncx2JmIS/MK0xz6R0lsHi2mcCrbjANnI0AXhiJGIT6AYscevfenQ0Xv/DnlCyha3O\nb9JzbfxtK3GzbwGHeWBSVAc6UtRf1y3mB95M+1K1LrrMf5OXNPjtQl8ZcqP5gSSA\n3mFjjQnWireT1wKCAQEAo4+3IS0MDb+gD9RPHG0/b+v2AcgO3rxy37F0cdYk+5tP\nfvvAYvmKavXlT2JZrYsR5I+AqtVnblUS42RN6fsjj+YKt72+Jc0FdcO9+EOVjZ0z\nhPboxICQ4S2QKqm47EkDhqxgLANi4RR+KNRtOZIx4k/eOgoVAqkGuBuYQL+RvFl2\n0Txs/1xfMTd7ghlHF+o428lAqlGt9u2Eq3ZtWZmCvoU6w8paRMf6JzCPN21yqq53\nxqEN3FosHGWEOPunFFAMdh4NtESNQco8Rh1/UTIvkEwcsci26+u6sdaJBRdNS0ol\n0V0WZG9wRaZ5ADbLZxppMlH+SKxHYXZjPPIE3VzXGQKCAQA1A6kmlRy48tJwORkT\nk05qPDjiNczP8Z7doRFcxWHQlDFGxqhiOOsRDmfwN0D0GrGCWPbEaiHBjFmfFaWu\nnazovSR9r/OTMxuv/sendvGoUW0JiG9IhZRj2CSP31hi9zzZxDWEvSsbHNXe8KRc\nyrNtO0+WVmmWu3eAgPIEjpyUDssF6TZk+u0G1KzQctvogZ8q0XRKAzGeSRrGcmk6\nGQEem3dpkmOLXyEhgYhIGUGp9HgOEmzfm8FFFsCMeyEWfd9VA60BKL08f4L6xDOa\nYFRUa9QBM3ijp3QdsQQ882IX43WO/ixVRyPqzu0W/R7g9dmav5dpi+qnHD9Z/oSX\nfpm/AoIBAENXZEtnCbINGM4K2KaJTwpwqvvwTpKsqd5PhEtgZu1LvvO2fEOtn750\nfhkxemja67j02V20qvWJdBsb7t0X9jsA3dyrx/6IZViuSBqa/bmAzPf3YbaBXH69\nmowNc7UwI9ewlmyDmc/INAgLfG1B3K37FdZUZIEwRlhM0j0YkZvof64pB0xSxCzF\nqbuXFpnF49C/CteujavBASK8cvfBhQ1THIfGAdoa0ybYP0F7Kv7y9YzxmMKJHieP\nWX4/KTO26P1pg6ql8GPK4brvA9NIxQuCMAuucZ9YXfD+3sLMe0ildSfmWCSAdz5o\njR++Yc4Aa+tmv+PBv8y3avS9agyaYHQ=\n-----END PRIVATE KEY-----\n",
            "public_key_fingerprint_md5": "61:2c:65:a0:1e:d2:f3:d1:0b:b1:60:25:14:a0:2f:cd",
            "public_key_fingerprint_sha256": "SHA256:Q7zk7mSj9vgIqfY7kjeIEpX+FE98KFV0TEF6qxuiIhk",
            "public_key_openssh": "ssh-rsa AAAAB3NzaC1yc2EAAAADAQABAAACAQDPxPHn8h/JybOqYj9sK0+f5DR4bCtq7sxt9CPun9h6+GPxKJEwuHnxQNZwHw1HsxFxC7CW+e71tXvw6spto6HR2pWBfapA37IpfkfvhKcPZYvmQ7ml/5R8zNikT3mdjdIB2y1U5NbY9IIcgvZpZXgbqdnNpCMq48KwyZu7DPQUblc4HBamZuz+4QejQtguAPyUjpCZiKuQI7UwA9/GHW7J+CZnPFhXojunnH+Mbod94jIUt4fLCeT2Ho7oSN0MLoPaL07xkrWe1uDuS42xH8xLtYNU6J9QpPV2bWDDl3yx634Bv+UddhK79fXIu0nlAr+Ov9ILfneZUrh671Gt7+6E5wdG+Lr9X4R4bgNVIJCH860mHLqfMsQ8g8Dj+mO2D/rJfMSkQyMSVUSsh6HCyM/muMKyOeQDxLOrQLUFkxe3qlqmZKm4wiiKL5L+xT5TAtQX3T3Yk+RUnGKDMN38nHrnMk5Ynnn24tsh2GU6o0S/EGyzKTD7LTDRuC4L0mX/8qLlo6SYC2BGQOIOzPjJQ0UY0Vj43g6beQSGZYN3Lk1MHUKXpsKx67PvLAHjad9K7vxPoIUEUPCTXpBUfpdEvDO7GxXwk2qsn2OTBP6hwzHUdTnQIPhzMHzZrJP0bUEPbqkL9sLSPeD01tm/6EE7hSE7bZW36v4sGJKHpipjWKCR6w==\n",
            "public_key_pem": "-----BEGIN PUBLIC KEY-----\nMIICIjANBgkqhkiG9w0BAQEFAAOCAg8AMIICCgKCAgEAz8Tx5/IfycmzqmI/bCtP\nn+Q0eGwrau7MbfQj7p/Yevhj8SiRMLh58UDWcB8NR7MRcQuwlvnu9bV78OrKbaOh\n0dqVgX2qQN+yKX5H74SnD2WL5kO5pf+UfMzYpE95nY3SAdstVOTW2PSCHIL2aWV4\nG6nZzaQjKuPCsMmbuwz0FG5XOBwWpmbs/uEHo0LYLgD8lI6QmYirkCO1MAPfxh1u\nyfgmZzxYV6I7p5x/jG6HfeIyFLeHywnk9h6O6EjdDC6D2i9O8ZK1ntbg7kuNsR/M\nS7WDVOifUKT1dm1gw5d8set+Ab/lHXYSu/X1yLtJ5QK/jr/SC353mVK4eu9Rre/u\nhOcHRvi6/V+EeG4DVSCQh/OtJhy6nzLEPIPA4/pjtg/6yXzEpEMjElVErIehwsjP\n5rjCsjnkA8Szq0C1BZMXt6papmSpuMIoii+S/sU+UwLUF9092JPkVJxigzDd/Jx6\n5zJOWJ559uLbIdhlOqNEvxBssykw+y0w0bguC9Jl//Ki5aOkmAtgRkDiDsz4yUNF\nGNFY+N4Om3kEhmWDdy5NTB1Cl6bCseuz7ywB42nfSu78T6CFBFDwk16QVH6XRLwz\nuxsV8JNqrJ9jkwT+ocMx1HU50CD4czB82ayT9G1BD26pC/bC0j3g9NbZv+hBO4Uh\nO22Vt+r+LBiSh6YqY1igkesCAwEAAQ==\n-----END PUBLIC KEY-----\n",
            "rsa_bits": 4096
          },
          "sensitive_attributes": []
        }
      ]
    }
  ],
  "check_results": null
}
